// !$*UTF8*$!
{
	archiveVersion = 1;
	classes = {
	};
	objectVersion = 46;
	objects = {

/* Begin PBXBuildFile section */
		DA1A142614E4914E00BCFFBE /* libutil.a in Frameworks */ = {isa = PBXBuildFile; fileRef = DA67FE5D14E4834300DB7CC9 /* libutil.a */; };
		DA2C3D1B1BD955AB001137B3 /* sha256.c in Sources */ = {isa = PBXBuildFile; fileRef = DA2C3CFC1BD955AB001137B3 /* sha256.c */; };
		DA2C3D1C1BD955AB001137B3 /* sha256.h in Headers */ = {isa = PBXBuildFile; fileRef = DA2C3CFD1BD955AB001137B3 /* sha256.h */; };
		DA2C3D201BD955AB001137B3 /* cpusupport.h in Headers */ = {isa = PBXBuildFile; fileRef = DA2C3D051BD955AB001137B3 /* cpusupport.h */; };
		DA2C3D211BD955AB001137B3 /* cpusupport_x86_aesni.c in Sources */ = {isa = PBXBuildFile; fileRef = DA2C3D061BD955AB001137B3 /* cpusupport_x86_aesni.c */; };
		DA2C3D221BD955AB001137B3 /* cpusupport_x86_sse2.c in Sources */ = {isa = PBXBuildFile; fileRef = DA2C3D071BD955AB001137B3 /* cpusupport_x86_sse2.c */; };
		DA2C3D231BD955AB001137B3 /* crypto_aes.c in Sources */ = {isa = PBXBuildFile; fileRef = DA2C3D091BD955AB001137B3 /* crypto_aes.c */; };
		DA2C3D241BD955AB001137B3 /* crypto_aes.h in Headers */ = {isa = PBXBuildFile; fileRef = DA2C3D0A1BD955AB001137B3 /* crypto_aes.h */; };
		DA2C3D251BD955AB001137B3 /* crypto_aes_aesni.c in Sources */ = {isa = PBXBuildFile; fileRef = DA2C3D0B1BD955AB001137B3 /* crypto_aes_aesni.c */; };
		DA2C3D261BD955AB001137B3 /* crypto_aes_aesni.h in Headers */ = {isa = PBXBuildFile; fileRef = DA2C3D0C1BD955AB001137B3 /* crypto_aes_aesni.h */; };
		DA2C3D271BD955AB001137B3 /* crypto_aesctr.c in Sources */ = {isa = PBXBuildFile; fileRef = DA2C3D0D1BD955AB001137B3 /* crypto_aesctr.c */; };
		DA2C3D281BD955AB001137B3 /* crypto_aesctr.h in Headers */ = {isa = PBXBuildFile; fileRef = DA2C3D0E1BD955AB001137B3 /* crypto_aesctr.h */; };
		DA2C3D291BD955AB001137B3 /* crypto_entropy.c in Sources */ = {isa = PBXBuildFile; fileRef = DA2C3D0F1BD955AB001137B3 /* crypto_entropy.c */; };
		DA2C3D2A1BD955AB001137B3 /* crypto_entropy.h in Headers */ = {isa = PBXBuildFile; fileRef = DA2C3D101BD955AB001137B3 /* crypto_entropy.h */; };
		DA2C3D2B1BD955AB001137B3 /* entropy.c in Sources */ = {isa = PBXBuildFile; fileRef = DA2C3D121BD955AB001137B3 /* entropy.c */; };
		DA2C3D2C1BD955AB001137B3 /* entropy.h in Headers */ = {isa = PBXBuildFile; fileRef = DA2C3D131BD955AB001137B3 /* entropy.h */; };
		DA2C3D2D1BD955AB001137B3 /* insecure_memzero.c in Sources */ = {isa = PBXBuildFile; fileRef = DA2C3D141BD955AB001137B3 /* insecure_memzero.c */; };
		DA2C3D2E1BD955AB001137B3 /* insecure_memzero.h in Headers */ = {isa = PBXBuildFile; fileRef = DA2C3D151BD955AB001137B3 /* insecure_memzero.h */; };
		DA2C3D2F1BD955AB001137B3 /* readpass.c in Sources */ = {isa = PBXBuildFile; fileRef = DA2C3D161BD955AB001137B3 /* readpass.c */; };
		DA2C3D301BD955AB001137B3 /* readpass.h in Headers */ = {isa = PBXBuildFile; fileRef = DA2C3D171BD955AB001137B3 /* readpass.h */; };
		DA2C3D311BD955AB001137B3 /* sysendian.h in Headers */ = {isa = PBXBuildFile; fileRef = DA2C3D181BD955AB001137B3 /* sysendian.h */; };
		DA2C3D321BD955AB001137B3 /* warnp.c in Sources */ = {isa = PBXBuildFile; fileRef = DA2C3D191BD955AB001137B3 /* warnp.c */; };
		DA2C3D331BD955AB001137B3 /* warnp.h in Headers */ = {isa = PBXBuildFile; fileRef = DA2C3D1A1BD955AB001137B3 /* warnp.h */; };
		DA2C3D461BD955BE001137B3 /* crypto_scrypt-ref.c in Sources */ = {isa = PBXBuildFile; fileRef = DA2C3D361BD955BE001137B3 /* crypto_scrypt-ref.c */; };
		DA2C3D471BD955BE001137B3 /* crypto_scrypt.c in Sources */ = {isa = PBXBuildFile; fileRef = DA2C3D371BD955BE001137B3 /* crypto_scrypt.c */; };
		DA2C3D481BD955BE001137B3 /* crypto_scrypt.h in Headers */ = {isa = PBXBuildFile; fileRef = DA2C3D381BD955BE001137B3 /* crypto_scrypt.h */; };
		DA2C3D491BD955BE001137B3 /* crypto_scrypt_smix.c in Sources */ = {isa = PBXBuildFile; fileRef = DA2C3D391BD955BE001137B3 /* crypto_scrypt_smix.c */; };
		DA2C3D4A1BD955BE001137B3 /* crypto_scrypt_smix.h in Headers */ = {isa = PBXBuildFile; fileRef = DA2C3D3A1BD955BE001137B3 /* crypto_scrypt_smix.h */; };
		DA2C3D4B1BD955BE001137B3 /* crypto_scrypt_smix_sse2.c in Sources */ = {isa = PBXBuildFile; fileRef = DA2C3D3B1BD955BE001137B3 /* crypto_scrypt_smix_sse2.c */; };
		DA2C3D4C1BD955BE001137B3 /* crypto_scrypt_smix_sse2.h in Headers */ = {isa = PBXBuildFile; fileRef = DA2C3D3C1BD955BE001137B3 /* crypto_scrypt_smix_sse2.h */; };
		DA2C3D531BD955CB001137B3 /* scryptenc.c in Sources */ = {isa = PBXBuildFile; fileRef = DA2C3D3F1BD955BE001137B3 /* scryptenc.c */; };
		DA2C3D541BD955CB001137B3 /* scryptenc.h in Headers */ = {isa = PBXBuildFile; fileRef = DA2C3D401BD955BE001137B3 /* scryptenc.h */; };
		DA2C3D551BD955CB001137B3 /* scryptenc_cpuperf.c in Sources */ = {isa = PBXBuildFile; fileRef = DA2C3D411BD955BE001137B3 /* scryptenc_cpuperf.c */; };
		DA2C3D561BD955CB001137B3 /* scryptenc_cpuperf.h in Headers */ = {isa = PBXBuildFile; fileRef = DA2C3D421BD955BE001137B3 /* scryptenc_cpuperf.h */; };
		DA2C3D571BD955D2001137B3 /* memlimit.c in Sources */ = {isa = PBXBuildFile; fileRef = DA2C3D441BD955BE001137B3 /* memlimit.c */; };
		DA2C3D581BD955D2001137B3 /* memlimit.h in Headers */ = {isa = PBXBuildFile; fileRef = DA2C3D451BD955BE001137B3 /* memlimit.h */; };
		DA2C3D5A1BD955E3001137B3 /* scrypt_platform.h in Headers */ = {isa = PBXBuildFile; fileRef = DA2C3D591BD955E3001137B3 /* scrypt_platform.h */; };
		DA6773261A43E5B8004F356A /* liblibcperciva.a in Frameworks */ = {isa = PBXBuildFile; fileRef = DAE52AFC1A26E82F00741CCE /* liblibcperciva.a */; };
		DA8251C514E5CDF7008EBC5A /* libscryptcrypto.a in Frameworks */ = {isa = PBXBuildFile; fileRef = A0511C5A127770FD00DE46C4 /* libscryptcrypto.a */; };
		DABD3EAB1711E80800CF925C /* libscryptenc-ios.a in Frameworks */ = {isa = PBXBuildFile; fileRef = DABD3EA91711E80800CF925C /* libscryptenc-ios.a */; };
		DABD3EAE1711E80800CF925C /* libscryptenc-osx.a in Frameworks */ = {isa = PBXBuildFile; fileRef = DABD3EAA1711E80800CF925C /* libscryptenc-osx.a */; };
/* End PBXBuildFile section */

/* Begin PBXContainerItemProxy section */
		A0511DF0127788F600DE46C4 /* PBXContainerItemProxy */ = {
			isa = PBXContainerItemProxy;
			containerPortal = 0867D690FE84028FC02AAC07 /* Project object */;
			proxyType = 1;
			remoteGlobalIDString = A0511DED127788EC00DE46C4;
			remoteInfo = Makefile;
		};
		A0511DF2127788FD00DE46C4 /* PBXContainerItemProxy */ = {
			isa = PBXContainerItemProxy;
			containerPortal = 0867D690FE84028FC02AAC07 /* Project object */;
			proxyType = 1;
			remoteGlobalIDString = A0511DED127788EC00DE46C4;
			remoteInfo = Makefile;
		};
		DA67FE2A14E4834300DB7CC9 /* PBXContainerItemProxy */ = {
			isa = PBXContainerItemProxy;
			containerPortal = 0867D690FE84028FC02AAC07 /* Project object */;
			proxyType = 1;
			remoteGlobalIDString = A0511DED127788EC00DE46C4;
			remoteInfo = Makefile;
		};
		DA6E4A33155E580D00CFF2D5 /* PBXContainerItemProxy */ = {
			isa = PBXContainerItemProxy;
			containerPortal = 0867D690FE84028FC02AAC07 /* Project object */;
			proxyType = 1;
			remoteGlobalIDString = A0511C51127770FD00DE46C4;
			remoteInfo = scryptcrypto;
		};
		DA6E4A3B155E581F00CFF2D5 /* PBXContainerItemProxy */ = {
			isa = PBXContainerItemProxy;
			containerPortal = 0867D690FE84028FC02AAC07 /* Project object */;
			proxyType = 1;
			remoteGlobalIDString = DA67FE2814E4834300DB7CC9;
			remoteInfo = util;
		};
		DABD3EB91711E84500CF925C /* PBXContainerItemProxy */ = {
			isa = PBXContainerItemProxy;
			containerPortal = 0867D690FE84028FC02AAC07 /* Project object */;
			proxyType = 1;
			remoteGlobalIDString = A0511DED127788EC00DE46C4;
			remoteInfo = "Makefile-scrypt";
		};
		DABD3EBD1711E85B00CF925C /* PBXContainerItemProxy */ = {
			isa = PBXContainerItemProxy;
			containerPortal = 0867D690FE84028FC02AAC07 /* Project object */;
			proxyType = 1;
			remoteGlobalIDString = A0511DED127788EC00DE46C4;
			remoteInfo = "Makefile-scrypt";
		};
		DAE52B1D1A26EA2F00741CCE /* PBXContainerItemProxy */ = {
			isa = PBXContainerItemProxy;
			containerPortal = 0867D690FE84028FC02AAC07 /* Project object */;
			proxyType = 1;
			remoteGlobalIDString = DAE52AFB1A26E82F00741CCE;
			remoteInfo = libcperciva;
		};
/* End PBXContainerItemProxy section */

/* Begin PBXCopyFilesBuildPhase section */
		DABD3E821711E7D600CF925C /* CopyFiles */ = {
			isa = PBXCopyFilesBuildPhase;
			buildActionMask = 2147483647;
			dstPath = "include/${PRODUCT_NAME}";
			dstSubfolderSpec = 16;
			files = (
			);
			runOnlyForDeploymentPostprocessing = 0;
		};
		DABD3E9B1711E7E000CF925C /* CopyFiles */ = {
			isa = PBXCopyFilesBuildPhase;
			buildActionMask = 2147483647;
			dstPath = "include/${PRODUCT_NAME}";
			dstSubfolderSpec = 16;
			files = (
			);
			runOnlyForDeploymentPostprocessing = 0;
		};
/* End PBXCopyFilesBuildPhase section */

/* Begin PBXFileReference section */
		A0511321127769BB00DE46C4 /* Makefile */ = {isa = PBXFileReference; fileEncoding = 4; indentWidth = 8; lastKnownFileType = sourcecode.make; path = Makefile; sourceTree = "<group>"; tabWidth = 8; };
		A0511C5A127770FD00DE46C4 /* libscryptcrypto.a */ = {isa = PBXFileReference; explicitFileType = archive.ar; includeInIndex = 0; path = libscryptcrypto.a; sourceTree = BUILT_PRODUCTS_DIR; };
		A0511E2B127789E000DE46C4 /* UIKit.framework */ = {isa = PBXFileReference; lastKnownFileType = wrapper.framework; name = UIKit.framework; path = System/Library/Frameworks/UIKit.framework; sourceTree = SDKROOT; };
		A0511E2D127789E900DE46C4 /* CoreGraphics.framework */ = {isa = PBXFileReference; lastKnownFileType = wrapper.framework; name = CoreGraphics.framework; path = System/Library/Frameworks/CoreGraphics.framework; sourceTree = SDKROOT; };
		A05123771278ACDE00DE46C4 /* README */ = {isa = PBXFileReference; fileEncoding = 4; lastKnownFileType = text; path = README; sourceTree = "<group>"; };
		AACBBE490F95108600F1A2B1 /* Foundation.framework */ = {isa = PBXFileReference; lastKnownFileType = wrapper.framework; name = Foundation.framework; path = System/Library/Frameworks/Foundation.framework; sourceTree = SDKROOT; };
		D2AAC07E0554694100DB518D /* libscryptenc.a */ = {isa = PBXFileReference; explicitFileType = archive.ar; includeInIndex = 0; path = libscryptenc.a; sourceTree = BUILT_PRODUCTS_DIR; };
		DA1A141614E48E9F00BCFFBE /* config.h */ = {isa = PBXFileReference; lastKnownFileType = sourcecode.c.h; path = config.h; sourceTree = "<group>"; };
		DA2C3CFC1BD955AB001137B3 /* sha256.c */ = {isa = PBXFileReference; fileEncoding = 4; lastKnownFileType = sourcecode.c.c; path = sha256.c; sourceTree = "<group>"; };
		DA2C3CFD1BD955AB001137B3 /* sha256.h */ = {isa = PBXFileReference; fileEncoding = 4; lastKnownFileType = sourcecode.c.h; path = sha256.h; sourceTree = "<group>"; };
		DA2C3CFE1BD955AB001137B3 /* COPYRIGHT */ = {isa = PBXFileReference; fileEncoding = 4; lastKnownFileType = text; path = COPYRIGHT; sourceTree = "<group>"; };
		DA2C3D051BD955AB001137B3 /* cpusupport.h */ = {isa = PBXFileReference; fileEncoding = 4; lastKnownFileType = sourcecode.c.h; path = cpusupport.h; sourceTree = "<group>"; };
		DA2C3D061BD955AB001137B3 /* cpusupport_x86_aesni.c */ = {isa = PBXFileReference; fileEncoding = 4; lastKnownFileType = sourcecode.c.c; path = cpusupport_x86_aesni.c; sourceTree = "<group>"; };
		DA2C3D071BD955AB001137B3 /* cpusupport_x86_sse2.c */ = {isa = PBXFileReference; fileEncoding = 4; lastKnownFileType = sourcecode.c.c; path = cpusupport_x86_sse2.c; sourceTree = "<group>"; };
		DA2C3D091BD955AB001137B3 /* crypto_aes.c */ = {isa = PBXFileReference; fileEncoding = 4; lastKnownFileType = sourcecode.c.c; path = crypto_aes.c; sourceTree = "<group>"; };
		DA2C3D0A1BD955AB001137B3 /* crypto_aes.h */ = {isa = PBXFileReference; fileEncoding = 4; lastKnownFileType = sourcecode.c.h; path = crypto_aes.h; sourceTree = "<group>"; };
		DA2C3D0B1BD955AB001137B3 /* crypto_aes_aesni.c */ = {isa = PBXFileReference; fileEncoding = 4; lastKnownFileType = sourcecode.c.c; path = crypto_aes_aesni.c; sourceTree = "<group>"; };
		DA2C3D0C1BD955AB001137B3 /* crypto_aes_aesni.h */ = {isa = PBXFileReference; fileEncoding = 4; lastKnownFileType = sourcecode.c.h; path = crypto_aes_aesni.h; sourceTree = "<group>"; };
		DA2C3D0D1BD955AB001137B3 /* crypto_aesctr.c */ = {isa = PBXFileReference; fileEncoding = 4; lastKnownFileType = sourcecode.c.c; path = crypto_aesctr.c; sourceTree = "<group>"; };
		DA2C3D0E1BD955AB001137B3 /* crypto_aesctr.h */ = {isa = PBXFileReference; fileEncoding = 4; lastKnownFileType = sourcecode.c.h; path = crypto_aesctr.h; sourceTree = "<group>"; };
		DA2C3D0F1BD955AB001137B3 /* crypto_entropy.c */ = {isa = PBXFileReference; fileEncoding = 4; lastKnownFileType = sourcecode.c.c; path = crypto_entropy.c; sourceTree = "<group>"; };
		DA2C3D101BD955AB001137B3 /* crypto_entropy.h */ = {isa = PBXFileReference; fileEncoding = 4; lastKnownFileType = sourcecode.c.h; path = crypto_entropy.h; sourceTree = "<group>"; };
		DA2C3D121BD955AB001137B3 /* entropy.c */ = {isa = PBXFileReference; fileEncoding = 4; lastKnownFileType = sourcecode.c.c; path = entropy.c; sourceTree = "<group>"; };
		DA2C3D131BD955AB001137B3 /* entropy.h */ = {isa = PBXFileReference; fileEncoding = 4; lastKnownFileType = sourcecode.c.h; path = entropy.h; sourceTree = "<group>"; };
		DA2C3D141BD955AB001137B3 /* insecure_memzero.c */ = {isa = PBXFileReference; fileEncoding = 4; lastKnownFileType = sourcecode.c.c; path = insecure_memzero.c; sourceTree = "<group>"; };
		DA2C3D151BD955AB001137B3 /* insecure_memzero.h */ = {isa = PBXFileReference; fileEncoding = 4; lastKnownFileType = sourcecode.c.h; path = insecure_memzero.h; sourceTree = "<group>"; };
		DA2C3D161BD955AB001137B3 /* readpass.c */ = {isa = PBXFileReference; fileEncoding = 4; lastKnownFileType = sourcecode.c.c; path = readpass.c; sourceTree = "<group>"; };
		DA2C3D171BD955AB001137B3 /* readpass.h */ = {isa = PBXFileReference; fileEncoding = 4; lastKnownFileType = sourcecode.c.h; path = readpass.h; sourceTree = "<group>"; };
		DA2C3D181BD955AB001137B3 /* sysendian.h */ = {isa = PBXFileReference; fileEncoding = 4; lastKnownFileType = sourcecode.c.h; path = sysendian.h; sourceTree = "<group>"; };
		DA2C3D191BD955AB001137B3 /* warnp.c */ = {isa = PBXFileReference; fileEncoding = 4; lastKnownFileType = sourcecode.c.c; path = warnp.c; sourceTree = "<group>"; };
		DA2C3D1A1BD955AB001137B3 /* warnp.h */ = {isa = PBXFileReference; fileEncoding = 4; lastKnownFileType = sourcecode.c.h; path = warnp.h; sourceTree = "<group>"; };
		DA2C3D361BD955BE001137B3 /* crypto_scrypt-ref.c */ = {isa = PBXFileReference; fileEncoding = 4; lastKnownFileType = sourcecode.c.c; path = "crypto_scrypt-ref.c"; sourceTree = "<group>"; };
		DA2C3D371BD955BE001137B3 /* crypto_scrypt.c */ = {isa = PBXFileReference; fileEncoding = 4; lastKnownFileType = sourcecode.c.c; path = crypto_scrypt.c; sourceTree = "<group>"; };
		DA2C3D381BD955BE001137B3 /* crypto_scrypt.h */ = {isa = PBXFileReference; fileEncoding = 4; lastKnownFileType = sourcecode.c.h; path = crypto_scrypt.h; sourceTree = "<group>"; };
		DA2C3D391BD955BE001137B3 /* crypto_scrypt_smix.c */ = {isa = PBXFileReference; fileEncoding = 4; lastKnownFileType = sourcecode.c.c; path = crypto_scrypt_smix.c; sourceTree = "<group>"; };
		DA2C3D3A1BD955BE001137B3 /* crypto_scrypt_smix.h */ = {isa = PBXFileReference; fileEncoding = 4; lastKnownFileType = sourcecode.c.h; path = crypto_scrypt_smix.h; sourceTree = "<group>"; };
		DA2C3D3B1BD955BE001137B3 /* crypto_scrypt_smix_sse2.c */ = {isa = PBXFileReference; fileEncoding = 4; lastKnownFileType = sourcecode.c.c; path = crypto_scrypt_smix_sse2.c; sourceTree = "<group>"; };
		DA2C3D3C1BD955BE001137B3 /* crypto_scrypt_smix_sse2.h */ = {isa = PBXFileReference; fileEncoding = 4; lastKnownFileType = sourcecode.c.h; path = crypto_scrypt_smix_sse2.h; sourceTree = "<group>"; };
		DA2C3D3F1BD955BE001137B3 /* scryptenc.c */ = {isa = PBXFileReference; fileEncoding = 4; lastKnownFileType = sourcecode.c.c; path = scryptenc.c; sourceTree = "<group>"; };
		DA2C3D401BD955BE001137B3 /* scryptenc.h */ = {isa = PBXFileReference; fileEncoding = 4; lastKnownFileType = sourcecode.c.h; path = scryptenc.h; sourceTree = "<group>"; };
		DA2C3D411BD955BE001137B3 /* scryptenc_cpuperf.c */ = {isa = PBXFileReference; fileEncoding = 4; lastKnownFileType = sourcecode.c.c; path = scryptenc_cpuperf.c; sourceTree = "<group>"; };
		DA2C3D421BD955BE001137B3 /* scryptenc_cpuperf.h */ = {isa = PBXFileReference; fileEncoding = 4; lastKnownFileType = sourcecode.c.h; path = scryptenc_cpuperf.h; sourceTree = "<group>"; };
		DA2C3D441BD955BE001137B3 /* memlimit.c */ = {isa = PBXFileReference; fileEncoding = 4; lastKnownFileType = sourcecode.c.c; path = memlimit.c; sourceTree = "<group>"; };
		DA2C3D451BD955BE001137B3 /* memlimit.h */ = {isa = PBXFileReference; fileEncoding = 4; lastKnownFileType = sourcecode.c.h; path = memlimit.h; sourceTree = "<group>"; };
		DA2C3D591BD955E3001137B3 /* scrypt_platform.h */ = {isa = PBXFileReference; fileEncoding = 4; lastKnownFileType = sourcecode.c.h; name = scrypt_platform.h; path = "scrypt-1.2.0/scrypt_platform.h"; sourceTree = SOURCE_ROOT; };
		DA67FE5D14E4834300DB7CC9 /* libutil.a */ = {isa = PBXFileReference; explicitFileType = archive.ar; includeInIndex = 0; path = libutil.a; sourceTree = BUILT_PRODUCTS_DIR; };
		DA67FE6014E483BD00DB7CC9 /* configure-wrapper.log */ = {isa = PBXFileReference; fileEncoding = 4; lastKnownFileType = text; path = "configure-wrapper.log"; sourceTree = "<group>"; };
		DA67FE6114E483BD00DB7CC9 /* configure-wrapper.sh */ = {isa = PBXFileReference; fileEncoding = 4; lastKnownFileType = text.script.sh; path = "configure-wrapper.sh"; sourceTree = "<group>"; };
		DA67FE6214E483BD00DB7CC9 /* LICENSE */ = {isa = PBXFileReference; fileEncoding = 4; lastKnownFileType = text; path = LICENSE; sourceTree = "<group>"; };
		DA67FE6414E483BD00DB7CC9 /* scrypt-1.1.6.tgz.md5 */ = {isa = PBXFileReference; fileEncoding = 4; lastKnownFileType = text; path = "scrypt-1.1.6.tgz.md5"; sourceTree = "<group>"; };
		DABD3E841711E7D600CF925C /* libscrypt-bin-ios.a */ = {isa = PBXFileReference; explicitFileType = archive.ar; includeInIndex = 0; path = "libscrypt-bin-ios.a"; sourceTree = BUILT_PRODUCTS_DIR; };
		DABD3E9D1711E7E000CF925C /* libscrypt-bin-osx.a */ = {isa = PBXFileReference; explicitFileType = archive.ar; includeInIndex = 0; path = "libscrypt-bin-osx.a"; sourceTree = BUILT_PRODUCTS_DIR; };
		DABD3EA91711E80800CF925C /* libscryptenc-ios.a */ = {isa = PBXFileReference; lastKnownFileType = archive.ar; path = "libscryptenc-ios.a"; sourceTree = "<group>"; };
		DABD3EAA1711E80800CF925C /* libscryptenc-osx.a */ = {isa = PBXFileReference; lastKnownFileType = archive.ar; path = "libscryptenc-osx.a"; sourceTree = "<group>"; };
		DAE52ABC1A269ED700741CCE /* crypto_scrypt.h */ = {isa = PBXFileReference; fileEncoding = 4; lastKnownFileType = sourcecode.c.h; path = crypto_scrypt.h; sourceTree = "<group>"; };
		DAE52ABD1A269ED700741CCE /* memlimit.h */ = {isa = PBXFileReference; fileEncoding = 4; lastKnownFileType = sourcecode.c.h; path = memlimit.h; sourceTree = "<group>"; };
		DAE52ABE1A269ED700741CCE /* scryptenc_cpuperf.h */ = {isa = PBXFileReference; fileEncoding = 4; lastKnownFileType = sourcecode.c.h; path = scryptenc_cpuperf.h; sourceTree = "<group>"; };
		DAE52ABF1A269ED700741CCE /* scryptenc.h */ = {isa = PBXFileReference; fileEncoding = 4; lastKnownFileType = sourcecode.c.h; path = scryptenc.h; sourceTree = "<group>"; };
		DAE52AFC1A26E82F00741CCE /* liblibcperciva.a */ = {isa = PBXFileReference; explicitFileType = archive.ar; includeInIndex = 0; path = liblibcperciva.a; sourceTree = BUILT_PRODUCTS_DIR; };
		DAE8E64A1985763500416A0F /* scrypt-1.1.6-sha256.patch */ = {isa = PBXFileReference; lastKnownFileType = text; path = "scrypt-1.1.6-sha256.patch"; sourceTree = "<group>"; };
		DAE8E64B1985763500416A0F /* scrypt-1.1.6-pickparams.patch */ = {isa = PBXFileReference; lastKnownFileType = text; path = "scrypt-1.1.6-pickparams.patch"; sourceTree = "<group>"; };
/* End PBXFileReference section */

/* Begin PBXFrameworksBuildPhase section */
		A0511C55127770FD00DE46C4 /* Frameworks */ = {
			isa = PBXFrameworksBuildPhase;
			buildActionMask = 2147483647;
			files = (
				DA6773261A43E5B8004F356A /* liblibcperciva.a in Frameworks */,
				DA1A142614E4914E00BCFFBE /* libutil.a in Frameworks */,
			);
			runOnlyForDeploymentPostprocessing = 0;
		};
		D2AAC07C0554694100DB518D /* Frameworks */ = {
			isa = PBXFrameworksBuildPhase;
			buildActionMask = 2147483647;
			files = (
				DA8251C514E5CDF7008EBC5A /* libscryptcrypto.a in Frameworks */,
			);
			runOnlyForDeploymentPostprocessing = 0;
		};
		DA67FE5914E4834300DB7CC9 /* Frameworks */ = {
			isa = PBXFrameworksBuildPhase;
			buildActionMask = 2147483647;
			files = (
			);
			runOnlyForDeploymentPostprocessing = 0;
		};
		DABD3E811711E7D600CF925C /* Frameworks */ = {
			isa = PBXFrameworksBuildPhase;
			buildActionMask = 2147483647;
			files = (
				DABD3EAB1711E80800CF925C /* libscryptenc-ios.a in Frameworks */,
			);
			runOnlyForDeploymentPostprocessing = 0;
		};
		DABD3E9A1711E7E000CF925C /* Frameworks */ = {
			isa = PBXFrameworksBuildPhase;
			buildActionMask = 2147483647;
			files = (
				DABD3EAE1711E80800CF925C /* libscryptenc-osx.a in Frameworks */,
			);
			runOnlyForDeploymentPostprocessing = 0;
		};
		DAE52AF91A26E82F00741CCE /* Frameworks */ = {
			isa = PBXFrameworksBuildPhase;
			buildActionMask = 2147483647;
			files = (
			);
			runOnlyForDeploymentPostprocessing = 0;
		};
/* End PBXFrameworksBuildPhase section */

/* Begin PBXGroup section */
		034768DFFF38A50411DB9C8B /* Products */ = {
			isa = PBXGroup;
			children = (
				D2AAC07E0554694100DB518D /* libscryptenc.a */,
				A0511C5A127770FD00DE46C4 /* libscryptcrypto.a */,
				DA67FE5D14E4834300DB7CC9 /* libutil.a */,
				DABD3E841711E7D600CF925C /* libscrypt-bin-ios.a */,
				DABD3E9D1711E7E000CF925C /* libscrypt-bin-osx.a */,
				DAE52AFC1A26E82F00741CCE /* liblibcperciva.a */,
			);
			name = Products;
			sourceTree = "<group>";
		};
		0867D691FE84028FC02AAC07 /* openssl */ = {
			isa = PBXGroup;
			children = (
				DABD3EAF1711E81B00CF925C /* scrypt */,
				DABD3EA91711E80800CF925C /* libscryptenc-ios.a */,
				DABD3EAA1711E80800CF925C /* libscryptenc-osx.a */,
				A05123771278ACDE00DE46C4 /* README */,
				A0511321127769BB00DE46C4 /* Makefile */,
				A051131E127769BB00DE46C4 /* build-aux */,
				DAE52AC01A26E73000741CCE /* scrypt */,
				0867D69AFE84028FC02AAC07 /* Frameworks */,
				034768DFFF38A50411DB9C8B /* Products */,
			);
			name = openssl;
			sourceTree = "<group>";
		};
		0867D69AFE84028FC02AAC07 /* Frameworks */ = {
			isa = PBXGroup;
			children = (
				A0511E2B127789E000DE46C4 /* UIKit.framework */,
				A0511E2D127789E900DE46C4 /* CoreGraphics.framework */,
				AACBBE490F95108600F1A2B1 /* Foundation.framework */,
			);
			name = Frameworks;
			sourceTree = "<group>";
		};
		A051131E127769BB00DE46C4 /* build-aux */ = {
			isa = PBXGroup;
			children = (
				DA1A141614E48E9F00BCFFBE /* config.h */,
				DA67FE6014E483BD00DB7CC9 /* configure-wrapper.log */,
				DA67FE6114E483BD00DB7CC9 /* configure-wrapper.sh */,
				DA67FE6214E483BD00DB7CC9 /* LICENSE */,
				DA67FE6414E483BD00DB7CC9 /* scrypt-1.1.6.tgz.md5 */,
				DAE8E64A1985763500416A0F /* scrypt-1.1.6-sha256.patch */,
				DAE8E64B1985763500416A0F /* scrypt-1.1.6-pickparams.patch */,
			);
			path = "build-aux";
			sourceTree = "<group>";
		};
		DA2C3CFA1BD955AB001137B3 /* libcperciva */ = {
			isa = PBXGroup;
			children = (
				DA2C3CFB1BD955AB001137B3 /* alg */,
				DA2C3CFE1BD955AB001137B3 /* COPYRIGHT */,
				DA2C3CFF1BD955AB001137B3 /* cpusupport */,
				DA2C3D081BD955AB001137B3 /* crypto */,
				DA2C3D111BD955AB001137B3 /* util */,
			);
			name = libcperciva;
			path = "scrypt-1.2.0/libcperciva";
			sourceTree = SOURCE_ROOT;
		};
		DA2C3CFB1BD955AB001137B3 /* alg */ = {
			isa = PBXGroup;
			children = (
				DA2C3CFC1BD955AB001137B3 /* sha256.c */,
				DA2C3CFD1BD955AB001137B3 /* sha256.h */,
			);
			path = alg;
			sourceTree = "<group>";
		};
		DA2C3CFF1BD955AB001137B3 /* cpusupport */ = {
			isa = PBXGroup;
			children = (
				DA2C3D051BD955AB001137B3 /* cpusupport.h */,
				DA2C3D061BD955AB001137B3 /* cpusupport_x86_aesni.c */,
				DA2C3D071BD955AB001137B3 /* cpusupport_x86_sse2.c */,
			);
			path = cpusupport;
			sourceTree = "<group>";
		};
		DA2C3D081BD955AB001137B3 /* crypto */ = {
			isa = PBXGroup;
			children = (
				DA2C3D091BD955AB001137B3 /* crypto_aes.c */,
				DA2C3D0A1BD955AB001137B3 /* crypto_aes.h */,
				DA2C3D0B1BD955AB001137B3 /* crypto_aes_aesni.c */,
				DA2C3D0C1BD955AB001137B3 /* crypto_aes_aesni.h */,
				DA2C3D0D1BD955AB001137B3 /* crypto_aesctr.c */,
				DA2C3D0E1BD955AB001137B3 /* crypto_aesctr.h */,
				DA2C3D0F1BD955AB001137B3 /* crypto_entropy.c */,
				DA2C3D101BD955AB001137B3 /* crypto_entropy.h */,
			);
			path = crypto;
			sourceTree = "<group>";
		};
		DA2C3D111BD955AB001137B3 /* util */ = {
			isa = PBXGroup;
			children = (
				DA2C3D121BD955AB001137B3 /* entropy.c */,
				DA2C3D131BD955AB001137B3 /* entropy.h */,
				DA2C3D141BD955AB001137B3 /* insecure_memzero.c */,
				DA2C3D151BD955AB001137B3 /* insecure_memzero.h */,
				DA2C3D161BD955AB001137B3 /* readpass.c */,
				DA2C3D171BD955AB001137B3 /* readpass.h */,
				DA2C3D181BD955AB001137B3 /* sysendian.h */,
				DA2C3D191BD955AB001137B3 /* warnp.c */,
				DA2C3D1A1BD955AB001137B3 /* warnp.h */,
			);
			path = util;
			sourceTree = "<group>";
		};
		DA2C3D341BD955BE001137B3 /* lib */ = {
			isa = PBXGroup;
			children = (
				DA2C3D351BD955BE001137B3 /* crypto */,
				DA2C3D3E1BD955BE001137B3 /* scryptenc */,
				DA2C3D431BD955BE001137B3 /* util */,
			);
			name = lib;
			path = "scrypt-1.2.0/lib";
			sourceTree = SOURCE_ROOT;
		};
		DA2C3D351BD955BE001137B3 /* crypto */ = {
			isa = PBXGroup;
			children = (
				DA2C3D361BD955BE001137B3 /* crypto_scrypt-ref.c */,
				DA2C3D371BD955BE001137B3 /* crypto_scrypt.c */,
				DA2C3D381BD955BE001137B3 /* crypto_scrypt.h */,
				DA2C3D391BD955BE001137B3 /* crypto_scrypt_smix.c */,
				DA2C3D3A1BD955BE001137B3 /* crypto_scrypt_smix.h */,
				DA2C3D3B1BD955BE001137B3 /* crypto_scrypt_smix_sse2.c */,
				DA2C3D3C1BD955BE001137B3 /* crypto_scrypt_smix_sse2.h */,
			);
			path = crypto;
			sourceTree = "<group>";
		};
		DA2C3D3E1BD955BE001137B3 /* scryptenc */ = {
			isa = PBXGroup;
			children = (
				DA2C3D3F1BD955BE001137B3 /* scryptenc.c */,
				DA2C3D401BD955BE001137B3 /* scryptenc.h */,
				DA2C3D411BD955BE001137B3 /* scryptenc_cpuperf.c */,
				DA2C3D421BD955BE001137B3 /* scryptenc_cpuperf.h */,
			);
			path = scryptenc;
			sourceTree = "<group>";
		};
		DA2C3D431BD955BE001137B3 /* util */ = {
			isa = PBXGroup;
			children = (
				DA2C3D441BD955BE001137B3 /* memlimit.c */,
				DA2C3D451BD955BE001137B3 /* memlimit.h */,
			);
			path = util;
			sourceTree = "<group>";
		};
		DABD3EAF1711E81B00CF925C /* scrypt */ = {
			isa = PBXGroup;
			children = (
				DAE52ABC1A269ED700741CCE /* crypto_scrypt.h */,
				DAE52ABD1A269ED700741CCE /* memlimit.h */,
				DAE52ABE1A269ED700741CCE /* scryptenc_cpuperf.h */,
				DAE52ABF1A269ED700741CCE /* scryptenc.h */,
			);
			name = scrypt;
			path = ../../../include/scrypt;
			sourceTree = "<group>";
		};
		DAE52AC01A26E73000741CCE /* scrypt */ = {
			isa = PBXGroup;
			children = (
				DA2C3D341BD955BE001137B3 /* lib */,
				DA2C3CFA1BD955AB001137B3 /* libcperciva */,
				DA2C3D591BD955E3001137B3 /* scrypt_platform.h */,
			);
			path = scrypt;
			sourceTree = "<group>";
		};
/* End PBXGroup section */

/* Begin PBXHeadersBuildPhase section */
		A0511C52127770FD00DE46C4 /* Headers */ = {
			isa = PBXHeadersBuildPhase;
			buildActionMask = 2147483647;
			files = (
				DA2C3D5A1BD955E3001137B3 /* scrypt_platform.h in Headers */,
				DA2C3D481BD955BE001137B3 /* crypto_scrypt.h in Headers */,
				DA2C3D4C1BD955BE001137B3 /* crypto_scrypt_smix_sse2.h in Headers */,
				DA2C3D4A1BD955BE001137B3 /* crypto_scrypt_smix.h in Headers */,
			);
			runOnlyForDeploymentPostprocessing = 0;
		};
		D2AAC07A0554694100DB518D /* Headers */ = {
			isa = PBXHeadersBuildPhase;
			buildActionMask = 2147483647;
			files = (
				DA2C3D561BD955CB001137B3 /* scryptenc_cpuperf.h in Headers */,
				DA2C3D541BD955CB001137B3 /* scryptenc.h in Headers */,
			);
			runOnlyForDeploymentPostprocessing = 0;
		};
		DA67FE2B14E4834300DB7CC9 /* Headers */ = {
			isa = PBXHeadersBuildPhase;
			buildActionMask = 2147483647;
			files = (
				DA2C3D581BD955D2001137B3 /* memlimit.h in Headers */,
			);
			runOnlyForDeploymentPostprocessing = 0;
		};
		DABD3ECC171227DF00CF925C /* Headers */ = {
			isa = PBXHeadersBuildPhase;
			buildActionMask = 2147483647;
			files = (
			);
			runOnlyForDeploymentPostprocessing = 0;
		};
		DABD3F681712288500CF925C /* Headers */ = {
			isa = PBXHeadersBuildPhase;
			buildActionMask = 2147483647;
			files = (
			);
			runOnlyForDeploymentPostprocessing = 0;
		};
		DAE52B171A26E9C700741CCE /* Headers */ = {
			isa = PBXHeadersBuildPhase;
			buildActionMask = 2147483647;
			files = (
				DA2C3D261BD955AB001137B3 /* crypto_aes_aesni.h in Headers */,
				DA2C3D1C1BD955AB001137B3 /* sha256.h in Headers */,
				DA2C3D2C1BD955AB001137B3 /* entropy.h in Headers */,
				DA2C3D281BD955AB001137B3 /* crypto_aesctr.h in Headers */,
				DA2C3D331BD955AB001137B3 /* warnp.h in Headers */,
				DA2C3D2E1BD955AB001137B3 /* insecure_memzero.h in Headers */,
				DA2C3D241BD955AB001137B3 /* crypto_aes.h in Headers */,
				DA2C3D301BD955AB001137B3 /* readpass.h in Headers */,
				DA2C3D201BD955AB001137B3 /* cpusupport.h in Headers */,
				DA2C3D2A1BD955AB001137B3 /* crypto_entropy.h in Headers */,
				DA2C3D311BD955AB001137B3 /* sysendian.h in Headers */,
			);
			runOnlyForDeploymentPostprocessing = 0;
		};
/* End PBXHeadersBuildPhase section */

/* Begin PBXLegacyTarget section */
		A0511DED127788EC00DE46C4 /* Makefile-scrypt */ = {
			isa = PBXLegacyTarget;
			buildArgumentsString = "$(ACTION)";
			buildConfigurationList = A0511DF61277891C00DE46C4 /* Build configuration list for PBXLegacyTarget "Makefile-scrypt" */;
			buildPhases = (
			);
			buildToolPath = /usr/bin/make;
			dependencies = (
			);
			name = "Makefile-scrypt";
			passBuildSettingsInEnvironment = 1;
			productName = Makefile;
		};
/* End PBXLegacyTarget section */

/* Begin PBXNativeTarget section */
		A0511C51127770FD00DE46C4 /* scryptcrypto */ = {
			isa = PBXNativeTarget;
			buildConfigurationList = A0511C57127770FD00DE46C4 /* Build configuration list for PBXNativeTarget "scryptcrypto" */;
			buildPhases = (
				A0511C52127770FD00DE46C4 /* Headers */,
				A0511C54127770FD00DE46C4 /* Sources */,
				A0511C55127770FD00DE46C4 /* Frameworks */,
			);
			buildRules = (
			);
			dependencies = (
				A0511DF3127788FD00DE46C4 /* PBXTargetDependency */,
				DAE52B1E1A26EA2F00741CCE /* PBXTargetDependency */,
				DA6E4A3C155E581F00CFF2D5 /* PBXTargetDependency */,
			);
			name = scryptcrypto;
			productName = openssl;
			productReference = A0511C5A127770FD00DE46C4 /* libscryptcrypto.a */;
			productType = "com.apple.product-type.library.static";
		};
		D2AAC07D0554694100DB518D /* scryptenc */ = {
			isa = PBXNativeTarget;
			buildConfigurationList = 1DEB921E08733DC00010E9CD /* Build configuration list for PBXNativeTarget "scryptenc" */;
			buildPhases = (
				D2AAC07A0554694100DB518D /* Headers */,
				D2AAC07B0554694100DB518D /* Sources */,
				D2AAC07C0554694100DB518D /* Frameworks */,
			);
			buildRules = (
			);
			dependencies = (
				A0511DF1127788F600DE46C4 /* PBXTargetDependency */,
				DA6E4A34155E580D00CFF2D5 /* PBXTargetDependency */,
			);
			name = scryptenc;
			productName = openssl;
			productReference = D2AAC07E0554694100DB518D /* libscryptenc.a */;
			productType = "com.apple.product-type.library.static";
		};
		DA67FE2814E4834300DB7CC9 /* util */ = {
			isa = PBXNativeTarget;
			buildConfigurationList = DA67FE5A14E4834300DB7CC9 /* Build configuration list for PBXNativeTarget "util" */;
			buildPhases = (
				DA67FE2B14E4834300DB7CC9 /* Headers */,
				DA67FE2C14E4834300DB7CC9 /* Sources */,
				DA67FE5914E4834300DB7CC9 /* Frameworks */,
			);
			buildRules = (
			);
			dependencies = (
				DA67FE2914E4834300DB7CC9 /* PBXTargetDependency */,
			);
			name = util;
			productName = openssl;
			productReference = DA67FE5D14E4834300DB7CC9 /* libutil.a */;
			productType = "com.apple.product-type.library.static";
		};
		DABD3E831711E7D600CF925C /* scrypt-bin-ios */ = {
			isa = PBXNativeTarget;
			buildConfigurationList = DABD3E981711E7D700CF925C /* Build configuration list for PBXNativeTarget "scrypt-bin-ios" */;
			buildPhases = (
				DABD3E801711E7D600CF925C /* Sources */,
				DABD3E811711E7D600CF925C /* Frameworks */,
				DABD3E821711E7D600CF925C /* CopyFiles */,
				DABD3ECC171227DF00CF925C /* Headers */,
			);
			buildRules = (
			);
			dependencies = (
				DABD3EBA1711E84500CF925C /* PBXTargetDependency */,
			);
			name = "scrypt-bin-ios";
			productName = "scrypt-bin-ios";
			productReference = DABD3E841711E7D600CF925C /* libscrypt-bin-ios.a */;
			productType = "com.apple.product-type.library.static";
		};
		DABD3E9C1711E7E000CF925C /* scrypt-bin-osx */ = {
			isa = PBXNativeTarget;
			buildConfigurationList = DABD3EA61711E7E100CF925C /* Build configuration list for PBXNativeTarget "scrypt-bin-osx" */;
			buildPhases = (
				DABD3E991711E7E000CF925C /* Sources */,
				DABD3E9A1711E7E000CF925C /* Frameworks */,
				DABD3E9B1711E7E000CF925C /* CopyFiles */,
				DABD3F681712288500CF925C /* Headers */,
			);
			buildRules = (
			);
			dependencies = (
				DABD3EBE1711E85B00CF925C /* PBXTargetDependency */,
			);
			name = "scrypt-bin-osx";
			productName = "scrypt-bin-osx";
			productReference = DABD3E9D1711E7E000CF925C /* libscrypt-bin-osx.a */;
			productType = "com.apple.product-type.library.static";
		};
		DAE52AFB1A26E82F00741CCE /* libcperciva */ = {
			isa = PBXNativeTarget;
			buildConfigurationList = DAE52B0D1A26E82F00741CCE /* Build configuration list for PBXNativeTarget "libcperciva" */;
			buildPhases = (
				DAE52B171A26E9C700741CCE /* Headers */,
				DAE52AF81A26E82F00741CCE /* Sources */,
				DAE52AF91A26E82F00741CCE /* Frameworks */,
			);
			buildRules = (
			);
			dependencies = (
			);
			name = libcperciva;
			productName = libcperciva;
			productReference = DAE52AFC1A26E82F00741CCE /* liblibcperciva.a */;
			productType = "com.apple.product-type.library.static";
		};
/* End PBXNativeTarget section */

/* Begin PBXProject section */
		0867D690FE84028FC02AAC07 /* Project object */ = {
			isa = PBXProject;
			attributes = {
				LastUpgradeCheck = 0610;
				TargetAttributes = {
					DAE52AFB1A26E82F00741CCE = {
						CreatedOnToolsVersion = 6.1;
					};
				};
			};
			buildConfigurationList = 1DEB922208733DC00010E9CD /* Build configuration list for PBXProject "scrypt" */;
			compatibilityVersion = "Xcode 3.2";
			developmentRegion = English;
			hasScannedForEncodings = 1;
			knownRegions = (
				English,
				Japanese,
				French,
				German,
			);
			mainGroup = 0867D691FE84028FC02AAC07 /* openssl */;
			productRefGroup = 034768DFFF38A50411DB9C8B /* Products */;
			projectDirPath = "";
			projectRoot = "";
			targets = (
				A0511DED127788EC00DE46C4 /* Makefile-scrypt */,
				D2AAC07D0554694100DB518D /* scryptenc */,
				A0511C51127770FD00DE46C4 /* scryptcrypto */,
				DA67FE2814E4834300DB7CC9 /* util */,
				DAE52AFB1A26E82F00741CCE /* libcperciva */,
				DABD3E831711E7D600CF925C /* scrypt-bin-ios */,
				DABD3E9C1711E7E000CF925C /* scrypt-bin-osx */,
			);
		};
/* End PBXProject section */

/* Begin PBXSourcesBuildPhase section */
		A0511C54127770FD00DE46C4 /* Sources */ = {
			isa = PBXSourcesBuildPhase;
			buildActionMask = 2147483647;
			files = (
				DA2C3D461BD955BE001137B3 /* crypto_scrypt-ref.c in Sources */,
				DA2C3D471BD955BE001137B3 /* crypto_scrypt.c in Sources */,
				DA2C3D491BD955BE001137B3 /* crypto_scrypt_smix.c in Sources */,
				DA2C3D4B1BD955BE001137B3 /* crypto_scrypt_smix_sse2.c in Sources */,
			);
			runOnlyForDeploymentPostprocessing = 0;
		};
		D2AAC07B0554694100DB518D /* Sources */ = {
			isa = PBXSourcesBuildPhase;
			buildActionMask = 2147483647;
			files = (
				DA2C3D531BD955CB001137B3 /* scryptenc.c in Sources */,
				DA2C3D551BD955CB001137B3 /* scryptenc_cpuperf.c in Sources */,
			);
			runOnlyForDeploymentPostprocessing = 0;
		};
		DA67FE2C14E4834300DB7CC9 /* Sources */ = {
			isa = PBXSourcesBuildPhase;
			buildActionMask = 2147483647;
			files = (
				DA2C3D571BD955D2001137B3 /* memlimit.c in Sources */,
			);
			runOnlyForDeploymentPostprocessing = 0;
		};
		DABD3E801711E7D600CF925C /* Sources */ = {
			isa = PBXSourcesBuildPhase;
			buildActionMask = 2147483647;
			files = (
			);
			runOnlyForDeploymentPostprocessing = 0;
		};
		DABD3E991711E7E000CF925C /* Sources */ = {
			isa = PBXSourcesBuildPhase;
			buildActionMask = 2147483647;
			files = (
			);
			runOnlyForDeploymentPostprocessing = 0;
		};
		DAE52AF81A26E82F00741CCE /* Sources */ = {
			isa = PBXSourcesBuildPhase;
			buildActionMask = 2147483647;
			files = (
				DA2C3D211BD955AB001137B3 /* cpusupport_x86_aesni.c in Sources */,
				DA2C3D321BD955AB001137B3 /* warnp.c in Sources */,
				DA2C3D221BD955AB001137B3 /* cpusupport_x86_sse2.c in Sources */,
				DA2C3D251BD955AB001137B3 /* crypto_aes_aesni.c in Sources */,
				DA2C3D271BD955AB001137B3 /* crypto_aesctr.c in Sources */,
				DA2C3D1B1BD955AB001137B3 /* sha256.c in Sources */,
				DA2C3D2D1BD955AB001137B3 /* insecure_memzero.c in Sources */,
				DA2C3D291BD955AB001137B3 /* crypto_entropy.c in Sources */,
				DA2C3D2F1BD955AB001137B3 /* readpass.c in Sources */,
				DA2C3D2B1BD955AB001137B3 /* entropy.c in Sources */,
				DA2C3D231BD955AB001137B3 /* crypto_aes.c in Sources */,
			);
			runOnlyForDeploymentPostprocessing = 0;
		};
/* End PBXSourcesBuildPhase section */

/* Begin PBXTargetDependency section */
		A0511DF1127788F600DE46C4 /* PBXTargetDependency */ = {
			isa = PBXTargetDependency;
			target = A0511DED127788EC00DE46C4 /* Makefile-scrypt */;
			targetProxy = A0511DF0127788F600DE46C4 /* PBXContainerItemProxy */;
		};
		A0511DF3127788FD00DE46C4 /* PBXTargetDependency */ = {
			isa = PBXTargetDependency;
			target = A0511DED127788EC00DE46C4 /* Makefile-scrypt */;
			targetProxy = A0511DF2127788FD00DE46C4 /* PBXContainerItemProxy */;
		};
		DA67FE2914E4834300DB7CC9 /* PBXTargetDependency */ = {
			isa = PBXTargetDependency;
			target = A0511DED127788EC00DE46C4 /* Makefile-scrypt */;
			targetProxy = DA67FE2A14E4834300DB7CC9 /* PBXContainerItemProxy */;
		};
		DA6E4A34155E580D00CFF2D5 /* PBXTargetDependency */ = {
			isa = PBXTargetDependency;
			target = A0511C51127770FD00DE46C4 /* scryptcrypto */;
			targetProxy = DA6E4A33155E580D00CFF2D5 /* PBXContainerItemProxy */;
		};
		DA6E4A3C155E581F00CFF2D5 /* PBXTargetDependency */ = {
			isa = PBXTargetDependency;
			target = DA67FE2814E4834300DB7CC9 /* util */;
			targetProxy = DA6E4A3B155E581F00CFF2D5 /* PBXContainerItemProxy */;
		};
		DABD3EBA1711E84500CF925C /* PBXTargetDependency */ = {
			isa = PBXTargetDependency;
			target = A0511DED127788EC00DE46C4 /* Makefile-scrypt */;
			targetProxy = DABD3EB91711E84500CF925C /* PBXContainerItemProxy */;
		};
		DABD3EBE1711E85B00CF925C /* PBXTargetDependency */ = {
			isa = PBXTargetDependency;
			target = A0511DED127788EC00DE46C4 /* Makefile-scrypt */;
			targetProxy = DABD3EBD1711E85B00CF925C /* PBXContainerItemProxy */;
		};
		DAE52B1E1A26EA2F00741CCE /* PBXTargetDependency */ = {
			isa = PBXTargetDependency;
			target = DAE52AFB1A26E82F00741CCE /* libcperciva */;
			targetProxy = DAE52B1D1A26EA2F00741CCE /* PBXContainerItemProxy */;
		};
/* End PBXTargetDependency section */

/* Begin XCBuildConfiguration section */
		1DEB922008733DC00010E9CD /* Release-OSX */ = {
			isa = XCBuildConfiguration;
			buildSettings = {
				COMBINE_HIDPI_IMAGES = YES;
			};
			name = "Release-OSX";
		};
		1DEB922408733DC00010E9CD /* Release-OSX */ = {
			isa = XCBuildConfiguration;
			buildSettings = {
				ALWAYS_SEARCH_USER_PATHS = NO;
				ARCHS = "$(ARCHS_STANDARD_32_64_BIT)";
				COPY_PHASE_STRIP = NO;
				DEAD_CODE_STRIPPING = YES;
				GCC_C_LANGUAGE_STANDARD = c99;
				GCC_DYNAMIC_NO_PIC = NO;
				GCC_FAST_MATH = YES;
				GCC_GENERATE_DEBUGGING_SYMBOLS = NO;
				GCC_MODEL_TUNING = G5;
				GCC_OPTIMIZATION_LEVEL = fast;
				GCC_THUMB_SUPPORT = NO;
				GCC_UNROLL_LOOPS = YES;
				GCC_VERSION = "";
				GCC_WARN_ABOUT_RETURN_TYPE = YES;
				GCC_WARN_INHIBIT_ALL_WARNINGS = YES;
				HEADER_SEARCH_PATHS = "$(SRCROOT)/../../../include/**";
				LD_NO_PIE = NO;
				LLVM_VECTORIZE_LOOPS = YES;
				OTHER_CFLAGS = "-DHAVE_CONFIG_H";
				PRODUCT_NAME = "$(TARGET_NAME)";
				PUBLIC_HEADERS_FOLDER_PATH = include;
				SDKROOT = macosx;
				SKIP_INSTALL = YES;
			};
			name = "Release-OSX";
		};
		A0511C59127770FD00DE46C4 /* Release-OSX */ = {
			isa = XCBuildConfiguration;
			buildSettings = {
				COMBINE_HIDPI_IMAGES = YES;
			};
			name = "Release-OSX";
		};
		A0511DEF127788ED00DE46C4 /* Release-OSX */ = {
			isa = XCBuildConfiguration;
			buildSettings = {
				COPY_PHASE_STRIP = YES;
				DEBUG_INFORMATION_FORMAT = "dwarf-with-dsym";
				GCC_THUMB_SUPPORT = NO;
				GCC_VERSION = com.apple.compilers.llvm.clang.1_0;
				PRODUCT_NAME = Makefile;
				ZERO_LINK = NO;
			};
			name = "Release-OSX";
		};
		DA67FE5C14E4834300DB7CC9 /* Release-OSX */ = {
			isa = XCBuildConfiguration;
			buildSettings = {
				COMBINE_HIDPI_IMAGES = YES;
			};
			name = "Release-OSX";
		};
		DABD3E8E1711E7D700CF925C /* Release-OSX */ = {
			isa = XCBuildConfiguration;
			buildSettings = {
				COMBINE_HIDPI_IMAGES = YES;
			};
			name = "Release-OSX";
		};
		DABD3EA81711E7E100CF925C /* Release-OSX */ = {
			isa = XCBuildConfiguration;
			buildSettings = {
				COMBINE_HIDPI_IMAGES = YES;
			};
			name = "Release-OSX";
		};
		DAE52B0E1A26E82F00741CCE /* Release-OSX */ = {
			isa = XCBuildConfiguration;
			buildSettings = {
				COMBINE_HIDPI_IMAGES = YES;
			};
			name = "Release-OSX";
		};
		DAE52B0F1A26E82F00741CCE /* Release-iOS */ = {
			isa = XCBuildConfiguration;
			buildSettings = {
				COMBINE_HIDPI_IMAGES = YES;
			};
			name = "Release-iOS";
		};
		DAFFC60617ED4298007BB020 /* Release-iOS */ = {
			isa = XCBuildConfiguration;
			buildSettings = {
				ALWAYS_SEARCH_USER_PATHS = NO;
				ARCHS = "$(ARCHS_STANDARD)";
				COPY_PHASE_STRIP = NO;
				DEAD_CODE_STRIPPING = YES;
				GCC_C_LANGUAGE_STANDARD = c99;
				GCC_DYNAMIC_NO_PIC = NO;
				GCC_FAST_MATH = YES;
				GCC_GENERATE_DEBUGGING_SYMBOLS = NO;
				GCC_MODEL_TUNING = G5;
				GCC_OPTIMIZATION_LEVEL = fast;
				GCC_THUMB_SUPPORT = NO;
				GCC_UNROLL_LOOPS = YES;
				GCC_VERSION = "";
				GCC_WARN_ABOUT_RETURN_TYPE = YES;
				GCC_WARN_INHIBIT_ALL_WARNINGS = YES;
				HEADER_SEARCH_PATHS = "$(SRCROOT)/../../../include/**";
				IPHONEOS_DEPLOYMENT_TARGET = 6.0;
				LD_NO_PIE = NO;
				LLVM_VECTORIZE_LOOPS = YES;
				OTHER_CFLAGS = "-DHAVE_CONFIG_H";
				PRODUCT_NAME = "$(TARGET_NAME)";
				PUBLIC_HEADERS_FOLDER_PATH = include;
				SDKROOT = iphoneos;
				SKIP_INSTALL = YES;
			};
			name = "Release-iOS";
		};
		DAFFC60717ED4298007BB020 /* Release-iOS */ = {
			isa = XCBuildConfiguration;
			buildSettings = {
				COPY_PHASE_STRIP = YES;
				DEBUG_INFORMATION_FORMAT = "dwarf-with-dsym";
				GCC_THUMB_SUPPORT = NO;
				GCC_VERSION = com.apple.compilers.llvm.clang.1_0;
				PRODUCT_NAME = Makefile;
				ZERO_LINK = NO;
			};
			name = "Release-iOS";
		};
		DAFFC60817ED4298007BB020 /* Release-iOS */ = {
			isa = XCBuildConfiguration;
			buildSettings = {
				COMBINE_HIDPI_IMAGES = YES;
			};
			name = "Release-iOS";
		};
		DAFFC60917ED4298007BB020 /* Release-iOS */ = {
			isa = XCBuildConfiguration;
			buildSettings = {
				COMBINE_HIDPI_IMAGES = YES;
			};
			name = "Release-iOS";
		};
		DAFFC60A17ED4298007BB020 /* Release-iOS */ = {
			isa = XCBuildConfiguration;
			buildSettings = {
				COMBINE_HIDPI_IMAGES = YES;
			};
			name = "Release-iOS";
		};
		DAFFC60C17ED4298007BB020 /* Release-iOS */ = {
			isa = XCBuildConfiguration;
			buildSettings = {
				COMBINE_HIDPI_IMAGES = YES;
			};
			name = "Release-iOS";
		};
		DAFFC60D17ED4298007BB020 /* Release-iOS */ = {
			isa = XCBuildConfiguration;
			buildSettings = {
				COMBINE_HIDPI_IMAGES = YES;
			};
			name = "Release-iOS";
		};
/* End XCBuildConfiguration section */

/* Begin XCConfigurationList section */
		1DEB921E08733DC00010E9CD /* Build configuration list for PBXNativeTarget "scryptenc" */ = {
			isa = XCConfigurationList;
			buildConfigurations = (
				1DEB922008733DC00010E9CD /* Release-OSX */,
				DAFFC60817ED4298007BB020 /* Release-iOS */,
			);
			defaultConfigurationIsVisible = 0;
			defaultConfigurationName = "Release-OSX";
		};
		1DEB922208733DC00010E9CD /* Build configuration list for PBXProject "scrypt" */ = {
			isa = XCConfigurationList;
			buildConfigurations = (
				1DEB922408733DC00010E9CD /* Release-OSX */,
				DAFFC60617ED4298007BB020 /* Release-iOS */,
			);
			defaultConfigurationIsVisible = 0;
			defaultConfigurationName = "Release-OSX";
		};
		A0511C57127770FD00DE46C4 /* Build configuration list for PBXNativeTarget "scryptcrypto" */ = {
			isa = XCConfigurationList;
			buildConfigurations = (
				A0511C59127770FD00DE46C4 /* Release-OSX */,
				DAFFC60917ED4298007BB020 /* Release-iOS */,
			);
			defaultConfigurationIsVisible = 0;
			defaultConfigurationName = "Release-OSX";
		};
		A0511DF61277891C00DE46C4 /* Build configuration list for PBXLegacyTarget "Makefile-scrypt" */ = {
			isa = XCConfigurationList;
			buildConfigurations = (
				A0511DEF127788ED00DE46C4 /* Release-OSX */,
				DAFFC60717ED4298007BB020 /* Release-iOS */,
			);
			defaultConfigurationIsVisible = 0;
			defaultConfigurationName = "Release-OSX";
		};
		DA67FE5A14E4834300DB7CC9 /* Build configuration list for PBXNativeTarget "util" */ = {
			isa = XCConfigurationList;
			buildConfigurations = (
				DA67FE5C14E4834300DB7CC9 /* Release-OSX */,
				DAFFC60A17ED4298007BB020 /* Release-iOS */,
			);
			defaultConfigurationIsVisible = 0;
			defaultConfigurationName = "Release-OSX";
		};
		DABD3E981711E7D700CF925C /* Build configuration list for PBXNativeTarget "scrypt-bin-ios" */ = {
			isa = XCConfigurationList;
			buildConfigurations = (
				DABD3E8E1711E7D700CF925C /* Release-OSX */,
				DAFFC60C17ED4298007BB020 /* Release-iOS */,
			);
			defaultConfigurationIsVisible = 0;
			defaultConfigurationName = "Release-OSX";
		};
		DABD3EA61711E7E100CF925C /* Build configuration list for PBXNativeTarget "scrypt-bin-osx" */ = {
			isa = XCConfigurationList;
			buildConfigurations = (
				DABD3EA81711E7E100CF925C /* Release-OSX */,
				DAFFC60D17ED4298007BB020 /* Release-iOS */,
			);
			defaultConfigurationIsVisible = 0;
			defaultConfigurationName = "Release-OSX";
		};
		DAE52B0D1A26E82F00741CCE /* Build configuration list for PBXNativeTarget "libcperciva" */ = {
			isa = XCConfigurationList;
			buildConfigurations = (
				DAE52B0E1A26E82F00741CCE /* Release-OSX */,
				DAE52B0F1A26E82F00741CCE /* Release-iOS */,
			);
			defaultConfigurationIsVisible = 0;
			defaultConfigurationName = "Release-OSX";
		};
/* End XCConfigurationList section */
	};
	rootObject = 0867D690FE84028FC02AAC07 /* Project object */;
}
