// !$*UTF8*$!
{
	archiveVersion = 1;
	classes = {
	};
	objectVersion = 46;
	objects = {

/* Begin PBXAggregateTarget section */
		A0511DCE127788A100DE46C4 /* scrypt */ = {
			isa = PBXAggregateTarget;
			buildConfigurationList = A0511DEA127788C900DE46C4 /* Build configuration list for PBXAggregateTarget "scrypt" */;
			buildPhases = (
			);
			dependencies = (
				DA67FE5F14E4836300DB7CC9 /* PBXTargetDependency */,
				A0511DD2127788A800DE46C4 /* PBXTargetDependency */,
				A0511DD4127788A800DE46C4 /* PBXTargetDependency */,
			);
			name = scrypt;
			productName = OpenSSL;
		};
/* End PBXAggregateTarget section */

/* Begin PBXBuildFile section */
		DA1A140614E48A7600BCFFBE /* libcrypto.a in Frameworks */ = {isa = PBXBuildFile; fileRef = DA1A13F214E487D900BCFFBE /* libcrypto.a */; };
		DA1A142614E4914E00BCFFBE /* libutil.a in Frameworks */ = {isa = PBXBuildFile; fileRef = DA67FE5D14E4834300DB7CC9 /* libutil.a */; };
		DA2C3CBF1BD92EB1001137B3 /* config.h in Headers */ = {isa = PBXBuildFile; fileRef = DA2C3C7B1BD92EB1001137B3 /* config.h */; };
		DA2C3CC01BD92EB1001137B3 /* crypto_scrypt-ref.c in Sources */ = {isa = PBXBuildFile; fileRef = DA2C3C8A1BD92EB1001137B3 /* crypto_scrypt-ref.c */; };
		DA2C3CC11BD92EB1001137B3 /* crypto_scrypt.c in Sources */ = {isa = PBXBuildFile; fileRef = DA2C3C8B1BD92EB1001137B3 /* crypto_scrypt.c */; };
		DA2C3CC21BD92EB1001137B3 /* crypto_scrypt.h in Headers */ = {isa = PBXBuildFile; fileRef = DA2C3C8C1BD92EB1001137B3 /* crypto_scrypt.h */; };
		DA2C3CC31BD92EB1001137B3 /* crypto_scrypt_smix.c in Sources */ = {isa = PBXBuildFile; fileRef = DA2C3C8D1BD92EB1001137B3 /* crypto_scrypt_smix.c */; };
		DA2C3CC41BD92EB1001137B3 /* crypto_scrypt_smix.h in Headers */ = {isa = PBXBuildFile; fileRef = DA2C3C8E1BD92EB1001137B3 /* crypto_scrypt_smix.h */; };
		DA2C3CC51BD92EB1001137B3 /* crypto_scrypt_smix_sse2.c in Sources */ = {isa = PBXBuildFile; fileRef = DA2C3C8F1BD92EB1001137B3 /* crypto_scrypt_smix_sse2.c */; };
		DA2C3CC61BD92EB1001137B3 /* crypto_scrypt_smix_sse2.h in Headers */ = {isa = PBXBuildFile; fileRef = DA2C3C901BD92EB1001137B3 /* crypto_scrypt_smix_sse2.h */; };
		DA2C3CC81BD92EB1001137B3 /* scryptenc.h in Headers */ = {isa = PBXBuildFile; fileRef = DA2C3C941BD92EB1001137B3 /* scryptenc.h */; };
		DA2C3CCA1BD92EB1001137B3 /* scryptenc_cpuperf.h in Headers */ = {isa = PBXBuildFile; fileRef = DA2C3C961BD92EB1001137B3 /* scryptenc_cpuperf.h */; };
		DA2C3CCC1BD92EB1001137B3 /* memlimit.h in Headers */ = {isa = PBXBuildFile; fileRef = DA2C3C991BD92EB1001137B3 /* memlimit.h */; };
		DA2C3CCD1BD92EB1001137B3 /* sha256.c in Sources */ = {isa = PBXBuildFile; fileRef = DA2C3C9C1BD92EB1001137B3 /* sha256.c */; };
		DA2C3CCE1BD92EB1001137B3 /* sha256.h in Headers */ = {isa = PBXBuildFile; fileRef = DA2C3C9D1BD92EB1001137B3 /* sha256.h */; };
		DA2C3CD21BD92EB1001137B3 /* cpusupport.h in Headers */ = {isa = PBXBuildFile; fileRef = DA2C3CA51BD92EB1001137B3 /* cpusupport.h */; };
		DA2C3CD31BD92EB1001137B3 /* cpusupport_x86_aesni.c in Sources */ = {isa = PBXBuildFile; fileRef = DA2C3CA61BD92EB1001137B3 /* cpusupport_x86_aesni.c */; };
		DA2C3CD41BD92EB1001137B3 /* cpusupport_x86_sse2.c in Sources */ = {isa = PBXBuildFile; fileRef = DA2C3CA71BD92EB1001137B3 /* cpusupport_x86_sse2.c */; };
		DA2C3CD51BD92EB1001137B3 /* crypto_aes.c in Sources */ = {isa = PBXBuildFile; fileRef = DA2C3CA91BD92EB1001137B3 /* crypto_aes.c */; };
		DA2C3CD61BD92EB1001137B3 /* crypto_aes.h in Headers */ = {isa = PBXBuildFile; fileRef = DA2C3CAA1BD92EB1001137B3 /* crypto_aes.h */; };
		DA2C3CD71BD92EB1001137B3 /* crypto_aes_aesni.c in Sources */ = {isa = PBXBuildFile; fileRef = DA2C3CAB1BD92EB1001137B3 /* crypto_aes_aesni.c */; };
		DA2C3CD81BD92EB1001137B3 /* crypto_aes_aesni.h in Headers */ = {isa = PBXBuildFile; fileRef = DA2C3CAC1BD92EB1001137B3 /* crypto_aes_aesni.h */; };
		DA2C3CD91BD92EB1001137B3 /* crypto_aesctr.c in Sources */ = {isa = PBXBuildFile; fileRef = DA2C3CAD1BD92EB1001137B3 /* crypto_aesctr.c */; };
		DA2C3CDA1BD92EB1001137B3 /* crypto_aesctr.h in Headers */ = {isa = PBXBuildFile; fileRef = DA2C3CAE1BD92EB1001137B3 /* crypto_aesctr.h */; };
		DA2C3CDB1BD92EB1001137B3 /* crypto_entropy.c in Sources */ = {isa = PBXBuildFile; fileRef = DA2C3CAF1BD92EB1001137B3 /* crypto_entropy.c */; };
		DA2C3CDC1BD92EB1001137B3 /* crypto_entropy.h in Headers */ = {isa = PBXBuildFile; fileRef = DA2C3CB01BD92EB1001137B3 /* crypto_entropy.h */; };
		DA2C3CDD1BD92EB1001137B3 /* entropy.c in Sources */ = {isa = PBXBuildFile; fileRef = DA2C3CB21BD92EB1001137B3 /* entropy.c */; };
		DA2C3CDE1BD92EB1001137B3 /* entropy.h in Headers */ = {isa = PBXBuildFile; fileRef = DA2C3CB31BD92EB1001137B3 /* entropy.h */; };
		DA2C3CDF1BD92EB1001137B3 /* insecure_memzero.c in Sources */ = {isa = PBXBuildFile; fileRef = DA2C3CB41BD92EB1001137B3 /* insecure_memzero.c */; };
		DA2C3CE01BD92EB1001137B3 /* insecure_memzero.h in Headers */ = {isa = PBXBuildFile; fileRef = DA2C3CB51BD92EB1001137B3 /* insecure_memzero.h */; };
		DA2C3CE11BD92EB1001137B3 /* readpass.c in Sources */ = {isa = PBXBuildFile; fileRef = DA2C3CB61BD92EB1001137B3 /* readpass.c */; };
		DA2C3CE21BD92EB1001137B3 /* readpass.h in Headers */ = {isa = PBXBuildFile; fileRef = DA2C3CB71BD92EB1001137B3 /* readpass.h */; };
		DA2C3CE31BD92EB1001137B3 /* sysendian.h in Headers */ = {isa = PBXBuildFile; fileRef = DA2C3CB81BD92EB1001137B3 /* sysendian.h */; };
		DA2C3CE41BD92EB1001137B3 /* warnp.c in Sources */ = {isa = PBXBuildFile; fileRef = DA2C3CB91BD92EB1001137B3 /* warnp.c */; };
		DA2C3CE51BD92EB1001137B3 /* warnp.h in Headers */ = {isa = PBXBuildFile; fileRef = DA2C3CBA1BD92EB1001137B3 /* warnp.h */; };
		DA2C3CE71BD92EB1001137B3 /* scrypt_platform.h in Headers */ = {isa = PBXBuildFile; fileRef = DA2C3CBD1BD92EB1001137B3 /* scrypt_platform.h */; };
		DA2C3CE81BD92EBE001137B3 /* scryptenc.c in Sources */ = {isa = PBXBuildFile; fileRef = DA2C3C931BD92EB1001137B3 /* scryptenc.c */; };
		DA2C3CE91BD92EC2001137B3 /* scryptenc_cpuperf.c in Sources */ = {isa = PBXBuildFile; fileRef = DA2C3C951BD92EB1001137B3 /* scryptenc_cpuperf.c */; };
		DA2C3CEA1BD92ECD001137B3 /* memlimit.c in Sources */ = {isa = PBXBuildFile; fileRef = DA2C3C981BD92EB1001137B3 /* memlimit.c */; };
		DA8251C514E5CDF7008EBC5A /* libscryptcrypto.a in Frameworks */ = {isa = PBXBuildFile; fileRef = A0511C5A127770FD00DE46C4 /* libscryptcrypto.a */; };
		DABD3EAB1711E80800CF925C /* libscryptenc-ios.a in Frameworks */ = {isa = PBXBuildFile; fileRef = DABD3EA91711E80800CF925C /* libscryptenc-ios.a */; };
		DABD3EAE1711E80800CF925C /* libscryptenc-osx.a in Frameworks */ = {isa = PBXBuildFile; fileRef = DABD3EAA1711E80800CF925C /* libscryptenc-osx.a */; };
		DABD3ECD171227EA00CF925C /* crypto_aesctr.h in Headers */ = {isa = PBXBuildFile; fileRef = DABD3EB01711E81B00CF925C /* crypto_aesctr.h */; settings = {ATTRIBUTES = (Public, ); }; };
		DABD3ECE171227EA00CF925C /* crypto_scrypt.h in Headers */ = {isa = PBXBuildFile; fileRef = DABD3EB11711E81B00CF925C /* crypto_scrypt.h */; settings = {ATTRIBUTES = (Public, ); }; };
		DABD3ECF171227EA00CF925C /* memlimit.h in Headers */ = {isa = PBXBuildFile; fileRef = DABD3EB21711E81B00CF925C /* memlimit.h */; settings = {ATTRIBUTES = (Public, ); }; };
		DABD3ED0171227EA00CF925C /* readpass.h in Headers */ = {isa = PBXBuildFile; fileRef = DABD3EB31711E81B00CF925C /* readpass.h */; settings = {ATTRIBUTES = (Public, ); }; };
		DABD3ED1171227EA00CF925C /* scryptenc.h in Headers */ = {isa = PBXBuildFile; fileRef = DABD3EB41711E81B00CF925C /* scryptenc.h */; settings = {ATTRIBUTES = (Public, ); }; };
		DABD3ED2171227EA00CF925C /* scryptenc_cpuperf.h in Headers */ = {isa = PBXBuildFile; fileRef = DABD3EB51711E81B00CF925C /* scryptenc_cpuperf.h */; settings = {ATTRIBUTES = (Public, ); }; };
		DABD3ED3171227EA00CF925C /* sha256.h in Headers */ = {isa = PBXBuildFile; fileRef = DABD3EB61711E81B00CF925C /* sha256.h */; settings = {ATTRIBUTES = (Public, ); }; };
		DABD3ED4171227EA00CF925C /* sysendian.h in Headers */ = {isa = PBXBuildFile; fileRef = DABD3EB71711E81B00CF925C /* sysendian.h */; settings = {ATTRIBUTES = (Public, ); }; };
		DABD3ED5171227EA00CF925C /* warn.h in Headers */ = {isa = PBXBuildFile; fileRef = DABD3EB81711E81B00CF925C /* warn.h */; settings = {ATTRIBUTES = (Public, ); }; };
		DABD3F691712288700CF925C /* crypto_aesctr.h in Headers */ = {isa = PBXBuildFile; fileRef = DABD3EB01711E81B00CF925C /* crypto_aesctr.h */; settings = {ATTRIBUTES = (Public, ); }; };
		DABD3F6A1712288700CF925C /* crypto_scrypt.h in Headers */ = {isa = PBXBuildFile; fileRef = DABD3EB11711E81B00CF925C /* crypto_scrypt.h */; settings = {ATTRIBUTES = (Public, ); }; };
		DABD3F6B1712288700CF925C /* memlimit.h in Headers */ = {isa = PBXBuildFile; fileRef = DABD3EB21711E81B00CF925C /* memlimit.h */; settings = {ATTRIBUTES = (Public, ); }; };
		DABD3F6C1712288700CF925C /* readpass.h in Headers */ = {isa = PBXBuildFile; fileRef = DABD3EB31711E81B00CF925C /* readpass.h */; settings = {ATTRIBUTES = (Public, ); }; };
		DABD3F6D1712288700CF925C /* scryptenc.h in Headers */ = {isa = PBXBuildFile; fileRef = DABD3EB41711E81B00CF925C /* scryptenc.h */; settings = {ATTRIBUTES = (Public, ); }; };
		DABD3F6E1712288700CF925C /* scryptenc_cpuperf.h in Headers */ = {isa = PBXBuildFile; fileRef = DABD3EB51711E81B00CF925C /* scryptenc_cpuperf.h */; settings = {ATTRIBUTES = (Public, ); }; };
		DABD3F6F1712288700CF925C /* sha256.h in Headers */ = {isa = PBXBuildFile; fileRef = DABD3EB61711E81B00CF925C /* sha256.h */; settings = {ATTRIBUTES = (Public, ); }; };
		DABD3F701712288700CF925C /* sysendian.h in Headers */ = {isa = PBXBuildFile; fileRef = DABD3EB71711E81B00CF925C /* sysendian.h */; settings = {ATTRIBUTES = (Public, ); }; };
		DABD3F711712288700CF925C /* warn.h in Headers */ = {isa = PBXBuildFile; fileRef = DABD3EB81711E81B00CF925C /* warn.h */; settings = {ATTRIBUTES = (Public, ); }; };
/* End PBXBuildFile section */

/* Begin PBXContainerItemProxy section */
		A0511DD1127788A800DE46C4 /* PBXContainerItemProxy */ = {
			isa = PBXContainerItemProxy;
			containerPortal = 0867D690FE84028FC02AAC07 /* Project object */;
			proxyType = 1;
			remoteGlobalIDString = D2AAC07D0554694100DB518D;
			remoteInfo = ssl;
		};
		A0511DD3127788A800DE46C4 /* PBXContainerItemProxy */ = {
			isa = PBXContainerItemProxy;
			containerPortal = 0867D690FE84028FC02AAC07 /* Project object */;
			proxyType = 1;
			remoteGlobalIDString = A0511C51127770FD00DE46C4;
			remoteInfo = crypto;
		};
		A0511DF0127788F600DE46C4 /* PBXContainerItemProxy */ = {
			isa = PBXContainerItemProxy;
			containerPortal = 0867D690FE84028FC02AAC07 /* Project object */;
			proxyType = 1;
			remoteGlobalIDString = A0511DED127788EC00DE46C4;
			remoteInfo = Makefile;
		};
		A0511DF2127788FD00DE46C4 /* PBXContainerItemProxy */ = {
			isa = PBXContainerItemProxy;
			containerPortal = 0867D690FE84028FC02AAC07 /* Project object */;
			proxyType = 1;
			remoteGlobalIDString = A0511DED127788EC00DE46C4;
			remoteInfo = Makefile;
		};
		DA1A13EF14E487D900BCFFBE /* PBXContainerItemProxy */ = {
			isa = PBXContainerItemProxy;
			containerPortal = DA1A13E314E487D800BCFFBE /* openssl.xcodeproj */;
			proxyType = 2;
			remoteGlobalIDString = D2AAC07E0554694100DB518D;
			remoteInfo = ssl;
		};
		DA1A13F114E487D900BCFFBE /* PBXContainerItemProxy */ = {
			isa = PBXContainerItemProxy;
			containerPortal = DA1A13E314E487D800BCFFBE /* openssl.xcodeproj */;
			proxyType = 2;
			remoteGlobalIDString = A0511C5A127770FD00DE46C4;
			remoteInfo = crypto;
		};
		DA1A13F314E487D900BCFFBE /* PBXContainerItemProxy */ = {
			isa = PBXContainerItemProxy;
			containerPortal = DA1A13E314E487D800BCFFBE /* openssl.xcodeproj */;
			proxyType = 2;
			remoteGlobalIDString = A0511DFF1277895300DE46C4;
			remoteInfo = test;
		};
		DA67FE2A14E4834300DB7CC9 /* PBXContainerItemProxy */ = {
			isa = PBXContainerItemProxy;
			containerPortal = 0867D690FE84028FC02AAC07 /* Project object */;
			proxyType = 1;
			remoteGlobalIDString = A0511DED127788EC00DE46C4;
			remoteInfo = Makefile;
		};
		DA67FE5E14E4836300DB7CC9 /* PBXContainerItemProxy */ = {
			isa = PBXContainerItemProxy;
			containerPortal = 0867D690FE84028FC02AAC07 /* Project object */;
			proxyType = 1;
			remoteGlobalIDString = DA67FE2814E4834300DB7CC9;
			remoteInfo = util;
		};
		DA6E4A33155E580D00CFF2D5 /* PBXContainerItemProxy */ = {
			isa = PBXContainerItemProxy;
			containerPortal = 0867D690FE84028FC02AAC07 /* Project object */;
			proxyType = 1;
			remoteGlobalIDString = A0511C51127770FD00DE46C4;
			remoteInfo = scryptcrypto;
		};
		DA6E4A3B155E581F00CFF2D5 /* PBXContainerItemProxy */ = {
			isa = PBXContainerItemProxy;
			containerPortal = 0867D690FE84028FC02AAC07 /* Project object */;
			proxyType = 1;
			remoteGlobalIDString = DA67FE2814E4834300DB7CC9;
			remoteInfo = util;
		};
		DA6E4A3D155E582200CFF2D5 /* PBXContainerItemProxy */ = {
			isa = PBXContainerItemProxy;
			containerPortal = DA1A13E314E487D800BCFFBE /* openssl.xcodeproj */;
			proxyType = 1;
			remoteGlobalIDString = A0511C51127770FD00DE46C4;
			remoteInfo = crypto;
		};
		DA6E4A3F155E592700CFF2D5 /* PBXContainerItemProxy */ = {
			isa = PBXContainerItemProxy;
			containerPortal = DA1A13E314E487D800BCFFBE /* openssl.xcodeproj */;
			proxyType = 1;
			remoteGlobalIDString = A0511DED127788EC00DE46C4;
			remoteInfo = "Makefile-openssl";
		};
		DABD3E941711E7D700CF925C /* PBXContainerItemProxy */ = {
			isa = PBXContainerItemProxy;
			containerPortal = DA1A13E314E487D800BCFFBE /* openssl.xcodeproj */;
			proxyType = 2;
			remoteGlobalIDString = DABD3DD31711E61700CF925C;
			remoteInfo = "openssl-bin-ios";
		};
		DABD3E961711E7D700CF925C /* PBXContainerItemProxy */ = {
			isa = PBXContainerItemProxy;
			containerPortal = DA1A13E314E487D800BCFFBE /* openssl.xcodeproj */;
			proxyType = 2;
			remoteGlobalIDString = DABD3DEB1711E6A100CF925C;
			remoteInfo = "openssl-bin-osx";
		};
		DABD3EB91711E84500CF925C /* PBXContainerItemProxy */ = {
			isa = PBXContainerItemProxy;
			containerPortal = 0867D690FE84028FC02AAC07 /* Project object */;
			proxyType = 1;
			remoteGlobalIDString = A0511DED127788EC00DE46C4;
			remoteInfo = "Makefile-scrypt";
		};
		DABD3EBD1711E85B00CF925C /* PBXContainerItemProxy */ = {
			isa = PBXContainerItemProxy;
			containerPortal = 0867D690FE84028FC02AAC07 /* Project object */;
			proxyType = 1;
			remoteGlobalIDString = A0511DED127788EC00DE46C4;
			remoteInfo = "Makefile-scrypt";
		};
/* End PBXContainerItemProxy section */

/* Begin PBXCopyFilesBuildPhase section */
		DABD3E821711E7D600CF925C /* CopyFiles */ = {
			isa = PBXCopyFilesBuildPhase;
			buildActionMask = 2147483647;
			dstPath = "include/${PRODUCT_NAME}";
			dstSubfolderSpec = 16;
			files = (
			);
			runOnlyForDeploymentPostprocessing = 0;
		};
		DABD3E9B1711E7E000CF925C /* CopyFiles */ = {
			isa = PBXCopyFilesBuildPhase;
			buildActionMask = 2147483647;
			dstPath = "include/${PRODUCT_NAME}";
			dstSubfolderSpec = 16;
			files = (
			);
			runOnlyForDeploymentPostprocessing = 0;
		};
/* End PBXCopyFilesBuildPhase section */

/* Begin PBXFileReference section */
		A0511321127769BB00DE46C4 /* Makefile */ = {isa = PBXFileReference; fileEncoding = 4; indentWidth = 8; lastKnownFileType = sourcecode.make; path = Makefile; sourceTree = "<group>"; tabWidth = 8; };
		A0511C5A127770FD00DE46C4 /* libscryptcrypto.a */ = {isa = PBXFileReference; explicitFileType = archive.ar; includeInIndex = 0; path = libscryptcrypto.a; sourceTree = BUILT_PRODUCTS_DIR; };
		A0511E2B127789E000DE46C4 /* UIKit.framework */ = {isa = PBXFileReference; lastKnownFileType = wrapper.framework; name = UIKit.framework; path = System/Library/Frameworks/UIKit.framework; sourceTree = SDKROOT; };
		A0511E2D127789E900DE46C4 /* CoreGraphics.framework */ = {isa = PBXFileReference; lastKnownFileType = wrapper.framework; name = CoreGraphics.framework; path = System/Library/Frameworks/CoreGraphics.framework; sourceTree = SDKROOT; };
		A05123771278ACDE00DE46C4 /* README */ = {isa = PBXFileReference; fileEncoding = 4; lastKnownFileType = text; path = README; sourceTree = "<group>"; };
		AACBBE490F95108600F1A2B1 /* Foundation.framework */ = {isa = PBXFileReference; lastKnownFileType = wrapper.framework; name = Foundation.framework; path = System/Library/Frameworks/Foundation.framework; sourceTree = SDKROOT; };
		D2AAC07E0554694100DB518D /* libscryptenc.a */ = {isa = PBXFileReference; explicitFileType = archive.ar; includeInIndex = 0; path = libscryptenc.a; sourceTree = BUILT_PRODUCTS_DIR; };
		DA1A13E314E487D800BCFFBE /* openssl.xcodeproj */ = {isa = PBXFileReference; lastKnownFileType = "wrapper.pb-project"; name = openssl.xcodeproj; path = ../openssl/openssl.xcodeproj; sourceTree = "<group>"; };
		DA1A141614E48E9F00BCFFBE /* config.h */ = {isa = PBXFileReference; lastKnownFileType = sourcecode.c.h; path = config.h; sourceTree = "<group>"; };
		DA2C3C7B1BD92EB1001137B3 /* config.h */ = {isa = PBXFileReference; fileEncoding = 4; lastKnownFileType = sourcecode.c.h; name = config.h; path = "scrypt-1.2.0/config.h"; sourceTree = SOURCE_ROOT; };
		DA2C3C7C1BD92EB1001137B3 /* patched_for_xcode */ = {isa = PBXFileReference; fileEncoding = 4; lastKnownFileType = text; name = patched_for_xcode; path = "scrypt-1.2.0/patched_for_xcode"; sourceTree = SOURCE_ROOT; };
		DA2C3C7E1BD92EB1001137B3 /* configure.ac */ = {isa = PBXFileReference; fileEncoding = 4; lastKnownFileType = text; path = configure.ac; sourceTree = "<group>"; };
		DA2C3C7F1BD92EB1001137B3 /* Makefile.am */ = {isa = PBXFileReference; fileEncoding = 4; lastKnownFileType = text; path = Makefile.am; sourceTree = "<group>"; };
		DA2C3C811BD92EB1001137B3 /* compile */ = {isa = PBXFileReference; fileEncoding = 4; lastKnownFileType = text.script.sh; path = compile; sourceTree = "<group>"; };
		DA2C3C821BD92EB1001137B3 /* depcomp */ = {isa = PBXFileReference; fileEncoding = 4; lastKnownFileType = text.script.sh; path = depcomp; sourceTree = "<group>"; };
		DA2C3C831BD92EB1001137B3 /* install-sh */ = {isa = PBXFileReference; fileEncoding = 4; lastKnownFileType = text.script.sh; path = "install-sh"; sourceTree = "<group>"; };
		DA2C3C841BD92EB1001137B3 /* missing */ = {isa = PBXFileReference; fileEncoding = 4; lastKnownFileType = text.script.sh; path = missing; sourceTree = "<group>"; };
		DA2C3C851BD92EB1001137B3 /* config.h.in */ = {isa = PBXFileReference; fileEncoding = 4; lastKnownFileType = text; name = config.h.in; path = "scrypt-1.2.0/config.h.in"; sourceTree = SOURCE_ROOT; };
		DA2C3C861BD92EB1001137B3 /* configure */ = {isa = PBXFileReference; fileEncoding = 4; lastKnownFileType = text.script.sh; name = configure; path = "scrypt-1.2.0/configure"; sourceTree = SOURCE_ROOT; };
		DA2C3C871BD92EB1001137B3 /* FORMAT */ = {isa = PBXFileReference; fileEncoding = 4; lastKnownFileType = text; name = FORMAT; path = "scrypt-1.2.0/FORMAT"; sourceTree = SOURCE_ROOT; };
		DA2C3C8A1BD92EB1001137B3 /* crypto_scrypt-ref.c */ = {isa = PBXFileReference; fileEncoding = 4; lastKnownFileType = sourcecode.c.c; path = "crypto_scrypt-ref.c"; sourceTree = "<group>"; };
		DA2C3C8B1BD92EB1001137B3 /* crypto_scrypt.c */ = {isa = PBXFileReference; fileEncoding = 4; lastKnownFileType = sourcecode.c.c; path = crypto_scrypt.c; sourceTree = "<group>"; };
		DA2C3C8C1BD92EB1001137B3 /* crypto_scrypt.h */ = {isa = PBXFileReference; fileEncoding = 4; lastKnownFileType = sourcecode.c.h; path = crypto_scrypt.h; sourceTree = "<group>"; };
		DA2C3C8D1BD92EB1001137B3 /* crypto_scrypt_smix.c */ = {isa = PBXFileReference; fileEncoding = 4; lastKnownFileType = sourcecode.c.c; path = crypto_scrypt_smix.c; sourceTree = "<group>"; };
		DA2C3C8E1BD92EB1001137B3 /* crypto_scrypt_smix.h */ = {isa = PBXFileReference; fileEncoding = 4; lastKnownFileType = sourcecode.c.h; path = crypto_scrypt_smix.h; sourceTree = "<group>"; };
		DA2C3C8F1BD92EB1001137B3 /* crypto_scrypt_smix_sse2.c */ = {isa = PBXFileReference; fileEncoding = 4; lastKnownFileType = sourcecode.c.c; path = crypto_scrypt_smix_sse2.c; sourceTree = "<group>"; };
		DA2C3C901BD92EB1001137B3 /* crypto_scrypt_smix_sse2.h */ = {isa = PBXFileReference; fileEncoding = 4; lastKnownFileType = sourcecode.c.h; path = crypto_scrypt_smix_sse2.h; sourceTree = "<group>"; };
		DA2C3C911BD92EB1001137B3 /* README */ = {isa = PBXFileReference; fileEncoding = 4; lastKnownFileType = text; path = README; sourceTree = "<group>"; };
		DA2C3C931BD92EB1001137B3 /* scryptenc.c */ = {isa = PBXFileReference; fileEncoding = 4; lastKnownFileType = sourcecode.c.c; path = scryptenc.c; sourceTree = "<group>"; };
		DA2C3C941BD92EB1001137B3 /* scryptenc.h */ = {isa = PBXFileReference; fileEncoding = 4; lastKnownFileType = sourcecode.c.h; path = scryptenc.h; sourceTree = "<group>"; };
		DA2C3C951BD92EB1001137B3 /* scryptenc_cpuperf.c */ = {isa = PBXFileReference; fileEncoding = 4; lastKnownFileType = sourcecode.c.c; path = scryptenc_cpuperf.c; sourceTree = "<group>"; };
		DA2C3C961BD92EB1001137B3 /* scryptenc_cpuperf.h */ = {isa = PBXFileReference; fileEncoding = 4; lastKnownFileType = sourcecode.c.h; path = scryptenc_cpuperf.h; sourceTree = "<group>"; };
		DA2C3C981BD92EB1001137B3 /* memlimit.c */ = {isa = PBXFileReference; fileEncoding = 4; lastKnownFileType = sourcecode.c.c; path = memlimit.c; sourceTree = "<group>"; };
		DA2C3C991BD92EB1001137B3 /* memlimit.h */ = {isa = PBXFileReference; fileEncoding = 4; lastKnownFileType = sourcecode.c.h; path = memlimit.h; sourceTree = "<group>"; };
		DA2C3C9C1BD92EB1001137B3 /* sha256.c */ = {isa = PBXFileReference; fileEncoding = 4; lastKnownFileType = sourcecode.c.c; path = sha256.c; sourceTree = "<group>"; };
		DA2C3C9D1BD92EB1001137B3 /* sha256.h */ = {isa = PBXFileReference; fileEncoding = 4; lastKnownFileType = sourcecode.c.h; path = sha256.h; sourceTree = "<group>"; };
		DA2C3C9E1BD92EB1001137B3 /* COPYRIGHT */ = {isa = PBXFileReference; fileEncoding = 4; lastKnownFileType = text; path = COPYRIGHT; sourceTree = "<group>"; };
		DA2C3CA11BD92EB1001137B3 /* cpusupport-X86-AESNI.c */ = {isa = PBXFileReference; fileEncoding = 4; lastKnownFileType = sourcecode.c.c; path = "cpusupport-X86-AESNI.c"; sourceTree = "<group>"; };
		DA2C3CA21BD92EB1001137B3 /* cpusupport-X86-CPUID.c */ = {isa = PBXFileReference; fileEncoding = 4; lastKnownFileType = sourcecode.c.c; path = "cpusupport-X86-CPUID.c"; sourceTree = "<group>"; };
		DA2C3CA31BD92EB1001137B3 /* cpusupport-X86-SSE2.c */ = {isa = PBXFileReference; fileEncoding = 4; lastKnownFileType = sourcecode.c.c; path = "cpusupport-X86-SSE2.c"; sourceTree = "<group>"; };
		DA2C3CA41BD92EB1001137B3 /* cpusupport.sh */ = {isa = PBXFileReference; fileEncoding = 4; lastKnownFileType = text.script.sh; path = cpusupport.sh; sourceTree = "<group>"; };
		DA2C3CA51BD92EB1001137B3 /* cpusupport.h */ = {isa = PBXFileReference; fileEncoding = 4; lastKnownFileType = sourcecode.c.h; path = cpusupport.h; sourceTree = "<group>"; };
		DA2C3CA61BD92EB1001137B3 /* cpusupport_x86_aesni.c */ = {isa = PBXFileReference; fileEncoding = 4; lastKnownFileType = sourcecode.c.c; path = cpusupport_x86_aesni.c; sourceTree = "<group>"; };
		DA2C3CA71BD92EB1001137B3 /* cpusupport_x86_sse2.c */ = {isa = PBXFileReference; fileEncoding = 4; lastKnownFileType = sourcecode.c.c; path = cpusupport_x86_sse2.c; sourceTree = "<group>"; };
		DA2C3CA91BD92EB1001137B3 /* crypto_aes.c */ = {isa = PBXFileReference; fileEncoding = 4; lastKnownFileType = sourcecode.c.c; path = crypto_aes.c; sourceTree = "<group>"; };
		DA2C3CAA1BD92EB1001137B3 /* crypto_aes.h */ = {isa = PBXFileReference; fileEncoding = 4; lastKnownFileType = sourcecode.c.h; path = crypto_aes.h; sourceTree = "<group>"; };
		DA2C3CAB1BD92EB1001137B3 /* crypto_aes_aesni.c */ = {isa = PBXFileReference; fileEncoding = 4; lastKnownFileType = sourcecode.c.c; path = crypto_aes_aesni.c; sourceTree = "<group>"; };
		DA2C3CAC1BD92EB1001137B3 /* crypto_aes_aesni.h */ = {isa = PBXFileReference; fileEncoding = 4; lastKnownFileType = sourcecode.c.h; path = crypto_aes_aesni.h; sourceTree = "<group>"; };
		DA2C3CAD1BD92EB1001137B3 /* crypto_aesctr.c */ = {isa = PBXFileReference; fileEncoding = 4; lastKnownFileType = sourcecode.c.c; path = crypto_aesctr.c; sourceTree = "<group>"; };
		DA2C3CAE1BD92EB1001137B3 /* crypto_aesctr.h */ = {isa = PBXFileReference; fileEncoding = 4; lastKnownFileType = sourcecode.c.h; path = crypto_aesctr.h; sourceTree = "<group>"; };
		DA2C3CAF1BD92EB1001137B3 /* crypto_entropy.c */ = {isa = PBXFileReference; fileEncoding = 4; lastKnownFileType = sourcecode.c.c; path = crypto_entropy.c; sourceTree = "<group>"; };
		DA2C3CB01BD92EB1001137B3 /* crypto_entropy.h */ = {isa = PBXFileReference; fileEncoding = 4; lastKnownFileType = sourcecode.c.h; path = crypto_entropy.h; sourceTree = "<group>"; };
		DA2C3CB21BD92EB1001137B3 /* entropy.c */ = {isa = PBXFileReference; fileEncoding = 4; lastKnownFileType = sourcecode.c.c; path = entropy.c; sourceTree = "<group>"; };
		DA2C3CB31BD92EB1001137B3 /* entropy.h */ = {isa = PBXFileReference; fileEncoding = 4; lastKnownFileType = sourcecode.c.h; path = entropy.h; sourceTree = "<group>"; };
		DA2C3CB41BD92EB1001137B3 /* insecure_memzero.c */ = {isa = PBXFileReference; fileEncoding = 4; lastKnownFileType = sourcecode.c.c; path = insecure_memzero.c; sourceTree = "<group>"; };
		DA2C3CB51BD92EB1001137B3 /* insecure_memzero.h */ = {isa = PBXFileReference; fileEncoding = 4; lastKnownFileType = sourcecode.c.h; path = insecure_memzero.h; sourceTree = "<group>"; };
		DA2C3CB61BD92EB1001137B3 /* readpass.c */ = {isa = PBXFileReference; fileEncoding = 4; lastKnownFileType = sourcecode.c.c; path = readpass.c; sourceTree = "<group>"; };
		DA2C3CB71BD92EB1001137B3 /* readpass.h */ = {isa = PBXFileReference; fileEncoding = 4; lastKnownFileType = sourcecode.c.h; path = readpass.h; sourceTree = "<group>"; };
		DA2C3CB81BD92EB1001137B3 /* sysendian.h */ = {isa = PBXFileReference; fileEncoding = 4; lastKnownFileType = sourcecode.c.h; path = sysendian.h; sourceTree = "<group>"; };
		DA2C3CB91BD92EB1001137B3 /* warnp.c */ = {isa = PBXFileReference; fileEncoding = 4; lastKnownFileType = sourcecode.c.c; path = warnp.c; sourceTree = "<group>"; };
		DA2C3CBA1BD92EB1001137B3 /* warnp.h */ = {isa = PBXFileReference; fileEncoding = 4; lastKnownFileType = sourcecode.c.h; path = warnp.h; sourceTree = "<group>"; };
		DA2C3CBB1BD92EB1001137B3 /* main.c */ = {isa = PBXFileReference; fileEncoding = 4; lastKnownFileType = sourcecode.c.c; name = main.c; path = "scrypt-1.2.0/main.c"; sourceTree = SOURCE_ROOT; };
		DA2C3CBC1BD92EB1001137B3 /* Makefile.in */ = {isa = PBXFileReference; fileEncoding = 4; lastKnownFileType = text; name = Makefile.in; path = "scrypt-1.2.0/Makefile.in"; sourceTree = SOURCE_ROOT; };
		DA2C3CBD1BD92EB1001137B3 /* scrypt_platform.h */ = {isa = PBXFileReference; fileEncoding = 4; lastKnownFileType = sourcecode.c.h; name = scrypt_platform.h; path = "scrypt-1.2.0/scrypt_platform.h"; sourceTree = SOURCE_ROOT; };
		DA2C3CBE1BD92EB1001137B3 /* scrypt.1 */ = {isa = PBXFileReference; fileEncoding = 4; lastKnownFileType = text.man; name = scrypt.1; path = "scrypt-1.2.0/scrypt.1"; sourceTree = SOURCE_ROOT; };
		DA67FE5D14E4834300DB7CC9 /* libutil.a */ = {isa = PBXFileReference; explicitFileType = archive.ar; includeInIndex = 0; path = libutil.a; sourceTree = BUILT_PRODUCTS_DIR; };
		DA67FE6014E483BD00DB7CC9 /* configure-wrapper.log */ = {isa = PBXFileReference; fileEncoding = 4; lastKnownFileType = text; path = "configure-wrapper.log"; sourceTree = "<group>"; };
		DA67FE6114E483BD00DB7CC9 /* configure-wrapper.sh */ = {isa = PBXFileReference; fileEncoding = 4; lastKnownFileType = text.script.sh; path = "configure-wrapper.sh"; sourceTree = "<group>"; };
		DA67FE6214E483BD00DB7CC9 /* LICENSE */ = {isa = PBXFileReference; fileEncoding = 4; lastKnownFileType = text; path = LICENSE; sourceTree = "<group>"; };
		DA67FE6314E483BD00DB7CC9 /* scrypt-1.1.6.patch */ = {isa = PBXFileReference; fileEncoding = 4; lastKnownFileType = text; path = "scrypt-1.1.6.patch"; sourceTree = "<group>"; };
		DA67FE6414E483BD00DB7CC9 /* scrypt-1.1.6.tgz.md5 */ = {isa = PBXFileReference; fileEncoding = 4; lastKnownFileType = text; path = "scrypt-1.1.6.tgz.md5"; sourceTree = "<group>"; };
		DABD3E841711E7D600CF925C /* libscrypt-bin-ios.a */ = {isa = PBXFileReference; explicitFileType = archive.ar; includeInIndex = 0; path = "libscrypt-bin-ios.a"; sourceTree = BUILT_PRODUCTS_DIR; };
		DABD3E9D1711E7E000CF925C /* libscrypt-bin-osx.a */ = {isa = PBXFileReference; explicitFileType = archive.ar; includeInIndex = 0; path = "libscrypt-bin-osx.a"; sourceTree = BUILT_PRODUCTS_DIR; };
		DABD3EA91711E80800CF925C /* libscryptenc-ios.a */ = {isa = PBXFileReference; lastKnownFileType = archive.ar; path = "libscryptenc-ios.a"; sourceTree = "<group>"; };
		DABD3EAA1711E80800CF925C /* libscryptenc-osx.a */ = {isa = PBXFileReference; lastKnownFileType = archive.ar; path = "libscryptenc-osx.a"; sourceTree = "<group>"; };
		DABD3EB01711E81B00CF925C /* crypto_aesctr.h */ = {isa = PBXFileReference; fileEncoding = 4; lastKnownFileType = sourcecode.c.h; path = crypto_aesctr.h; sourceTree = "<group>"; };
		DABD3EB11711E81B00CF925C /* crypto_scrypt.h */ = {isa = PBXFileReference; fileEncoding = 4; lastKnownFileType = sourcecode.c.h; path = crypto_scrypt.h; sourceTree = "<group>"; };
		DABD3EB21711E81B00CF925C /* memlimit.h */ = {isa = PBXFileReference; fileEncoding = 4; lastKnownFileType = sourcecode.c.h; path = memlimit.h; sourceTree = "<group>"; };
		DABD3EB31711E81B00CF925C /* readpass.h */ = {isa = PBXFileReference; fileEncoding = 4; lastKnownFileType = sourcecode.c.h; path = readpass.h; sourceTree = "<group>"; };
		DABD3EB41711E81B00CF925C /* scryptenc.h */ = {isa = PBXFileReference; fileEncoding = 4; lastKnownFileType = sourcecode.c.h; path = scryptenc.h; sourceTree = "<group>"; };
		DABD3EB51711E81B00CF925C /* scryptenc_cpuperf.h */ = {isa = PBXFileReference; fileEncoding = 4; lastKnownFileType = sourcecode.c.h; path = scryptenc_cpuperf.h; sourceTree = "<group>"; };
		DABD3EB61711E81B00CF925C /* sha256.h */ = {isa = PBXFileReference; fileEncoding = 4; lastKnownFileType = sourcecode.c.h; path = sha256.h; sourceTree = "<group>"; };
		DABD3EB71711E81B00CF925C /* sysendian.h */ = {isa = PBXFileReference; fileEncoding = 4; lastKnownFileType = sourcecode.c.h; path = sysendian.h; sourceTree = "<group>"; };
		DABD3EB81711E81B00CF925C /* warn.h */ = {isa = PBXFileReference; fileEncoding = 4; lastKnownFileType = sourcecode.c.h; path = warn.h; sourceTree = "<group>"; };
/* End PBXFileReference section */

/* Begin PBXFrameworksBuildPhase section */
		A0511C55127770FD00DE46C4 /* Frameworks */ = {
			isa = PBXFrameworksBuildPhase;
			buildActionMask = 2147483647;
			files = (
				DA1A142614E4914E00BCFFBE /* libutil.a in Frameworks */,
				DA1A140614E48A7600BCFFBE /* libcrypto.a in Frameworks */,
			);
			runOnlyForDeploymentPostprocessing = 0;
		};
		D2AAC07C0554694100DB518D /* Frameworks */ = {
			isa = PBXFrameworksBuildPhase;
			buildActionMask = 2147483647;
			files = (
				DA8251C514E5CDF7008EBC5A /* libscryptcrypto.a in Frameworks */,
			);
			runOnlyForDeploymentPostprocessing = 0;
		};
		DA67FE5914E4834300DB7CC9 /* Frameworks */ = {
			isa = PBXFrameworksBuildPhase;
			buildActionMask = 2147483647;
			files = (
			);
			runOnlyForDeploymentPostprocessing = 0;
		};
		DABD3E811711E7D600CF925C /* Frameworks */ = {
			isa = PBXFrameworksBuildPhase;
			buildActionMask = 2147483647;
			files = (
				DABD3EAB1711E80800CF925C /* libscryptenc-ios.a in Frameworks */,
			);
			runOnlyForDeploymentPostprocessing = 0;
		};
		DABD3E9A1711E7E000CF925C /* Frameworks */ = {
			isa = PBXFrameworksBuildPhase;
			buildActionMask = 2147483647;
			files = (
				DABD3EAE1711E80800CF925C /* libscryptenc-osx.a in Frameworks */,
			);
			runOnlyForDeploymentPostprocessing = 0;
		};
/* End PBXFrameworksBuildPhase section */

/* Begin PBXGroup section */
		034768DFFF38A50411DB9C8B /* Products */ = {
			isa = PBXGroup;
			children = (
				D2AAC07E0554694100DB518D /* libscryptenc.a */,
				A0511C5A127770FD00DE46C4 /* libscryptcrypto.a */,
				DA67FE5D14E4834300DB7CC9 /* libutil.a */,
				DABD3E841711E7D600CF925C /* libscrypt-bin-ios.a */,
				DABD3E9D1711E7E000CF925C /* libscrypt-bin-osx.a */,
			);
			name = Products;
			sourceTree = "<group>";
		};
		0867D691FE84028FC02AAC07 /* openssl */ = {
			isa = PBXGroup;
			children = (
				DABD3EAF1711E81B00CF925C /* scrypt */,
				DABD3EA91711E80800CF925C /* libscryptenc-ios.a */,
				DABD3EAA1711E80800CF925C /* libscryptenc-osx.a */,
				DA1A13E314E487D800BCFFBE /* openssl.xcodeproj */,
				A05123771278ACDE00DE46C4 /* README */,
				A0511321127769BB00DE46C4 /* Makefile */,
				A051131E127769BB00DE46C4 /* build-aux */,
				DA67FE6914E4845900DB7CC9 /* scrypt */,
				0867D69AFE84028FC02AAC07 /* Frameworks */,
				034768DFFF38A50411DB9C8B /* Products */,
			);
			name = openssl;
			sourceTree = "<group>";
		};
		0867D69AFE84028FC02AAC07 /* Frameworks */ = {
			isa = PBXGroup;
			children = (
				A0511E2B127789E000DE46C4 /* UIKit.framework */,
				A0511E2D127789E900DE46C4 /* CoreGraphics.framework */,
				AACBBE490F95108600F1A2B1 /* Foundation.framework */,
			);
			name = Frameworks;
			sourceTree = "<group>";
		};
		A051131E127769BB00DE46C4 /* build-aux */ = {
			isa = PBXGroup;
			children = (
				DA1A141614E48E9F00BCFFBE /* config.h */,
				DA67FE6014E483BD00DB7CC9 /* configure-wrapper.log */,
				DA67FE6114E483BD00DB7CC9 /* configure-wrapper.sh */,
				DA67FE6214E483BD00DB7CC9 /* LICENSE */,
				DA67FE6314E483BD00DB7CC9 /* scrypt-1.1.6.patch */,
				DA67FE6414E483BD00DB7CC9 /* scrypt-1.1.6.tgz.md5 */,
			);
			path = "build-aux";
			sourceTree = "<group>";
		};
		DA1A13E414E487D800BCFFBE /* Products */ = {
			isa = PBXGroup;
			children = (
				DA1A13F014E487D900BCFFBE /* libssl.a */,
				DA1A13F214E487D900BCFFBE /* libcrypto.a */,
				DA1A13F414E487D900BCFFBE /* test.app */,
				DABD3E951711E7D700CF925C /* libopenssl-bin-ios.a */,
				DABD3E971711E7D700CF925C /* libopenssl-bin-osx.a */,
			);
			name = Products;
			sourceTree = "<group>";
		};
		DA2C3C7D1BD92EB1001137B3 /* autocrap */ = {
			isa = PBXGroup;
			children = (
				DA2C3C7E1BD92EB1001137B3 /* configure.ac */,
				DA2C3C7F1BD92EB1001137B3 /* Makefile.am */,
			);
			name = autocrap;
			path = "scrypt-1.2.0/autocrap";
			sourceTree = SOURCE_ROOT;
		};
		DA2C3C801BD92EB1001137B3 /* config.aux */ = {
			isa = PBXGroup;
			children = (
				DA2C3C811BD92EB1001137B3 /* compile */,
				DA2C3C821BD92EB1001137B3 /* depcomp */,
				DA2C3C831BD92EB1001137B3 /* install-sh */,
				DA2C3C841BD92EB1001137B3 /* missing */,
			);
			name = config.aux;
			path = "scrypt-1.2.0/config.aux";
			sourceTree = SOURCE_ROOT;
		};
		DA2C3C881BD92EB1001137B3 /* lib */ = {
			isa = PBXGroup;
			children = (
				DA2C3C891BD92EB1001137B3 /* crypto */,
				DA2C3C911BD92EB1001137B3 /* README */,
				DA2C3C921BD92EB1001137B3 /* scryptenc */,
				DA2C3C971BD92EB1001137B3 /* util */,
			);
			name = lib;
			path = "scrypt-1.2.0/lib";
			sourceTree = SOURCE_ROOT;
		};
		DA2C3C891BD92EB1001137B3 /* crypto */ = {
			isa = PBXGroup;
			children = (
				DA2C3C8A1BD92EB1001137B3 /* crypto_scrypt-ref.c */,
				DA2C3C8B1BD92EB1001137B3 /* crypto_scrypt.c */,
				DA2C3C8C1BD92EB1001137B3 /* crypto_scrypt.h */,
				DA2C3C8D1BD92EB1001137B3 /* crypto_scrypt_smix.c */,
				DA2C3C8E1BD92EB1001137B3 /* crypto_scrypt_smix.h */,
				DA2C3C8F1BD92EB1001137B3 /* crypto_scrypt_smix_sse2.c */,
				DA2C3C901BD92EB1001137B3 /* crypto_scrypt_smix_sse2.h */,
			);
			path = crypto;
			sourceTree = "<group>";
		};
		DA2C3C921BD92EB1001137B3 /* scryptenc */ = {
			isa = PBXGroup;
			children = (
				DA2C3C931BD92EB1001137B3 /* scryptenc.c */,
				DA2C3C941BD92EB1001137B3 /* scryptenc.h */,
				DA2C3C951BD92EB1001137B3 /* scryptenc_cpuperf.c */,
				DA2C3C961BD92EB1001137B3 /* scryptenc_cpuperf.h */,
			);
			path = scryptenc;
			sourceTree = "<group>";
		};
		DA2C3C971BD92EB1001137B3 /* util */ = {
			isa = PBXGroup;
			children = (
				DA2C3C981BD92EB1001137B3 /* memlimit.c */,
				DA2C3C991BD92EB1001137B3 /* memlimit.h */,
			);
			path = util;
			sourceTree = "<group>";
		};
		DA2C3C9A1BD92EB1001137B3 /* libcperciva */ = {
			isa = PBXGroup;
			children = (
				DA2C3C9B1BD92EB1001137B3 /* alg */,
				DA2C3C9E1BD92EB1001137B3 /* COPYRIGHT */,
				DA2C3C9F1BD92EB1001137B3 /* cpusupport */,
				DA2C3CA81BD92EB1001137B3 /* crypto */,
				DA2C3CB11BD92EB1001137B3 /* util */,
			);
			name = libcperciva;
			path = "scrypt-1.2.0/libcperciva";
			sourceTree = SOURCE_ROOT;
		};
		DA2C3C9B1BD92EB1001137B3 /* alg */ = {
			isa = PBXGroup;
			children = (
				DA2C3C9C1BD92EB1001137B3 /* sha256.c */,
				DA2C3C9D1BD92EB1001137B3 /* sha256.h */,
			);
			path = alg;
			sourceTree = "<group>";
		};
		DA2C3C9F1BD92EB1001137B3 /* cpusupport */ = {
			isa = PBXGroup;
			children = (
				DA2C3CA01BD92EB1001137B3 /* Build */,
				DA2C3CA51BD92EB1001137B3 /* cpusupport.h */,
				DA2C3CA61BD92EB1001137B3 /* cpusupport_x86_aesni.c */,
				DA2C3CA71BD92EB1001137B3 /* cpusupport_x86_sse2.c */,
			);
			path = cpusupport;
			sourceTree = "<group>";
		};
		DA2C3CA01BD92EB1001137B3 /* Build */ = {
			isa = PBXGroup;
			children = (
				DA2C3CA11BD92EB1001137B3 /* cpusupport-X86-AESNI.c */,
				DA2C3CA21BD92EB1001137B3 /* cpusupport-X86-CPUID.c */,
				DA2C3CA31BD92EB1001137B3 /* cpusupport-X86-SSE2.c */,
				DA2C3CA41BD92EB1001137B3 /* cpusupport.sh */,
			);
			path = Build;
			sourceTree = "<group>";
		};
		DA2C3CA81BD92EB1001137B3 /* crypto */ = {
			isa = PBXGroup;
			children = (
				DA2C3CA91BD92EB1001137B3 /* crypto_aes.c */,
				DA2C3CAA1BD92EB1001137B3 /* crypto_aes.h */,
				DA2C3CAB1BD92EB1001137B3 /* crypto_aes_aesni.c */,
				DA2C3CAC1BD92EB1001137B3 /* crypto_aes_aesni.h */,
				DA2C3CAD1BD92EB1001137B3 /* crypto_aesctr.c */,
				DA2C3CAE1BD92EB1001137B3 /* crypto_aesctr.h */,
				DA2C3CAF1BD92EB1001137B3 /* crypto_entropy.c */,
				DA2C3CB01BD92EB1001137B3 /* crypto_entropy.h */,
			);
			path = crypto;
			sourceTree = "<group>";
		};
		DA2C3CB11BD92EB1001137B3 /* util */ = {
			isa = PBXGroup;
			children = (
				DA2C3CB21BD92EB1001137B3 /* entropy.c */,
				DA2C3CB31BD92EB1001137B3 /* entropy.h */,
				DA2C3CB41BD92EB1001137B3 /* insecure_memzero.c */,
				DA2C3CB51BD92EB1001137B3 /* insecure_memzero.h */,
				DA2C3CB61BD92EB1001137B3 /* readpass.c */,
				DA2C3CB71BD92EB1001137B3 /* readpass.h */,
				DA2C3CB81BD92EB1001137B3 /* sysendian.h */,
				DA2C3CB91BD92EB1001137B3 /* warnp.c */,
				DA2C3CBA1BD92EB1001137B3 /* warnp.h */,
			);
			path = util;
			sourceTree = "<group>";
		};
		DA67FE6914E4845900DB7CC9 /* scrypt */ = {
			isa = PBXGroup;
			children = (
				DA2C3C7B1BD92EB1001137B3 /* config.h */,
				DA2C3C7C1BD92EB1001137B3 /* patched_for_xcode */,
				DA2C3C7D1BD92EB1001137B3 /* autocrap */,
				DA2C3C801BD92EB1001137B3 /* config.aux */,
				DA2C3C851BD92EB1001137B3 /* config.h.in */,
				DA2C3C861BD92EB1001137B3 /* configure */,
				DA2C3C871BD92EB1001137B3 /* FORMAT */,
				DA2C3C881BD92EB1001137B3 /* lib */,
				DA2C3C9A1BD92EB1001137B3 /* libcperciva */,
				DA2C3CBB1BD92EB1001137B3 /* main.c */,
				DA2C3CBC1BD92EB1001137B3 /* Makefile.in */,
				DA2C3CBD1BD92EB1001137B3 /* scrypt_platform.h */,
				DA2C3CBE1BD92EB1001137B3 /* scrypt.1 */,
			);
			path = scrypt;
			sourceTree = "<group>";
		};
		DABD3EAF1711E81B00CF925C /* scrypt */ = {
			isa = PBXGroup;
			children = (
				DABD3EB01711E81B00CF925C /* crypto_aesctr.h */,
				DABD3EB11711E81B00CF925C /* crypto_scrypt.h */,
				DABD3EB21711E81B00CF925C /* memlimit.h */,
				DABD3EB31711E81B00CF925C /* readpass.h */,
				DABD3EB41711E81B00CF925C /* scryptenc.h */,
				DABD3EB51711E81B00CF925C /* scryptenc_cpuperf.h */,
				DABD3EB61711E81B00CF925C /* sha256.h */,
				DABD3EB71711E81B00CF925C /* sysendian.h */,
				DABD3EB81711E81B00CF925C /* warn.h */,
			);
			name = scrypt;
			path = ../../../include/scrypt;
			sourceTree = "<group>";
		};
/* End PBXGroup section */

/* Begin PBXHeadersBuildPhase section */
		A0511C52127770FD00DE46C4 /* Headers */ = {
			isa = PBXHeadersBuildPhase;
			buildActionMask = 2147483647;
			files = (
				DA2C3CC61BD92EB1001137B3 /* crypto_scrypt_smix_sse2.h in Headers */,
				DA2C3CCC1BD92EB1001137B3 /* memlimit.h in Headers */,
				DA2C3CDE1BD92EB1001137B3 /* entropy.h in Headers */,
				DA2C3CE51BD92EB1001137B3 /* warnp.h in Headers */,
				DA2C3CE21BD92EB1001137B3 /* readpass.h in Headers */,
				DA2C3CD81BD92EB1001137B3 /* crypto_aes_aesni.h in Headers */,
				DA2C3CC41BD92EB1001137B3 /* crypto_scrypt_smix.h in Headers */,
				DA2C3CE01BD92EB1001137B3 /* insecure_memzero.h in Headers */,
				DA2C3CDC1BD92EB1001137B3 /* crypto_entropy.h in Headers */,
				DA2C3CC21BD92EB1001137B3 /* crypto_scrypt.h in Headers */,
				DA2C3CD21BD92EB1001137B3 /* cpusupport.h in Headers */,
				DA2C3CBF1BD92EB1001137B3 /* config.h in Headers */,
				DA2C3CE31BD92EB1001137B3 /* sysendian.h in Headers */,
				DA2C3CCA1BD92EB1001137B3 /* scryptenc_cpuperf.h in Headers */,
				DA2C3CD61BD92EB1001137B3 /* crypto_aes.h in Headers */,
				DA2C3CC81BD92EB1001137B3 /* scryptenc.h in Headers */,
				DA2C3CCE1BD92EB1001137B3 /* sha256.h in Headers */,
				DA2C3CE71BD92EB1001137B3 /* scrypt_platform.h in Headers */,
				DA2C3CDA1BD92EB1001137B3 /* crypto_aesctr.h in Headers */,
			);
			runOnlyForDeploymentPostprocessing = 0;
		};
		D2AAC07A0554694100DB518D /* Headers */ = {
			isa = PBXHeadersBuildPhase;
			buildActionMask = 2147483647;
			files = (
			);
			runOnlyForDeploymentPostprocessing = 0;
		};
		DA67FE2B14E4834300DB7CC9 /* Headers */ = {
			isa = PBXHeadersBuildPhase;
			buildActionMask = 2147483647;
			files = (
			);
			runOnlyForDeploymentPostprocessing = 0;
		};
		DABD3ECC171227DF00CF925C /* Headers */ = {
			isa = PBXHeadersBuildPhase;
			buildActionMask = 2147483647;
			files = (
				DABD3ECD171227EA00CF925C /* crypto_aesctr.h in Headers */,
				DABD3ECE171227EA00CF925C /* crypto_scrypt.h in Headers */,
				DABD3ECF171227EA00CF925C /* memlimit.h in Headers */,
				DABD3ED0171227EA00CF925C /* readpass.h in Headers */,
				DABD3ED1171227EA00CF925C /* scryptenc.h in Headers */,
				DABD3ED2171227EA00CF925C /* scryptenc_cpuperf.h in Headers */,
				DABD3ED3171227EA00CF925C /* sha256.h in Headers */,
				DABD3ED4171227EA00CF925C /* sysendian.h in Headers */,
				DABD3ED5171227EA00CF925C /* warn.h in Headers */,
			);
			runOnlyForDeploymentPostprocessing = 0;
		};
		DABD3F681712288500CF925C /* Headers */ = {
			isa = PBXHeadersBuildPhase;
			buildActionMask = 2147483647;
			files = (
				DABD3F691712288700CF925C /* crypto_aesctr.h in Headers */,
				DABD3F6A1712288700CF925C /* crypto_scrypt.h in Headers */,
				DABD3F6B1712288700CF925C /* memlimit.h in Headers */,
				DABD3F6C1712288700CF925C /* readpass.h in Headers */,
				DABD3F6D1712288700CF925C /* scryptenc.h in Headers */,
				DABD3F6E1712288700CF925C /* scryptenc_cpuperf.h in Headers */,
				DABD3F6F1712288700CF925C /* sha256.h in Headers */,
				DABD3F701712288700CF925C /* sysendian.h in Headers */,
				DABD3F711712288700CF925C /* warn.h in Headers */,
			);
			runOnlyForDeploymentPostprocessing = 0;
		};
/* End PBXHeadersBuildPhase section */

/* Begin PBXLegacyTarget section */
		A0511DED127788EC00DE46C4 /* Makefile-scrypt */ = {
			isa = PBXLegacyTarget;
			buildArgumentsString = "$(ACTION)";
			buildConfigurationList = A0511DF61277891C00DE46C4 /* Build configuration list for PBXLegacyTarget "Makefile-scrypt" */;
			buildPhases = (
			);
			buildToolPath = /usr/bin/make;
			dependencies = (
				DA6E4A40155E592700CFF2D5 /* PBXTargetDependency */,
			);
			name = "Makefile-scrypt";
			passBuildSettingsInEnvironment = 1;
			productName = Makefile;
		};
/* End PBXLegacyTarget section */

/* Begin PBXNativeTarget section */
		A0511C51127770FD00DE46C4 /* scryptcrypto */ = {
			isa = PBXNativeTarget;
			buildConfigurationList = A0511C57127770FD00DE46C4 /* Build configuration list for PBXNativeTarget "scryptcrypto" */;
			buildPhases = (
				A0511C52127770FD00DE46C4 /* Headers */,
				A0511C54127770FD00DE46C4 /* Sources */,
				A0511C55127770FD00DE46C4 /* Frameworks */,
			);
			buildRules = (
			);
			dependencies = (
				A0511DF3127788FD00DE46C4 /* PBXTargetDependency */,
				DA6E4A3C155E581F00CFF2D5 /* PBXTargetDependency */,
				DA6E4A3E155E582200CFF2D5 /* PBXTargetDependency */,
			);
			name = scryptcrypto;
			productName = openssl;
			productReference = A0511C5A127770FD00DE46C4 /* libscryptcrypto.a */;
			productType = "com.apple.product-type.library.static";
		};
		D2AAC07D0554694100DB518D /* scryptenc */ = {
			isa = PBXNativeTarget;
			buildConfigurationList = 1DEB921E08733DC00010E9CD /* Build configuration list for PBXNativeTarget "scryptenc" */;
			buildPhases = (
				D2AAC07A0554694100DB518D /* Headers */,
				D2AAC07B0554694100DB518D /* Sources */,
				D2AAC07C0554694100DB518D /* Frameworks */,
			);
			buildRules = (
			);
			dependencies = (
				A0511DF1127788F600DE46C4 /* PBXTargetDependency */,
				DA6E4A34155E580D00CFF2D5 /* PBXTargetDependency */,
			);
			name = scryptenc;
			productName = openssl;
			productReference = D2AAC07E0554694100DB518D /* libscryptenc.a */;
			productType = "com.apple.product-type.library.static";
		};
		DA67FE2814E4834300DB7CC9 /* util */ = {
			isa = PBXNativeTarget;
			buildConfigurationList = DA67FE5A14E4834300DB7CC9 /* Build configuration list for PBXNativeTarget "util" */;
			buildPhases = (
				DA67FE2B14E4834300DB7CC9 /* Headers */,
				DA67FE2C14E4834300DB7CC9 /* Sources */,
				DA67FE5914E4834300DB7CC9 /* Frameworks */,
			);
			buildRules = (
			);
			dependencies = (
				DA67FE2914E4834300DB7CC9 /* PBXTargetDependency */,
			);
			name = util;
			productName = openssl;
			productReference = DA67FE5D14E4834300DB7CC9 /* libutil.a */;
			productType = "com.apple.product-type.library.static";
		};
		DABD3E831711E7D600CF925C /* scrypt-bin-ios */ = {
			isa = PBXNativeTarget;
			buildConfigurationList = DABD3E981711E7D700CF925C /* Build configuration list for PBXNativeTarget "scrypt-bin-ios" */;
			buildPhases = (
				DABD3E801711E7D600CF925C /* Sources */,
				DABD3E811711E7D600CF925C /* Frameworks */,
				DABD3E821711E7D600CF925C /* CopyFiles */,
				DABD3ECC171227DF00CF925C /* Headers */,
			);
			buildRules = (
			);
			dependencies = (
				DABD3EBA1711E84500CF925C /* PBXTargetDependency */,
			);
			name = "scrypt-bin-ios";
			productName = "scrypt-bin-ios";
			productReference = DABD3E841711E7D600CF925C /* libscrypt-bin-ios.a */;
			productType = "com.apple.product-type.library.static";
		};
		DABD3E9C1711E7E000CF925C /* scrypt-bin-osx */ = {
			isa = PBXNativeTarget;
			buildConfigurationList = DABD3EA61711E7E100CF925C /* Build configuration list for PBXNativeTarget "scrypt-bin-osx" */;
			buildPhases = (
				DABD3E991711E7E000CF925C /* Sources */,
				DABD3E9A1711E7E000CF925C /* Frameworks */,
				DABD3E9B1711E7E000CF925C /* CopyFiles */,
				DABD3F681712288500CF925C /* Headers */,
			);
			buildRules = (
			);
			dependencies = (
				DABD3EBE1711E85B00CF925C /* PBXTargetDependency */,
			);
			name = "scrypt-bin-osx";
			productName = "scrypt-bin-osx";
			productReference = DABD3E9D1711E7E000CF925C /* libscrypt-bin-osx.a */;
			productType = "com.apple.product-type.library.static";
		};
/* End PBXNativeTarget section */

/* Begin PBXProject section */
		0867D690FE84028FC02AAC07 /* Project object */ = {
			isa = PBXProject;
			attributes = {
				LastUpgradeCheck = 0500;
			};
			buildConfigurationList = 1DEB922208733DC00010E9CD /* Build configuration list for PBXProject "scrypt" */;
			compatibilityVersion = "Xcode 3.2";
			developmentRegion = English;
			hasScannedForEncodings = 1;
			knownRegions = (
				English,
				Japanese,
				French,
				German,
			);
			mainGroup = 0867D691FE84028FC02AAC07 /* openssl */;
			productRefGroup = 034768DFFF38A50411DB9C8B /* Products */;
			projectDirPath = "";
			projectReferences = (
				{
					ProductGroup = DA1A13E414E487D800BCFFBE /* Products */;
					ProjectRef = DA1A13E314E487D800BCFFBE /* openssl.xcodeproj */;
				},
			);
			projectRoot = "";
			targets = (
				A0511DED127788EC00DE46C4 /* Makefile-scrypt */,
				D2AAC07D0554694100DB518D /* scryptenc */,
				A0511C51127770FD00DE46C4 /* scryptcrypto */,
				DA67FE2814E4834300DB7CC9 /* util */,
				A0511DCE127788A100DE46C4 /* scrypt */,
				DABD3E831711E7D600CF925C /* scrypt-bin-ios */,
				DABD3E9C1711E7E000CF925C /* scrypt-bin-osx */,
			);
		};
/* End PBXProject section */

/* Begin PBXReferenceProxy section */
		DA1A13F014E487D900BCFFBE /* libssl.a */ = {
			isa = PBXReferenceProxy;
			fileType = archive.ar;
			path = libssl.a;
			remoteRef = DA1A13EF14E487D900BCFFBE /* PBXContainerItemProxy */;
			sourceTree = BUILT_PRODUCTS_DIR;
		};
		DA1A13F214E487D900BCFFBE /* libcrypto.a */ = {
			isa = PBXReferenceProxy;
			fileType = archive.ar;
			path = libcrypto.a;
			remoteRef = DA1A13F114E487D900BCFFBE /* PBXContainerItemProxy */;
			sourceTree = BUILT_PRODUCTS_DIR;
		};
		DA1A13F414E487D900BCFFBE /* test.app */ = {
			isa = PBXReferenceProxy;
			fileType = wrapper.application;
			path = test.app;
			remoteRef = DA1A13F314E487D900BCFFBE /* PBXContainerItemProxy */;
			sourceTree = BUILT_PRODUCTS_DIR;
		};
		DABD3E951711E7D700CF925C /* libopenssl-bin-ios.a */ = {
			isa = PBXReferenceProxy;
			fileType = archive.ar;
			path = "libopenssl-bin-ios.a";
			remoteRef = DABD3E941711E7D700CF925C /* PBXContainerItemProxy */;
			sourceTree = BUILT_PRODUCTS_DIR;
		};
		DABD3E971711E7D700CF925C /* libopenssl-bin-osx.a */ = {
			isa = PBXReferenceProxy;
			fileType = archive.ar;
			path = "libopenssl-bin-osx.a";
			remoteRef = DABD3E961711E7D700CF925C /* PBXContainerItemProxy */;
			sourceTree = BUILT_PRODUCTS_DIR;
		};
/* End PBXReferenceProxy section */

/* Begin PBXSourcesBuildPhase section */
		A0511C54127770FD00DE46C4 /* Sources */ = {
			isa = PBXSourcesBuildPhase;
			buildActionMask = 2147483647;
			files = (
				DA2C3CDB1BD92EB1001137B3 /* crypto_entropy.c in Sources */,
				DA2C3CD91BD92EB1001137B3 /* crypto_aesctr.c in Sources */,
				DA2C3CDF1BD92EB1001137B3 /* insecure_memzero.c in Sources */,
				DA2C3CC01BD92EB1001137B3 /* crypto_scrypt-ref.c in Sources */,
				DA2C3CDD1BD92EB1001137B3 /* entropy.c in Sources */,
				DA2C3CD71BD92EB1001137B3 /* crypto_aes_aesni.c in Sources */,
				DA2C3CCD1BD92EB1001137B3 /* sha256.c in Sources */,
				DA2C3CE41BD92EB1001137B3 /* warnp.c in Sources */,
				DA2C3CE11BD92EB1001137B3 /* readpass.c in Sources */,
				DA2C3CD51BD92EB1001137B3 /* crypto_aes.c in Sources */,
				DA2C3CC11BD92EB1001137B3 /* crypto_scrypt.c in Sources */,
				DA2C3CC31BD92EB1001137B3 /* crypto_scrypt_smix.c in Sources */,
				DA2C3CD31BD92EB1001137B3 /* cpusupport_x86_aesni.c in Sources */,
				DA2C3CD41BD92EB1001137B3 /* cpusupport_x86_sse2.c in Sources */,
				DA2C3CC51BD92EB1001137B3 /* crypto_scrypt_smix_sse2.c in Sources */,
			);
			runOnlyForDeploymentPostprocessing = 0;
		};
		D2AAC07B0554694100DB518D /* Sources */ = {
			isa = PBXSourcesBuildPhase;
			buildActionMask = 2147483647;
			files = (
				DA2C3CE81BD92EBE001137B3 /* scryptenc.c in Sources */,
				DA2C3CE91BD92EC2001137B3 /* scryptenc_cpuperf.c in Sources */,
			);
			runOnlyForDeploymentPostprocessing = 0;
		};
		DA67FE2C14E4834300DB7CC9 /* Sources */ = {
			isa = PBXSourcesBuildPhase;
			buildActionMask = 2147483647;
			files = (
				DA2C3CEA1BD92ECD001137B3 /* memlimit.c in Sources */,
			);
			runOnlyForDeploymentPostprocessing = 0;
		};
		DABD3E801711E7D600CF925C /* Sources */ = {
			isa = PBXSourcesBuildPhase;
			buildActionMask = 2147483647;
			files = (
			);
			runOnlyForDeploymentPostprocessing = 0;
		};
		DABD3E991711E7E000CF925C /* Sources */ = {
			isa = PBXSourcesBuildPhase;
			buildActionMask = 2147483647;
			files = (
			);
			runOnlyForDeploymentPostprocessing = 0;
		};
/* End PBXSourcesBuildPhase section */

/* Begin PBXTargetDependency section */
		A0511DD2127788A800DE46C4 /* PBXTargetDependency */ = {
			isa = PBXTargetDependency;
			target = D2AAC07D0554694100DB518D /* scryptenc */;
			targetProxy = A0511DD1127788A800DE46C4 /* PBXContainerItemProxy */;
		};
		A0511DD4127788A800DE46C4 /* PBXTargetDependency */ = {
			isa = PBXTargetDependency;
			target = A0511C51127770FD00DE46C4 /* scryptcrypto */;
			targetProxy = A0511DD3127788A800DE46C4 /* PBXContainerItemProxy */;
		};
		A0511DF1127788F600DE46C4 /* PBXTargetDependency */ = {
			isa = PBXTargetDependency;
			target = A0511DED127788EC00DE46C4 /* Makefile-scrypt */;
			targetProxy = A0511DF0127788F600DE46C4 /* PBXContainerItemProxy */;
		};
		A0511DF3127788FD00DE46C4 /* PBXTargetDependency */ = {
			isa = PBXTargetDependency;
			target = A0511DED127788EC00DE46C4 /* Makefile-scrypt */;
			targetProxy = A0511DF2127788FD00DE46C4 /* PBXContainerItemProxy */;
		};
		DA67FE2914E4834300DB7CC9 /* PBXTargetDependency */ = {
			isa = PBXTargetDependency;
			target = A0511DED127788EC00DE46C4 /* Makefile-scrypt */;
			targetProxy = DA67FE2A14E4834300DB7CC9 /* PBXContainerItemProxy */;
		};
		DA67FE5F14E4836300DB7CC9 /* PBXTargetDependency */ = {
			isa = PBXTargetDependency;
			target = DA67FE2814E4834300DB7CC9 /* util */;
			targetProxy = DA67FE5E14E4836300DB7CC9 /* PBXContainerItemProxy */;
		};
		DA6E4A34155E580D00CFF2D5 /* PBXTargetDependency */ = {
			isa = PBXTargetDependency;
			target = A0511C51127770FD00DE46C4 /* scryptcrypto */;
			targetProxy = DA6E4A33155E580D00CFF2D5 /* PBXContainerItemProxy */;
		};
		DA6E4A3C155E581F00CFF2D5 /* PBXTargetDependency */ = {
			isa = PBXTargetDependency;
			target = DA67FE2814E4834300DB7CC9 /* util */;
			targetProxy = DA6E4A3B155E581F00CFF2D5 /* PBXContainerItemProxy */;
		};
		DA6E4A3E155E582200CFF2D5 /* PBXTargetDependency */ = {
			isa = PBXTargetDependency;
			name = crypto;
			targetProxy = DA6E4A3D155E582200CFF2D5 /* PBXContainerItemProxy */;
		};
		DA6E4A40155E592700CFF2D5 /* PBXTargetDependency */ = {
			isa = PBXTargetDependency;
			name = "Makefile-openssl";
			targetProxy = DA6E4A3F155E592700CFF2D5 /* PBXContainerItemProxy */;
		};
		DABD3EBA1711E84500CF925C /* PBXTargetDependency */ = {
			isa = PBXTargetDependency;
			target = A0511DED127788EC00DE46C4 /* Makefile-scrypt */;
			targetProxy = DABD3EB91711E84500CF925C /* PBXContainerItemProxy */;
		};
		DABD3EBE1711E85B00CF925C /* PBXTargetDependency */ = {
			isa = PBXTargetDependency;
			target = A0511DED127788EC00DE46C4 /* Makefile-scrypt */;
			targetProxy = DABD3EBD1711E85B00CF925C /* PBXContainerItemProxy */;
		};
/* End PBXTargetDependency section */

/* Begin XCBuildConfiguration section */
		1DEB922008733DC00010E9CD /* Release-OSX */ = {
			isa = XCBuildConfiguration;
			buildSettings = {
				ALWAYS_SEARCH_USER_PATHS = NO;
				GCC_MODEL_TUNING = G5;
				GCC_PRECOMPILE_PREFIX_HEADER = NO;
				GCC_THUMB_SUPPORT = NO;
				GCC_VERSION = com.apple.compilers.llvm.clang.1_0;
				PRODUCT_NAME = "$(TARGET_NAME)";
				SKIP_INSTALL = YES;
			};
			name = "Release-OSX";
		};
		1DEB922408733DC00010E9CD /* Release-OSX */ = {
			isa = XCBuildConfiguration;
			buildSettings = {
				ARCHS = "$(ARCHS_STANDARD_32_64_BIT)";
				DEAD_CODE_STRIPPING = YES;
				GCC_C_LANGUAGE_STANDARD = c99;
				GCC_DYNAMIC_NO_PIC = NO;
				GCC_FAST_MATH = YES;
				GCC_GENERATE_DEBUGGING_SYMBOLS = NO;
				GCC_OPTIMIZATION_LEVEL = fast;
				GCC_THUMB_SUPPORT = NO;
				GCC_UNROLL_LOOPS = YES;
				GCC_VERSION = "";
				GCC_WARN_ABOUT_RETURN_TYPE = YES;
				GCC_WARN_INHIBIT_ALL_WARNINGS = YES;
				HEADER_SEARCH_PATHS = "$(SRCROOT)/../../../include/**";
				LD_NO_PIE = NO;
				LLVM_VECTORIZE_LOOPS = YES;
				OTHER_CFLAGS = "-DHAVE_CONFIG_H";
				PUBLIC_HEADERS_FOLDER_PATH = include;
				SDKROOT = macosx;
			};
			name = "Release-OSX";
		};
		A0511C59127770FD00DE46C4 /* Release-OSX */ = {
			isa = XCBuildConfiguration;
			buildSettings = {
				ALWAYS_SEARCH_USER_PATHS = NO;
				GCC_MODEL_TUNING = G5;
				GCC_PRECOMPILE_PREFIX_HEADER = NO;
				GCC_THUMB_SUPPORT = NO;
				GCC_VERSION = com.apple.compilers.llvm.clang.1_0;
				PRODUCT_NAME = "$(TARGET_NAME)";
				SKIP_INSTALL = YES;
			};
			name = "Release-OSX";
		};
		A0511DD0127788A200DE46C4 /* Release-OSX */ = {
			isa = XCBuildConfiguration;
			buildSettings = {
				COPY_PHASE_STRIP = YES;
				DEBUG_INFORMATION_FORMAT = "dwarf-with-dsym";
				GCC_THUMB_SUPPORT = NO;
				GCC_VERSION = com.apple.compilers.llvm.clang.1_0;
				PRODUCT_NAME = scrypt;
				ZERO_LINK = NO;
			};
			name = "Release-OSX";
		};
		A0511DEF127788ED00DE46C4 /* Release-OSX */ = {
			isa = XCBuildConfiguration;
			buildSettings = {
				COPY_PHASE_STRIP = YES;
				DEBUG_INFORMATION_FORMAT = "dwarf-with-dsym";
				GCC_THUMB_SUPPORT = NO;
				GCC_VERSION = com.apple.compilers.llvm.clang.1_0;
				PRODUCT_NAME = Makefile;
				ZERO_LINK = NO;
			};
			name = "Release-OSX";
		};
		DA67FE5C14E4834300DB7CC9 /* Release-OSX */ = {
			isa = XCBuildConfiguration;
			buildSettings = {
				ALWAYS_SEARCH_USER_PATHS = NO;
				GCC_MODEL_TUNING = G5;
				GCC_PRECOMPILE_PREFIX_HEADER = NO;
				GCC_THUMB_SUPPORT = NO;
				GCC_VERSION = com.apple.compilers.llvm.clang.1_0;
				HEADER_SEARCH_PATHS = "";
				PRODUCT_NAME = "$(TARGET_NAME)";
				SKIP_INSTALL = YES;
			};
			name = "Release-OSX";
		};
		DABD3E8E1711E7D700CF925C /* Release-OSX */ = {
			isa = XCBuildConfiguration;
			buildSettings = {
				ALWAYS_SEARCH_USER_PATHS = NO;
				CLANG_CXX_LANGUAGE_STANDARD = "gnu++0x";
				CLANG_CXX_LIBRARY = "libc++";
				CLANG_WARN_CONSTANT_CONVERSION = YES;
				CLANG_WARN_EMPTY_BODY = YES;
				CLANG_WARN_ENUM_CONVERSION = YES;
				CLANG_WARN_INT_CONVERSION = YES;
				CLANG_WARN__DUPLICATE_METHOD_MATCH = YES;
				COPY_PHASE_STRIP = YES;
				DSTROOT = /tmp/scrypt_bin_ios.dst;
				GCC_C_LANGUAGE_STANDARD = gnu99;
				GCC_PRECOMPILE_PREFIX_HEADER = YES;
				GCC_VERSION = com.apple.compilers.llvm.clang.1_0;
				GCC_WARN_UNINITIALIZED_AUTOS = YES;
				GCC_WARN_UNUSED_VARIABLE = YES;
				IPHONEOS_DEPLOYMENT_TARGET = 6.1;
				LIBRARY_SEARCH_PATHS = (
					"$(inherited)",
					"\"$(SRCROOT)\"",
				);
				OTHER_LDFLAGS = "-ObjC";
				PRODUCT_NAME = "$(TARGET_NAME)";
				SDKROOT = iphoneos;
				SKIP_INSTALL = YES;
				VALIDATE_PRODUCT = YES;
			};
			name = "Release-OSX";
		};
		DABD3EA81711E7E100CF925C /* Release-OSX */ = {
			isa = XCBuildConfiguration;
			buildSettings = {
				ALWAYS_SEARCH_USER_PATHS = NO;
				CLANG_CXX_LANGUAGE_STANDARD = "gnu++0x";
				CLANG_CXX_LIBRARY = "libc++";
				CLANG_WARN_CONSTANT_CONVERSION = YES;
				CLANG_WARN_EMPTY_BODY = YES;
				CLANG_WARN_ENUM_CONVERSION = YES;
				CLANG_WARN_INT_CONVERSION = YES;
				CLANG_WARN__DUPLICATE_METHOD_MATCH = YES;
				COPY_PHASE_STRIP = YES;
				DSTROOT = /tmp/scrypt_bin_osx.dst;
				GCC_C_LANGUAGE_STANDARD = gnu99;
				GCC_PRECOMPILE_PREFIX_HEADER = YES;
				GCC_PREFIX_HEADER = "scrypt-bin-osx/scrypt-bin-osx-Prefix.pch";
				GCC_VERSION = com.apple.compilers.llvm.clang.1_0;
				GCC_WARN_UNINITIALIZED_AUTOS = YES;
				GCC_WARN_UNUSED_VARIABLE = YES;
				IPHONEOS_DEPLOYMENT_TARGET = 6.1;
				LIBRARY_SEARCH_PATHS = (
					"$(inherited)",
					"\"$(SRCROOT)\"",
				);
				OTHER_LDFLAGS = "-ObjC";
				PRODUCT_NAME = "$(TARGET_NAME)";
				SDKROOT = macosx;
				SKIP_INSTALL = YES;
				VALIDATE_PRODUCT = YES;
			};
			name = "Release-OSX";
		};
		DAFFC60617ED4298007BB020 /* Release-iOS */ = {
			isa = XCBuildConfiguration;
			buildSettings = {
				ARCHS = "$(ARCHS_STANDARD_INCLUDING_64_BIT)";
				DEAD_CODE_STRIPPING = YES;
				GCC_C_LANGUAGE_STANDARD = c99;
				GCC_DYNAMIC_NO_PIC = NO;
				GCC_FAST_MATH = YES;
				GCC_GENERATE_DEBUGGING_SYMBOLS = NO;
				GCC_OPTIMIZATION_LEVEL = fast;
				GCC_THUMB_SUPPORT = NO;
				GCC_UNROLL_LOOPS = YES;
				GCC_VERSION = "";
				GCC_WARN_ABOUT_RETURN_TYPE = YES;
				GCC_WARN_INHIBIT_ALL_WARNINGS = YES;
				HEADER_SEARCH_PATHS = "$(SRCROOT)/../../../include/**";
				IPHONEOS_DEPLOYMENT_TARGET = 6.0;
				LD_NO_PIE = NO;
				LLVM_VECTORIZE_LOOPS = YES;
				OTHER_CFLAGS = "-DHAVE_CONFIG_H";
				PUBLIC_HEADERS_FOLDER_PATH = include;
				SDKROOT = iphoneos;
			};
			name = "Release-iOS";
		};
		DAFFC60717ED4298007BB020 /* Release-iOS */ = {
			isa = XCBuildConfiguration;
			buildSettings = {
				COPY_PHASE_STRIP = YES;
				DEBUG_INFORMATION_FORMAT = "dwarf-with-dsym";
				GCC_THUMB_SUPPORT = NO;
				GCC_VERSION = com.apple.compilers.llvm.clang.1_0;
				PRODUCT_NAME = Makefile;
				ZERO_LINK = NO;
			};
			name = "Release-iOS";
		};
		DAFFC60817ED4298007BB020 /* Release-iOS */ = {
			isa = XCBuildConfiguration;
			buildSettings = {
				ALWAYS_SEARCH_USER_PATHS = NO;
				GCC_MODEL_TUNING = G5;
				GCC_PRECOMPILE_PREFIX_HEADER = NO;
				GCC_THUMB_SUPPORT = NO;
				GCC_VERSION = com.apple.compilers.llvm.clang.1_0;
				PRODUCT_NAME = "$(TARGET_NAME)";
				SKIP_INSTALL = YES;
			};
			name = "Release-iOS";
		};
		DAFFC60917ED4298007BB020 /* Release-iOS */ = {
			isa = XCBuildConfiguration;
			buildSettings = {
				ALWAYS_SEARCH_USER_PATHS = NO;
				GCC_MODEL_TUNING = G5;
				GCC_PRECOMPILE_PREFIX_HEADER = NO;
				GCC_THUMB_SUPPORT = NO;
				GCC_VERSION = com.apple.compilers.llvm.clang.1_0;
				PRODUCT_NAME = "$(TARGET_NAME)";
				SKIP_INSTALL = YES;
			};
			name = "Release-iOS";
		};
		DAFFC60A17ED4298007BB020 /* Release-iOS */ = {
			isa = XCBuildConfiguration;
			buildSettings = {
				ALWAYS_SEARCH_USER_PATHS = NO;
				GCC_MODEL_TUNING = G5;
				GCC_PRECOMPILE_PREFIX_HEADER = NO;
				GCC_THUMB_SUPPORT = NO;
				GCC_VERSION = com.apple.compilers.llvm.clang.1_0;
				HEADER_SEARCH_PATHS = "";
				PRODUCT_NAME = "$(TARGET_NAME)";
				SKIP_INSTALL = YES;
			};
			name = "Release-iOS";
		};
		DAFFC60B17ED4298007BB020 /* Release-iOS */ = {
			isa = XCBuildConfiguration;
			buildSettings = {
				COPY_PHASE_STRIP = YES;
				DEBUG_INFORMATION_FORMAT = "dwarf-with-dsym";
				GCC_THUMB_SUPPORT = NO;
				GCC_VERSION = com.apple.compilers.llvm.clang.1_0;
				PRODUCT_NAME = scrypt;
				ZERO_LINK = NO;
			};
			name = "Release-iOS";
		};
		DAFFC60C17ED4298007BB020 /* Release-iOS */ = {
			isa = XCBuildConfiguration;
			buildSettings = {
				ALWAYS_SEARCH_USER_PATHS = NO;
				CLANG_CXX_LANGUAGE_STANDARD = "gnu++0x";
				CLANG_CXX_LIBRARY = "libc++";
				CLANG_WARN_CONSTANT_CONVERSION = YES;
				CLANG_WARN_EMPTY_BODY = YES;
				CLANG_WARN_ENUM_CONVERSION = YES;
				CLANG_WARN_INT_CONVERSION = YES;
				CLANG_WARN__DUPLICATE_METHOD_MATCH = YES;
				COPY_PHASE_STRIP = YES;
				DSTROOT = /tmp/scrypt_bin_ios.dst;
				GCC_C_LANGUAGE_STANDARD = gnu99;
				GCC_PRECOMPILE_PREFIX_HEADER = YES;
				GCC_VERSION = com.apple.compilers.llvm.clang.1_0;
				GCC_WARN_UNINITIALIZED_AUTOS = YES;
				GCC_WARN_UNUSED_VARIABLE = YES;
				IPHONEOS_DEPLOYMENT_TARGET = 6.1;
				LIBRARY_SEARCH_PATHS = (
					"$(inherited)",
					"\"$(SRCROOT)\"",
				);
				OTHER_LDFLAGS = "-ObjC";
				PRODUCT_NAME = "$(TARGET_NAME)";
				SDKROOT = iphoneos;
				SKIP_INSTALL = YES;
				VALIDATE_PRODUCT = YES;
			};
			name = "Release-iOS";
		};
		DAFFC60D17ED4298007BB020 /* Release-iOS */ = {
			isa = XCBuildConfiguration;
			buildSettings = {
				ALWAYS_SEARCH_USER_PATHS = NO;
				CLANG_CXX_LANGUAGE_STANDARD = "gnu++0x";
				CLANG_CXX_LIBRARY = "libc++";
				CLANG_WARN_CONSTANT_CONVERSION = YES;
				CLANG_WARN_EMPTY_BODY = YES;
				CLANG_WARN_ENUM_CONVERSION = YES;
				CLANG_WARN_INT_CONVERSION = YES;
				CLANG_WARN__DUPLICATE_METHOD_MATCH = YES;
				COPY_PHASE_STRIP = YES;
				DSTROOT = /tmp/scrypt_bin_osx.dst;
				GCC_C_LANGUAGE_STANDARD = gnu99;
				GCC_PRECOMPILE_PREFIX_HEADER = YES;
				GCC_PREFIX_HEADER = "scrypt-bin-osx/scrypt-bin-osx-Prefix.pch";
				GCC_VERSION = com.apple.compilers.llvm.clang.1_0;
				GCC_WARN_UNINITIALIZED_AUTOS = YES;
				GCC_WARN_UNUSED_VARIABLE = YES;
				IPHONEOS_DEPLOYMENT_TARGET = 6.1;
				LIBRARY_SEARCH_PATHS = (
					"$(inherited)",
					"\"$(SRCROOT)\"",
				);
				OTHER_LDFLAGS = "-ObjC";
				PRODUCT_NAME = "$(TARGET_NAME)";
				SDKROOT = macosx;
				SKIP_INSTALL = YES;
				VALIDATE_PRODUCT = YES;
			};
			name = "Release-iOS";
		};
/* End XCBuildConfiguration section */

/* Begin XCConfigurationList section */
		1DEB921E08733DC00010E9CD /* Build configuration list for PBXNativeTarget "scryptenc" */ = {
			isa = XCConfigurationList;
			buildConfigurations = (
				1DEB922008733DC00010E9CD /* Release-OSX */,
				DAFFC60817ED4298007BB020 /* Release-iOS */,
			);
			defaultConfigurationIsVisible = 0;
			defaultConfigurationName = "Release-OSX";
		};
		1DEB922208733DC00010E9CD /* Build configuration list for PBXProject "scrypt" */ = {
			isa = XCConfigurationList;
			buildConfigurations = (
				1DEB922408733DC00010E9CD /* Release-OSX */,
				DAFFC60617ED4298007BB020 /* Release-iOS */,
			);
			defaultConfigurationIsVisible = 0;
			defaultConfigurationName = "Release-OSX";
		};
		A0511C57127770FD00DE46C4 /* Build configuration list for PBXNativeTarget "scryptcrypto" */ = {
			isa = XCConfigurationList;
			buildConfigurations = (
				A0511C59127770FD00DE46C4 /* Release-OSX */,
				DAFFC60917ED4298007BB020 /* Release-iOS */,
			);
			defaultConfigurationIsVisible = 0;
			defaultConfigurationName = "Release-OSX";
		};
		A0511DEA127788C900DE46C4 /* Build configuration list for PBXAggregateTarget "scrypt" */ = {
			isa = XCConfigurationList;
			buildConfigurations = (
				A0511DD0127788A200DE46C4 /* Release-OSX */,
				DAFFC60B17ED4298007BB020 /* Release-iOS */,
			);
			defaultConfigurationIsVisible = 0;
			defaultConfigurationName = "Release-OSX";
		};
		A0511DF61277891C00DE46C4 /* Build configuration list for PBXLegacyTarget "Makefile-scrypt" */ = {
			isa = XCConfigurationList;
			buildConfigurations = (
				A0511DEF127788ED00DE46C4 /* Release-OSX */,
				DAFFC60717ED4298007BB020 /* Release-iOS */,
			);
			defaultConfigurationIsVisible = 0;
			defaultConfigurationName = "Release-OSX";
		};
		DA67FE5A14E4834300DB7CC9 /* Build configuration list for PBXNativeTarget "util" */ = {
			isa = XCConfigurationList;
			buildConfigurations = (
				DA67FE5C14E4834300DB7CC9 /* Release-OSX */,
				DAFFC60A17ED4298007BB020 /* Release-iOS */,
			);
			defaultConfigurationIsVisible = 0;
			defaultConfigurationName = "Release-OSX";
		};
		DABD3E981711E7D700CF925C /* Build configuration list for PBXNativeTarget "scrypt-bin-ios" */ = {
			isa = XCConfigurationList;
			buildConfigurations = (
				DABD3E8E1711E7D700CF925C /* Release-OSX */,
				DAFFC60C17ED4298007BB020 /* Release-iOS */,
			);
			defaultConfigurationIsVisible = 0;
			defaultConfigurationName = "Release-OSX";
		};
		DABD3EA61711E7E100CF925C /* Build configuration list for PBXNativeTarget "scrypt-bin-osx" */ = {
			isa = XCConfigurationList;
			buildConfigurations = (
				DABD3EA81711E7E100CF925C /* Release-OSX */,
				DAFFC60D17ED4298007BB020 /* Release-iOS */,
			);
			defaultConfigurationIsVisible = 0;
			defaultConfigurationName = "Release-OSX";
		};
/* End XCConfigurationList section */
	};
	rootObject = 0867D690FE84028FC02AAC07 /* Project object */;
}
