// !$*UTF8*$!
{
	archiveVersion = 1;
	classes = {
	};
	objectVersion = 46;
	objects = {

/* Begin PBXBuildFile section */
		DA1A142614E4914E00BCFFBE /* libutil.a in Frameworks */ = {isa = PBXBuildFile; fileRef = DA67FE5D14E4834300DB7CC9 /* libutil.a */; };
		DA6773261A43E5B8004F356A /* liblibcperciva.a in Frameworks */ = {isa = PBXBuildFile; fileRef = DAE52AFC1A26E82F00741CCE /* liblibcperciva.a */; };
		DA8251C514E5CDF7008EBC5A /* libscryptcrypto.a in Frameworks */ = {isa = PBXBuildFile; fileRef = A0511C5A127770FD00DE46C4 /* libscryptcrypto.a */; };
		DABD3EAB1711E80800CF925C /* libscryptenc-ios.a in Frameworks */ = {isa = PBXBuildFile; fileRef = DABD3EA91711E80800CF925C /* libscryptenc-ios.a */; };
		DABD3EAE1711E80800CF925C /* libscryptenc-osx.a in Frameworks */ = {isa = PBXBuildFile; fileRef = DABD3EAA1711E80800CF925C /* libscryptenc-osx.a */; };
		DAE52AEE1A26E77800741CCE /* crypto_scrypt-nosse.c in Sources */ = {isa = PBXBuildFile; fileRef = DAE52ACC1A26E73000741CCE /* crypto_scrypt-nosse.c */; };
		DAE52AEF1A26E77800741CCE /* crypto_scrypt-ref.c in Sources */ = {isa = PBXBuildFile; fileRef = DAE52ACD1A26E73000741CCE /* crypto_scrypt-ref.c */; };
		DAE52AF11A26E77800741CCE /* crypto_scrypt.h in Headers */ = {isa = PBXBuildFile; fileRef = DAE52ACF1A26E73000741CCE /* crypto_scrypt.h */; };
		DAE52AF21A26E77E00741CCE /* scryptenc.c in Sources */ = {isa = PBXBuildFile; fileRef = DAE52AD21A26E73000741CCE /* scryptenc.c */; };
		DAE52AF31A26E77E00741CCE /* scryptenc.h in Headers */ = {isa = PBXBuildFile; fileRef = DAE52AD31A26E73000741CCE /* scryptenc.h */; };
		DAE52AF41A26E77E00741CCE /* scryptenc_cpuperf.c in Sources */ = {isa = PBXBuildFile; fileRef = DAE52AD41A26E73000741CCE /* scryptenc_cpuperf.c */; };
		DAE52AF51A26E77E00741CCE /* scryptenc_cpuperf.h in Headers */ = {isa = PBXBuildFile; fileRef = DAE52AD51A26E73000741CCE /* scryptenc_cpuperf.h */; };
		DAE52AF61A26E78500741CCE /* memlimit.c in Sources */ = {isa = PBXBuildFile; fileRef = DAE52AD71A26E73000741CCE /* memlimit.c */; };
		DAE52AF71A26E78500741CCE /* memlimit.h in Headers */ = {isa = PBXBuildFile; fileRef = DAE52AD81A26E73000741CCE /* memlimit.h */; };
		DAE52B011A26E82F00741CCE /* libcperciva.m in Sources */ = {isa = PBXBuildFile; fileRef = DAE52B001A26E82F00741CCE /* libcperciva.m */; };
		DAE52B131A26E99500741CCE /* sha256.c in Sources */ = {isa = PBXBuildFile; fileRef = DAE52ADB1A26E73000741CCE /* sha256.c */; };
		DAE52B141A26E99B00741CCE /* crypto_aesctr.c in Sources */ = {isa = PBXBuildFile; fileRef = DAE52ADF1A26E73000741CCE /* crypto_aesctr.c */; };
		DAE52B151A26E99E00741CCE /* readpass.c in Sources */ = {isa = PBXBuildFile; fileRef = DAE52AE21A26E73000741CCE /* readpass.c */; };
		DAE52B161A26E9A100741CCE /* warnp.c in Sources */ = {isa = PBXBuildFile; fileRef = DAE52AE51A26E73000741CCE /* warnp.c */; };
		DAE52B181A26E9EC00741CCE /* sha256.h in Headers */ = {isa = PBXBuildFile; fileRef = DAE52ADC1A26E73000741CCE /* sha256.h */; };
		DAE52B191A26E9EC00741CCE /* crypto_aesctr.h in Headers */ = {isa = PBXBuildFile; fileRef = DAE52AE01A26E73000741CCE /* crypto_aesctr.h */; };
		DAE52B1A1A26E9EC00741CCE /* readpass.h in Headers */ = {isa = PBXBuildFile; fileRef = DAE52AE31A26E73000741CCE /* readpass.h */; };
		DAE52B1B1A26E9EC00741CCE /* sysendian.h in Headers */ = {isa = PBXBuildFile; fileRef = DAE52AE41A26E73000741CCE /* sysendian.h */; };
		DAE52B1C1A26E9EC00741CCE /* warnp.h in Headers */ = {isa = PBXBuildFile; fileRef = DAE52AE61A26E73000741CCE /* warnp.h */; };
/* End PBXBuildFile section */

/* Begin PBXContainerItemProxy section */
		A0511DF0127788F600DE46C4 /* PBXContainerItemProxy */ = {
			isa = PBXContainerItemProxy;
			containerPortal = 0867D690FE84028FC02AAC07 /* Project object */;
			proxyType = 1;
			remoteGlobalIDString = A0511DED127788EC00DE46C4;
			remoteInfo = Makefile;
		};
		A0511DF2127788FD00DE46C4 /* PBXContainerItemProxy */ = {
			isa = PBXContainerItemProxy;
			containerPortal = 0867D690FE84028FC02AAC07 /* Project object */;
			proxyType = 1;
			remoteGlobalIDString = A0511DED127788EC00DE46C4;
			remoteInfo = Makefile;
		};
		DA67FE2A14E4834300DB7CC9 /* PBXContainerItemProxy */ = {
			isa = PBXContainerItemProxy;
			containerPortal = 0867D690FE84028FC02AAC07 /* Project object */;
			proxyType = 1;
			remoteGlobalIDString = A0511DED127788EC00DE46C4;
			remoteInfo = Makefile;
		};
		DA6E4A33155E580D00CFF2D5 /* PBXContainerItemProxy */ = {
			isa = PBXContainerItemProxy;
			containerPortal = 0867D690FE84028FC02AAC07 /* Project object */;
			proxyType = 1;
			remoteGlobalIDString = A0511C51127770FD00DE46C4;
			remoteInfo = scryptcrypto;
		};
		DA6E4A3B155E581F00CFF2D5 /* PBXContainerItemProxy */ = {
			isa = PBXContainerItemProxy;
			containerPortal = 0867D690FE84028FC02AAC07 /* Project object */;
			proxyType = 1;
			remoteGlobalIDString = DA67FE2814E4834300DB7CC9;
			remoteInfo = util;
		};
		DABD3EB91711E84500CF925C /* PBXContainerItemProxy */ = {
			isa = PBXContainerItemProxy;
			containerPortal = 0867D690FE84028FC02AAC07 /* Project object */;
			proxyType = 1;
			remoteGlobalIDString = A0511DED127788EC00DE46C4;
			remoteInfo = "Makefile-scrypt";
		};
		DABD3EBD1711E85B00CF925C /* PBXContainerItemProxy */ = {
			isa = PBXContainerItemProxy;
			containerPortal = 0867D690FE84028FC02AAC07 /* Project object */;
			proxyType = 1;
			remoteGlobalIDString = A0511DED127788EC00DE46C4;
			remoteInfo = "Makefile-scrypt";
		};
		DAE52B1D1A26EA2F00741CCE /* PBXContainerItemProxy */ = {
			isa = PBXContainerItemProxy;
			containerPortal = 0867D690FE84028FC02AAC07 /* Project object */;
			proxyType = 1;
			remoteGlobalIDString = DAE52AFB1A26E82F00741CCE;
			remoteInfo = libcperciva;
		};
/* End PBXContainerItemProxy section */

/* Begin PBXCopyFilesBuildPhase section */
		DABD3E821711E7D600CF925C /* CopyFiles */ = {
			isa = PBXCopyFilesBuildPhase;
			buildActionMask = 2147483647;
			dstPath = "include/${PRODUCT_NAME}";
			dstSubfolderSpec = 16;
			files = (
			);
			runOnlyForDeploymentPostprocessing = 0;
		};
		DABD3E9B1711E7E000CF925C /* CopyFiles */ = {
			isa = PBXCopyFilesBuildPhase;
			buildActionMask = 2147483647;
			dstPath = "include/${PRODUCT_NAME}";
			dstSubfolderSpec = 16;
			files = (
			);
			runOnlyForDeploymentPostprocessing = 0;
		};
/* End PBXCopyFilesBuildPhase section */

/* Begin PBXFileReference section */
		A0511321127769BB00DE46C4 /* Makefile */ = {isa = PBXFileReference; fileEncoding = 4; indentWidth = 8; lastKnownFileType = sourcecode.make; path = Makefile; sourceTree = "<group>"; tabWidth = 8; };
		A0511C5A127770FD00DE46C4 /* libscryptcrypto.a */ = {isa = PBXFileReference; explicitFileType = archive.ar; includeInIndex = 0; path = libscryptcrypto.a; sourceTree = BUILT_PRODUCTS_DIR; };
		A0511E2B127789E000DE46C4 /* UIKit.framework */ = {isa = PBXFileReference; lastKnownFileType = wrapper.framework; name = UIKit.framework; path = System/Library/Frameworks/UIKit.framework; sourceTree = SDKROOT; };
		A0511E2D127789E900DE46C4 /* CoreGraphics.framework */ = {isa = PBXFileReference; lastKnownFileType = wrapper.framework; name = CoreGraphics.framework; path = System/Library/Frameworks/CoreGraphics.framework; sourceTree = SDKROOT; };
		A05123771278ACDE00DE46C4 /* README */ = {isa = PBXFileReference; fileEncoding = 4; lastKnownFileType = text; path = README; sourceTree = "<group>"; };
		AACBBE490F95108600F1A2B1 /* Foundation.framework */ = {isa = PBXFileReference; lastKnownFileType = wrapper.framework; name = Foundation.framework; path = System/Library/Frameworks/Foundation.framework; sourceTree = SDKROOT; };
		D2AAC07E0554694100DB518D /* libscryptenc.a */ = {isa = PBXFileReference; explicitFileType = archive.ar; includeInIndex = 0; path = libscryptenc.a; sourceTree = BUILT_PRODUCTS_DIR; };
		DA1A141614E48E9F00BCFFBE /* config.h */ = {isa = PBXFileReference; lastKnownFileType = sourcecode.c.h; path = config.h; sourceTree = "<group>"; };
		DA67FE5D14E4834300DB7CC9 /* libutil.a */ = {isa = PBXFileReference; explicitFileType = archive.ar; includeInIndex = 0; path = libutil.a; sourceTree = BUILT_PRODUCTS_DIR; };
		DA67FE6014E483BD00DB7CC9 /* configure-wrapper.log */ = {isa = PBXFileReference; fileEncoding = 4; lastKnownFileType = text; path = "configure-wrapper.log"; sourceTree = "<group>"; };
		DA67FE6114E483BD00DB7CC9 /* configure-wrapper.sh */ = {isa = PBXFileReference; fileEncoding = 4; lastKnownFileType = text.script.sh; path = "configure-wrapper.sh"; sourceTree = "<group>"; };
		DA67FE6214E483BD00DB7CC9 /* LICENSE */ = {isa = PBXFileReference; fileEncoding = 4; lastKnownFileType = text; path = LICENSE; sourceTree = "<group>"; };
		DA67FE6414E483BD00DB7CC9 /* scrypt-1.1.6.tgz.md5 */ = {isa = PBXFileReference; fileEncoding = 4; lastKnownFileType = text; path = "scrypt-1.1.6.tgz.md5"; sourceTree = "<group>"; };
		DABD3E841711E7D600CF925C /* libscrypt-bin-ios.a */ = {isa = PBXFileReference; explicitFileType = archive.ar; includeInIndex = 0; path = "libscrypt-bin-ios.a"; sourceTree = BUILT_PRODUCTS_DIR; };
		DABD3E9D1711E7E000CF925C /* libscrypt-bin-osx.a */ = {isa = PBXFileReference; explicitFileType = archive.ar; includeInIndex = 0; path = "libscrypt-bin-osx.a"; sourceTree = BUILT_PRODUCTS_DIR; };
		DABD3EA91711E80800CF925C /* libscryptenc-ios.a */ = {isa = PBXFileReference; lastKnownFileType = archive.ar; path = "libscryptenc-ios.a"; sourceTree = "<group>"; };
		DABD3EAA1711E80800CF925C /* libscryptenc-osx.a */ = {isa = PBXFileReference; lastKnownFileType = archive.ar; path = "libscryptenc-osx.a"; sourceTree = "<group>"; };
		DAE52ABC1A269ED700741CCE /* crypto_scrypt.h */ = {isa = PBXFileReference; fileEncoding = 4; lastKnownFileType = sourcecode.c.h; path = crypto_scrypt.h; sourceTree = "<group>"; };
		DAE52ABD1A269ED700741CCE /* memlimit.h */ = {isa = PBXFileReference; fileEncoding = 4; lastKnownFileType = sourcecode.c.h; path = memlimit.h; sourceTree = "<group>"; };
		DAE52ABE1A269ED700741CCE /* scryptenc_cpuperf.h */ = {isa = PBXFileReference; fileEncoding = 4; lastKnownFileType = sourcecode.c.h; path = scryptenc_cpuperf.h; sourceTree = "<group>"; };
		DAE52ABF1A269ED700741CCE /* scryptenc.h */ = {isa = PBXFileReference; fileEncoding = 4; lastKnownFileType = sourcecode.c.h; path = scryptenc.h; sourceTree = "<group>"; };
		DAE52AC11A26E73000741CCE /* acscrypt.m4 */ = {isa = PBXFileReference; fileEncoding = 4; lastKnownFileType = text; path = acscrypt.m4; sourceTree = "<group>"; };
		DAE52AC31A26E73000741CCE /* acscrypt.m4 */ = {isa = PBXFileReference; fileEncoding = 4; lastKnownFileType = text; path = acscrypt.m4; sourceTree = "<group>"; };
		DAE52AC41A26E73000741CCE /* configure.ac */ = {isa = PBXFileReference; fileEncoding = 4; lastKnownFileType = text; path = configure.ac; sourceTree = "<group>"; };
		DAE52AC51A26E73000741CCE /* Makefile.am */ = {isa = PBXFileReference; fileEncoding = 4; lastKnownFileType = text; path = Makefile.am; sourceTree = "<group>"; };
		DAE52AC61A26E73000741CCE /* config.h */ = {isa = PBXFileReference; fileEncoding = 4; lastKnownFileType = sourcecode.c.h; path = config.h; sourceTree = "<group>"; };
		DAE52AC71A26E73000741CCE /* config_freebsd.h */ = {isa = PBXFileReference; fileEncoding = 4; lastKnownFileType = sourcecode.c.h; path = config_freebsd.h; sourceTree = "<group>"; };
		DAE52AC81A26E73000741CCE /* configure.ac */ = {isa = PBXFileReference; fileEncoding = 4; lastKnownFileType = text; path = configure.ac; sourceTree = "<group>"; };
		DAE52AC91A26E73000741CCE /* FORMAT */ = {isa = PBXFileReference; fileEncoding = 4; lastKnownFileType = text; path = FORMAT; sourceTree = "<group>"; };
		DAE52ACC1A26E73000741CCE /* crypto_scrypt-nosse.c */ = {isa = PBXFileReference; fileEncoding = 4; lastKnownFileType = sourcecode.c.c; path = "crypto_scrypt-nosse.c"; sourceTree = "<group>"; };
		DAE52ACD1A26E73000741CCE /* crypto_scrypt-ref.c */ = {isa = PBXFileReference; fileEncoding = 4; lastKnownFileType = sourcecode.c.c; path = "crypto_scrypt-ref.c"; sourceTree = "<group>"; };
		DAE52ACE1A26E73000741CCE /* crypto_scrypt-sse.c */ = {isa = PBXFileReference; fileEncoding = 4; lastKnownFileType = sourcecode.c.c; path = "crypto_scrypt-sse.c"; sourceTree = "<group>"; };
		DAE52ACF1A26E73000741CCE /* crypto_scrypt.h */ = {isa = PBXFileReference; fileEncoding = 4; lastKnownFileType = sourcecode.c.h; path = crypto_scrypt.h; sourceTree = "<group>"; };
		DAE52AD01A26E73000741CCE /* README */ = {isa = PBXFileReference; fileEncoding = 4; lastKnownFileType = text; path = README; sourceTree = "<group>"; };
		DAE52AD21A26E73000741CCE /* scryptenc.c */ = {isa = PBXFileReference; fileEncoding = 4; lastKnownFileType = sourcecode.c.c; path = scryptenc.c; sourceTree = "<group>"; };
		DAE52AD31A26E73000741CCE /* scryptenc.h */ = {isa = PBXFileReference; fileEncoding = 4; lastKnownFileType = sourcecode.c.h; path = scryptenc.h; sourceTree = "<group>"; };
		DAE52AD41A26E73000741CCE /* scryptenc_cpuperf.c */ = {isa = PBXFileReference; fileEncoding = 4; lastKnownFileType = sourcecode.c.c; path = scryptenc_cpuperf.c; sourceTree = "<group>"; };
		DAE52AD51A26E73000741CCE /* scryptenc_cpuperf.h */ = {isa = PBXFileReference; fileEncoding = 4; lastKnownFileType = sourcecode.c.h; path = scryptenc_cpuperf.h; sourceTree = "<group>"; };
		DAE52AD71A26E73000741CCE /* memlimit.c */ = {isa = PBXFileReference; fileEncoding = 4; lastKnownFileType = sourcecode.c.c; path = memlimit.c; sourceTree = "<group>"; };
		DAE52AD81A26E73000741CCE /* memlimit.h */ = {isa = PBXFileReference; fileEncoding = 4; lastKnownFileType = sourcecode.c.h; path = memlimit.h; sourceTree = "<group>"; };
		DAE52ADB1A26E73000741CCE /* sha256.c */ = {isa = PBXFileReference; fileEncoding = 4; lastKnownFileType = sourcecode.c.c; path = sha256.c; sourceTree = "<group>"; };
		DAE52ADC1A26E73000741CCE /* sha256.h */ = {isa = PBXFileReference; fileEncoding = 4; lastKnownFileType = sourcecode.c.h; path = sha256.h; sourceTree = "<group>"; };
		DAE52ADD1A26E73000741CCE /* COPYRIGHT */ = {isa = PBXFileReference; fileEncoding = 4; lastKnownFileType = text; path = COPYRIGHT; sourceTree = "<group>"; };
		DAE52ADF1A26E73000741CCE /* crypto_aesctr.c */ = {isa = PBXFileReference; fileEncoding = 4; lastKnownFileType = sourcecode.c.c; path = crypto_aesctr.c; sourceTree = "<group>"; };
		DAE52AE01A26E73000741CCE /* crypto_aesctr.h */ = {isa = PBXFileReference; fileEncoding = 4; lastKnownFileType = sourcecode.c.h; path = crypto_aesctr.h; sourceTree = "<group>"; };
		DAE52AE21A26E73000741CCE /* readpass.c */ = {isa = PBXFileReference; fileEncoding = 4; lastKnownFileType = sourcecode.c.c; path = readpass.c; sourceTree = "<group>"; };
		DAE52AE31A26E73000741CCE /* readpass.h */ = {isa = PBXFileReference; fileEncoding = 4; lastKnownFileType = sourcecode.c.h; path = readpass.h; sourceTree = "<group>"; };
		DAE52AE41A26E73000741CCE /* sysendian.h */ = {isa = PBXFileReference; fileEncoding = 4; lastKnownFileType = sourcecode.c.h; path = sysendian.h; sourceTree = "<group>"; };
		DAE52AE51A26E73000741CCE /* warnp.c */ = {isa = PBXFileReference; fileEncoding = 4; lastKnownFileType = sourcecode.c.c; path = warnp.c; sourceTree = "<group>"; };
		DAE52AE61A26E73000741CCE /* warnp.h */ = {isa = PBXFileReference; fileEncoding = 4; lastKnownFileType = sourcecode.c.h; path = warnp.h; sourceTree = "<group>"; };
		DAE52AE71A26E73000741CCE /* main.c */ = {isa = PBXFileReference; fileEncoding = 4; lastKnownFileType = sourcecode.c.c; path = main.c; sourceTree = "<group>"; };
		DAE52AE81A26E73000741CCE /* Makefile */ = {isa = PBXFileReference; fileEncoding = 4; lastKnownFileType = sourcecode.make; path = Makefile; sourceTree = "<group>"; };
		DAE52AE91A26E73000741CCE /* Makefile.am */ = {isa = PBXFileReference; fileEncoding = 4; lastKnownFileType = text; path = Makefile.am; sourceTree = "<group>"; };
		DAE52AEA1A26E73000741CCE /* patched_for_xcode */ = {isa = PBXFileReference; fileEncoding = 4; lastKnownFileType = text; path = patched_for_xcode; sourceTree = "<group>"; };
		DAE52AEB1A26E73000741CCE /* scrypt-version */ = {isa = PBXFileReference; fileEncoding = 4; lastKnownFileType = text; path = "scrypt-version"; sourceTree = "<group>"; };
		DAE52AEC1A26E73000741CCE /* scrypt.1 */ = {isa = PBXFileReference; fileEncoding = 4; lastKnownFileType = text.man; path = scrypt.1; sourceTree = "<group>"; };
		DAE52AED1A26E73000741CCE /* scrypt_platform.h */ = {isa = PBXFileReference; fileEncoding = 4; lastKnownFileType = sourcecode.c.h; path = scrypt_platform.h; sourceTree = "<group>"; };
		DAE52AFC1A26E82F00741CCE /* liblibcperciva.a */ = {isa = PBXFileReference; explicitFileType = archive.ar; includeInIndex = 0; path = liblibcperciva.a; sourceTree = BUILT_PRODUCTS_DIR; };
		DAE52AFE1A26E82F00741CCE /* libcperciva.h */ = {isa = PBXFileReference; lastKnownFileType = sourcecode.c.h; path = libcperciva.h; sourceTree = "<group>"; };
		DAE52B001A26E82F00741CCE /* libcperciva.m */ = {isa = PBXFileReference; lastKnownFileType = sourcecode.c.objc; path = libcperciva.m; sourceTree = "<group>"; };
		DAE52B0C1A26E82F00741CCE /* Info.plist */ = {isa = PBXFileReference; lastKnownFileType = text.plist.xml; path = Info.plist; sourceTree = "<group>"; };
		DAE8E64A1985763500416A0F /* scrypt-1.1.6-sha256.patch */ = {isa = PBXFileReference; lastKnownFileType = text; path = "scrypt-1.1.6-sha256.patch"; sourceTree = "<group>"; };
		DAE8E64B1985763500416A0F /* scrypt-1.1.6-pickparams.patch */ = {isa = PBXFileReference; lastKnownFileType = text; path = "scrypt-1.1.6-pickparams.patch"; sourceTree = "<group>"; };
/* End PBXFileReference section */

/* Begin PBXFrameworksBuildPhase section */
		A0511C55127770FD00DE46C4 /* Frameworks */ = {
			isa = PBXFrameworksBuildPhase;
			buildActionMask = 2147483647;
			files = (
				DA6773261A43E5B8004F356A /* liblibcperciva.a in Frameworks */,
				DA1A142614E4914E00BCFFBE /* libutil.a in Frameworks */,
			);
			runOnlyForDeploymentPostprocessing = 0;
		};
		D2AAC07C0554694100DB518D /* Frameworks */ = {
			isa = PBXFrameworksBuildPhase;
			buildActionMask = 2147483647;
			files = (
				DA8251C514E5CDF7008EBC5A /* libscryptcrypto.a in Frameworks */,
			);
			runOnlyForDeploymentPostprocessing = 0;
		};
		DA67FE5914E4834300DB7CC9 /* Frameworks */ = {
			isa = PBXFrameworksBuildPhase;
			buildActionMask = 2147483647;
			files = (
			);
			runOnlyForDeploymentPostprocessing = 0;
		};
		DABD3E811711E7D600CF925C /* Frameworks */ = {
			isa = PBXFrameworksBuildPhase;
			buildActionMask = 2147483647;
			files = (
				DABD3EAB1711E80800CF925C /* libscryptenc-ios.a in Frameworks */,
			);
			runOnlyForDeploymentPostprocessing = 0;
		};
		DABD3E9A1711E7E000CF925C /* Frameworks */ = {
			isa = PBXFrameworksBuildPhase;
			buildActionMask = 2147483647;
			files = (
				DABD3EAE1711E80800CF925C /* libscryptenc-osx.a in Frameworks */,
			);
			runOnlyForDeploymentPostprocessing = 0;
		};
		DAE52AF91A26E82F00741CCE /* Frameworks */ = {
			isa = PBXFrameworksBuildPhase;
			buildActionMask = 2147483647;
			files = (
			);
			runOnlyForDeploymentPostprocessing = 0;
		};
/* End PBXFrameworksBuildPhase section */

/* Begin PBXGroup section */
		034768DFFF38A50411DB9C8B /* Products */ = {
			isa = PBXGroup;
			children = (
				D2AAC07E0554694100DB518D /* libscryptenc.a */,
				A0511C5A127770FD00DE46C4 /* libscryptcrypto.a */,
				DA67FE5D14E4834300DB7CC9 /* libutil.a */,
				DABD3E841711E7D600CF925C /* libscrypt-bin-ios.a */,
				DABD3E9D1711E7E000CF925C /* libscrypt-bin-osx.a */,
				DAE52AFC1A26E82F00741CCE /* liblibcperciva.a */,
			);
			name = Products;
			sourceTree = "<group>";
		};
		0867D691FE84028FC02AAC07 /* openssl */ = {
			isa = PBXGroup;
			children = (
				DABD3EAF1711E81B00CF925C /* scrypt */,
				DABD3EA91711E80800CF925C /* libscryptenc-ios.a */,
				DABD3EAA1711E80800CF925C /* libscryptenc-osx.a */,
				A05123771278ACDE00DE46C4 /* README */,
				A0511321127769BB00DE46C4 /* Makefile */,
				A051131E127769BB00DE46C4 /* build-aux */,
				DAE52AC01A26E73000741CCE /* libscrypt */,
				DAE52AFD1A26E82F00741CCE /* libcperciva */,
				DAE52B0A1A26E82F00741CCE /* libcpercivaTests */,
				0867D69AFE84028FC02AAC07 /* Frameworks */,
				034768DFFF38A50411DB9C8B /* Products */,
			);
			name = openssl;
			sourceTree = "<group>";
		};
		0867D69AFE84028FC02AAC07 /* Frameworks */ = {
			isa = PBXGroup;
			children = (
				A0511E2B127789E000DE46C4 /* UIKit.framework */,
				A0511E2D127789E900DE46C4 /* CoreGraphics.framework */,
				AACBBE490F95108600F1A2B1 /* Foundation.framework */,
			);
			name = Frameworks;
			sourceTree = "<group>";
		};
		A051131E127769BB00DE46C4 /* build-aux */ = {
			isa = PBXGroup;
			children = (
				DA1A141614E48E9F00BCFFBE /* config.h */,
				DA67FE6014E483BD00DB7CC9 /* configure-wrapper.log */,
				DA67FE6114E483BD00DB7CC9 /* configure-wrapper.sh */,
				DA67FE6214E483BD00DB7CC9 /* LICENSE */,
				DA67FE6414E483BD00DB7CC9 /* scrypt-1.1.6.tgz.md5 */,
				DAE8E64A1985763500416A0F /* scrypt-1.1.6-sha256.patch */,
				DAE8E64B1985763500416A0F /* scrypt-1.1.6-pickparams.patch */,
			);
			path = "build-aux";
			sourceTree = "<group>";
		};
		DABD3EAF1711E81B00CF925C /* scrypt */ = {
			isa = PBXGroup;
			children = (
				DAE52ABC1A269ED700741CCE /* crypto_scrypt.h */,
				DAE52ABD1A269ED700741CCE /* memlimit.h */,
				DAE52ABE1A269ED700741CCE /* scryptenc_cpuperf.h */,
				DAE52ABF1A269ED700741CCE /* scryptenc.h */,
			);
			name = scrypt;
			path = ../../../include/scrypt;
			sourceTree = "<group>";
		};
		DAE52AC01A26E73000741CCE /* libscrypt */ = {
			isa = PBXGroup;
			children = (
				DAE52AC11A26E73000741CCE /* acscrypt.m4 */,
				DAE52AC21A26E73000741CCE /* autocrap */,
				DAE52AC61A26E73000741CCE /* config.h */,
				DAE52AC71A26E73000741CCE /* config_freebsd.h */,
				DAE52AC81A26E73000741CCE /* configure.ac */,
				DAE52AC91A26E73000741CCE /* FORMAT */,
				DAE52ACA1A26E73000741CCE /* lib */,
				DAE52AD91A26E73000741CCE /* libcperciva */,
				DAE52AE71A26E73000741CCE /* main.c */,
				DAE52AE81A26E73000741CCE /* Makefile */,
				DAE52AE91A26E73000741CCE /* Makefile.am */,
				DAE52AEA1A26E73000741CCE /* patched_for_xcode */,
				DAE52AEB1A26E73000741CCE /* scrypt-version */,
				DAE52AEC1A26E73000741CCE /* scrypt.1 */,
				DAE52AED1A26E73000741CCE /* scrypt_platform.h */,
			);
			path = libscrypt;
			sourceTree = "<group>";
		};
		DAE52AC21A26E73000741CCE /* autocrap */ = {
			isa = PBXGroup;
			children = (
				DAE52AC31A26E73000741CCE /* acscrypt.m4 */,
				DAE52AC41A26E73000741CCE /* configure.ac */,
				DAE52AC51A26E73000741CCE /* Makefile.am */,
			);
			path = autocrap;
			sourceTree = "<group>";
		};
		DAE52ACA1A26E73000741CCE /* lib */ = {
			isa = PBXGroup;
			children = (
				DAE52ACB1A26E73000741CCE /* crypto */,
				DAE52AD01A26E73000741CCE /* README */,
				DAE52AD11A26E73000741CCE /* scryptenc */,
				DAE52AD61A26E73000741CCE /* util */,
			);
			path = lib;
			sourceTree = "<group>";
		};
		DAE52ACB1A26E73000741CCE /* crypto */ = {
			isa = PBXGroup;
			children = (
				DAE52ACC1A26E73000741CCE /* crypto_scrypt-nosse.c */,
				DAE52ACD1A26E73000741CCE /* crypto_scrypt-ref.c */,
				DAE52ACE1A26E73000741CCE /* crypto_scrypt-sse.c */,
				DAE52ACF1A26E73000741CCE /* crypto_scrypt.h */,
			);
			path = crypto;
			sourceTree = "<group>";
		};
		DAE52AD11A26E73000741CCE /* scryptenc */ = {
			isa = PBXGroup;
			children = (
				DAE52AD21A26E73000741CCE /* scryptenc.c */,
				DAE52AD31A26E73000741CCE /* scryptenc.h */,
				DAE52AD41A26E73000741CCE /* scryptenc_cpuperf.c */,
				DAE52AD51A26E73000741CCE /* scryptenc_cpuperf.h */,
			);
			path = scryptenc;
			sourceTree = "<group>";
		};
		DAE52AD61A26E73000741CCE /* util */ = {
			isa = PBXGroup;
			children = (
				DAE52AD71A26E73000741CCE /* memlimit.c */,
				DAE52AD81A26E73000741CCE /* memlimit.h */,
			);
			path = util;
			sourceTree = "<group>";
		};
		DAE52AD91A26E73000741CCE /* libcperciva */ = {
			isa = PBXGroup;
			children = (
				DAE52ADA1A26E73000741CCE /* alg */,
				DAE52ADD1A26E73000741CCE /* COPYRIGHT */,
				DAE52ADE1A26E73000741CCE /* crypto */,
				DAE52AE11A26E73000741CCE /* util */,
			);
			path = libcperciva;
			sourceTree = "<group>";
		};
		DAE52ADA1A26E73000741CCE /* alg */ = {
			isa = PBXGroup;
			children = (
				DAE52ADB1A26E73000741CCE /* sha256.c */,
				DAE52ADC1A26E73000741CCE /* sha256.h */,
			);
			path = alg;
			sourceTree = "<group>";
		};
		DAE52ADE1A26E73000741CCE /* crypto */ = {
			isa = PBXGroup;
			children = (
				DAE52ADF1A26E73000741CCE /* crypto_aesctr.c */,
				DAE52AE01A26E73000741CCE /* crypto_aesctr.h */,
			);
			path = crypto;
			sourceTree = "<group>";
		};
		DAE52AE11A26E73000741CCE /* util */ = {
			isa = PBXGroup;
			children = (
				DAE52AE21A26E73000741CCE /* readpass.c */,
				DAE52AE31A26E73000741CCE /* readpass.h */,
				DAE52AE41A26E73000741CCE /* sysendian.h */,
				DAE52AE51A26E73000741CCE /* warnp.c */,
				DAE52AE61A26E73000741CCE /* warnp.h */,
			);
			path = util;
			sourceTree = "<group>";
		};
		DAE52AFD1A26E82F00741CCE /* libcperciva */ = {
			isa = PBXGroup;
			children = (
				DAE52AFE1A26E82F00741CCE /* libcperciva.h */,
				DAE52B001A26E82F00741CCE /* libcperciva.m */,
			);
			path = libcperciva;
			sourceTree = "<group>";
		};
		DAE52B0A1A26E82F00741CCE /* libcpercivaTests */ = {
			isa = PBXGroup;
			children = (
				DAE52B0B1A26E82F00741CCE /* Supporting Files */,
			);
			path = libcpercivaTests;
			sourceTree = "<group>";
		};
		DAE52B0B1A26E82F00741CCE /* Supporting Files */ = {
			isa = PBXGroup;
			children = (
				DAE52B0C1A26E82F00741CCE /* Info.plist */,
			);
			name = "Supporting Files";
			sourceTree = "<group>";
		};
/* End PBXGroup section */

/* Begin PBXHeadersBuildPhase section */
		A0511C52127770FD00DE46C4 /* Headers */ = {
			isa = PBXHeadersBuildPhase;
			buildActionMask = 2147483647;
			files = (
				DAE52AF11A26E77800741CCE /* crypto_scrypt.h in Headers */,
			);
			runOnlyForDeploymentPostprocessing = 0;
		};
		D2AAC07A0554694100DB518D /* Headers */ = {
			isa = PBXHeadersBuildPhase;
			buildActionMask = 2147483647;
			files = (
				DAE52AF51A26E77E00741CCE /* scryptenc_cpuperf.h in Headers */,
				DAE52AF31A26E77E00741CCE /* scryptenc.h in Headers */,
			);
			runOnlyForDeploymentPostprocessing = 0;
		};
		DA67FE2B14E4834300DB7CC9 /* Headers */ = {
			isa = PBXHeadersBuildPhase;
			buildActionMask = 2147483647;
			files = (
				DAE52AF71A26E78500741CCE /* memlimit.h in Headers */,
			);
			runOnlyForDeploymentPostprocessing = 0;
		};
		DABD3ECC171227DF00CF925C /* Headers */ = {
			isa = PBXHeadersBuildPhase;
			buildActionMask = 2147483647;
			files = (
			);
			runOnlyForDeploymentPostprocessing = 0;
		};
		DABD3F681712288500CF925C /* Headers */ = {
			isa = PBXHeadersBuildPhase;
			buildActionMask = 2147483647;
			files = (
			);
			runOnlyForDeploymentPostprocessing = 0;
		};
		DAE52B171A26E9C700741CCE /* Headers */ = {
			isa = PBXHeadersBuildPhase;
			buildActionMask = 2147483647;
			files = (
				DAE52B1A1A26E9EC00741CCE /* readpass.h in Headers */,
				DAE52B181A26E9EC00741CCE /* sha256.h in Headers */,
				DAE52B1C1A26E9EC00741CCE /* warnp.h in Headers */,
				DAE52B191A26E9EC00741CCE /* crypto_aesctr.h in Headers */,
				DAE52B1B1A26E9EC00741CCE /* sysendian.h in Headers */,
			);
			runOnlyForDeploymentPostprocessing = 0;
		};
/* End PBXHeadersBuildPhase section */

/* Begin PBXLegacyTarget section */
		A0511DED127788EC00DE46C4 /* Makefile-scrypt */ = {
			isa = PBXLegacyTarget;
			buildArgumentsString = "$(ACTION)";
			buildConfigurationList = A0511DF61277891C00DE46C4 /* Build configuration list for PBXLegacyTarget "Makefile-scrypt" */;
			buildPhases = (
			);
			buildToolPath = /usr/bin/make;
			dependencies = (
			);
			name = "Makefile-scrypt";
			passBuildSettingsInEnvironment = 1;
			productName = Makefile;
		};
/* End PBXLegacyTarget section */

/* Begin PBXNativeTarget section */
		A0511C51127770FD00DE46C4 /* scryptcrypto */ = {
			isa = PBXNativeTarget;
			buildConfigurationList = A0511C57127770FD00DE46C4 /* Build configuration list for PBXNativeTarget "scryptcrypto" */;
			buildPhases = (
				A0511C52127770FD00DE46C4 /* Headers */,
				A0511C54127770FD00DE46C4 /* Sources */,
				A0511C55127770FD00DE46C4 /* Frameworks */,
			);
			buildRules = (
			);
			dependencies = (
				A0511DF3127788FD00DE46C4 /* PBXTargetDependency */,
				DAE52B1E1A26EA2F00741CCE /* PBXTargetDependency */,
				DA6E4A3C155E581F00CFF2D5 /* PBXTargetDependency */,
			);
			name = scryptcrypto;
			productName = openssl;
			productReference = A0511C5A127770FD00DE46C4 /* libscryptcrypto.a */;
			productType = "com.apple.product-type.library.static";
		};
		D2AAC07D0554694100DB518D /* scryptenc */ = {
			isa = PBXNativeTarget;
			buildConfigurationList = 1DEB921E08733DC00010E9CD /* Build configuration list for PBXNativeTarget "scryptenc" */;
			buildPhases = (
				D2AAC07A0554694100DB518D /* Headers */,
				D2AAC07B0554694100DB518D /* Sources */,
				D2AAC07C0554694100DB518D /* Frameworks */,
			);
			buildRules = (
			);
			dependencies = (
				A0511DF1127788F600DE46C4 /* PBXTargetDependency */,
				DA6E4A34155E580D00CFF2D5 /* PBXTargetDependency */,
			);
			name = scryptenc;
			productName = openssl;
			productReference = D2AAC07E0554694100DB518D /* libscryptenc.a */;
			productType = "com.apple.product-type.library.static";
		};
		DA67FE2814E4834300DB7CC9 /* util */ = {
			isa = PBXNativeTarget;
			buildConfigurationList = DA67FE5A14E4834300DB7CC9 /* Build configuration list for PBXNativeTarget "util" */;
			buildPhases = (
				DA67FE2B14E4834300DB7CC9 /* Headers */,
				DA67FE2C14E4834300DB7CC9 /* Sources */,
				DA67FE5914E4834300DB7CC9 /* Frameworks */,
			);
			buildRules = (
			);
			dependencies = (
				DA67FE2914E4834300DB7CC9 /* PBXTargetDependency */,
			);
			name = util;
			productName = openssl;
			productReference = DA67FE5D14E4834300DB7CC9 /* libutil.a */;
			productType = "com.apple.product-type.library.static";
		};
		DABD3E831711E7D600CF925C /* scrypt-bin-ios */ = {
			isa = PBXNativeTarget;
			buildConfigurationList = DABD3E981711E7D700CF925C /* Build configuration list for PBXNativeTarget "scrypt-bin-ios" */;
			buildPhases = (
				DABD3E801711E7D600CF925C /* Sources */,
				DABD3E811711E7D600CF925C /* Frameworks */,
				DABD3E821711E7D600CF925C /* CopyFiles */,
				DABD3ECC171227DF00CF925C /* Headers */,
			);
			buildRules = (
			);
			dependencies = (
				DABD3EBA1711E84500CF925C /* PBXTargetDependency */,
			);
			name = "scrypt-bin-ios";
			productName = "scrypt-bin-ios";
			productReference = DABD3E841711E7D600CF925C /* libscrypt-bin-ios.a */;
			productType = "com.apple.product-type.library.static";
		};
		DABD3E9C1711E7E000CF925C /* scrypt-bin-osx */ = {
			isa = PBXNativeTarget;
			buildConfigurationList = DABD3EA61711E7E100CF925C /* Build configuration list for PBXNativeTarget "scrypt-bin-osx" */;
			buildPhases = (
				DABD3E991711E7E000CF925C /* Sources */,
				DABD3E9A1711E7E000CF925C /* Frameworks */,
				DABD3E9B1711E7E000CF925C /* CopyFiles */,
				DABD3F681712288500CF925C /* Headers */,
			);
			buildRules = (
			);
			dependencies = (
				DABD3EBE1711E85B00CF925C /* PBXTargetDependency */,
			);
			name = "scrypt-bin-osx";
			productName = "scrypt-bin-osx";
			productReference = DABD3E9D1711E7E000CF925C /* libscrypt-bin-osx.a */;
			productType = "com.apple.product-type.library.static";
		};
		DAE52AFB1A26E82F00741CCE /* libcperciva */ = {
			isa = PBXNativeTarget;
			buildConfigurationList = DAE52B0D1A26E82F00741CCE /* Build configuration list for PBXNativeTarget "libcperciva" */;
			buildPhases = (
				DAE52B171A26E9C700741CCE /* Headers */,
				DAE52AF81A26E82F00741CCE /* Sources */,
				DAE52AF91A26E82F00741CCE /* Frameworks */,
			);
			buildRules = (
			);
			dependencies = (
			);
			name = libcperciva;
			productName = libcperciva;
			productReference = DAE52AFC1A26E82F00741CCE /* liblibcperciva.a */;
			productType = "com.apple.product-type.library.static";
		};
/* End PBXNativeTarget section */

/* Begin PBXProject section */
		0867D690FE84028FC02AAC07 /* Project object */ = {
			isa = PBXProject;
			attributes = {
				LastUpgradeCheck = 0610;
				TargetAttributes = {
					DAE52AFB1A26E82F00741CCE = {
						CreatedOnToolsVersion = 6.1;
					};
				};
			};
			buildConfigurationList = 1DEB922208733DC00010E9CD /* Build configuration list for PBXProject "scrypt" */;
			compatibilityVersion = "Xcode 3.2";
			developmentRegion = English;
			hasScannedForEncodings = 1;
			knownRegions = (
				English,
				Japanese,
				French,
				German,
			);
			mainGroup = 0867D691FE84028FC02AAC07 /* openssl */;
			productRefGroup = 034768DFFF38A50411DB9C8B /* Products */;
			projectDirPath = "";
			projectRoot = "";
			targets = (
				A0511DED127788EC00DE46C4 /* Makefile-scrypt */,
				D2AAC07D0554694100DB518D /* scryptenc */,
				A0511C51127770FD00DE46C4 /* scryptcrypto */,
				DA67FE2814E4834300DB7CC9 /* util */,
				DAE52AFB1A26E82F00741CCE /* libcperciva */,
				DABD3E831711E7D600CF925C /* scrypt-bin-ios */,
				DABD3E9C1711E7E000CF925C /* scrypt-bin-osx */,
			);
		};
/* End PBXProject section */

/* Begin PBXSourcesBuildPhase section */
		A0511C54127770FD00DE46C4 /* Sources */ = {
			isa = PBXSourcesBuildPhase;
			buildActionMask = 2147483647;
			files = (
				DAE52AEE1A26E77800741CCE /* crypto_scrypt-nosse.c in Sources */,
				DAE52AEF1A26E77800741CCE /* crypto_scrypt-ref.c in Sources */,
			);
			runOnlyForDeploymentPostprocessing = 0;
		};
		D2AAC07B0554694100DB518D /* Sources */ = {
			isa = PBXSourcesBuildPhase;
			buildActionMask = 2147483647;
			files = (
				DAE52AF21A26E77E00741CCE /* scryptenc.c in Sources */,
				DAE52AF41A26E77E00741CCE /* scryptenc_cpuperf.c in Sources */,
			);
			runOnlyForDeploymentPostprocessing = 0;
		};
		DA67FE2C14E4834300DB7CC9 /* Sources */ = {
			isa = PBXSourcesBuildPhase;
			buildActionMask = 2147483647;
			files = (
				DAE52AF61A26E78500741CCE /* memlimit.c in Sources */,
			);
			runOnlyForDeploymentPostprocessing = 0;
		};
		DABD3E801711E7D600CF925C /* Sources */ = {
			isa = PBXSourcesBuildPhase;
			buildActionMask = 2147483647;
			files = (
			);
			runOnlyForDeploymentPostprocessing = 0;
		};
		DABD3E991711E7E000CF925C /* Sources */ = {
			isa = PBXSourcesBuildPhase;
			buildActionMask = 2147483647;
			files = (
			);
			runOnlyForDeploymentPostprocessing = 0;
		};
		DAE52AF81A26E82F00741CCE /* Sources */ = {
			isa = PBXSourcesBuildPhase;
			buildActionMask = 2147483647;
			files = (
				DAE52B131A26E99500741CCE /* sha256.c in Sources */,
				DAE52B011A26E82F00741CCE /* libcperciva.m in Sources */,
				DAE52B161A26E9A100741CCE /* warnp.c in Sources */,
				DAE52B151A26E99E00741CCE /* readpass.c in Sources */,
				DAE52B141A26E99B00741CCE /* crypto_aesctr.c in Sources */,
			);
			runOnlyForDeploymentPostprocessing = 0;
		};
/* End PBXSourcesBuildPhase section */

/* Begin PBXTargetDependency section */
		A0511DF1127788F600DE46C4 /* PBXTargetDependency */ = {
			isa = PBXTargetDependency;
			target = A0511DED127788EC00DE46C4 /* Makefile-scrypt */;
			targetProxy = A0511DF0127788F600DE46C4 /* PBXContainerItemProxy */;
		};
		A0511DF3127788FD00DE46C4 /* PBXTargetDependency */ = {
			isa = PBXTargetDependency;
			target = A0511DED127788EC00DE46C4 /* Makefile-scrypt */;
			targetProxy = A0511DF2127788FD00DE46C4 /* PBXContainerItemProxy */;
		};
		DA67FE2914E4834300DB7CC9 /* PBXTargetDependency */ = {
			isa = PBXTargetDependency;
			target = A0511DED127788EC00DE46C4 /* Makefile-scrypt */;
			targetProxy = DA67FE2A14E4834300DB7CC9 /* PBXContainerItemProxy */;
		};
		DA6E4A34155E580D00CFF2D5 /* PBXTargetDependency */ = {
			isa = PBXTargetDependency;
			target = A0511C51127770FD00DE46C4 /* scryptcrypto */;
			targetProxy = DA6E4A33155E580D00CFF2D5 /* PBXContainerItemProxy */;
		};
		DA6E4A3C155E581F00CFF2D5 /* PBXTargetDependency */ = {
			isa = PBXTargetDependency;
			target = DA67FE2814E4834300DB7CC9 /* util */;
			targetProxy = DA6E4A3B155E581F00CFF2D5 /* PBXContainerItemProxy */;
		};
		DABD3EBA1711E84500CF925C /* PBXTargetDependency */ = {
			isa = PBXTargetDependency;
			target = A0511DED127788EC00DE46C4 /* Makefile-scrypt */;
			targetProxy = DABD3EB91711E84500CF925C /* PBXContainerItemProxy */;
		};
		DABD3EBE1711E85B00CF925C /* PBXTargetDependency */ = {
			isa = PBXTargetDependency;
			target = A0511DED127788EC00DE46C4 /* Makefile-scrypt */;
			targetProxy = DABD3EBD1711E85B00CF925C /* PBXContainerItemProxy */;
		};
		DAE52B1E1A26EA2F00741CCE /* PBXTargetDependency */ = {
			isa = PBXTargetDependency;
			target = DAE52AFB1A26E82F00741CCE /* libcperciva */;
			targetProxy = DAE52B1D1A26EA2F00741CCE /* PBXContainerItemProxy */;
		};
/* End PBXTargetDependency section */

/* Begin XCBuildConfiguration section */
		1DEB922008733DC00010E9CD /* Release-OSX */ = {
			isa = XCBuildConfiguration;
			buildSettings = {
				COMBINE_HIDPI_IMAGES = YES;
			};
			name = "Release-OSX";
		};
		1DEB922408733DC00010E9CD /* Release-OSX */ = {
			isa = XCBuildConfiguration;
			buildSettings = {
				ALWAYS_SEARCH_USER_PATHS = NO;
				ARCHS = "$(ARCHS_STANDARD_32_64_BIT)";
				COPY_PHASE_STRIP = NO;
				DEAD_CODE_STRIPPING = YES;
				GCC_C_LANGUAGE_STANDARD = c99;
				GCC_DYNAMIC_NO_PIC = NO;
				GCC_FAST_MATH = YES;
				GCC_GENERATE_DEBUGGING_SYMBOLS = NO;
				GCC_MODEL_TUNING = G5;
				GCC_OPTIMIZATION_LEVEL = fast;
				GCC_THUMB_SUPPORT = NO;
				GCC_UNROLL_LOOPS = YES;
				GCC_VERSION = "";
				GCC_WARN_ABOUT_RETURN_TYPE = YES;
				GCC_WARN_INHIBIT_ALL_WARNINGS = YES;
				HEADER_SEARCH_PATHS = "$(SRCROOT)/../../../include/**";
				LD_NO_PIE = NO;
				LLVM_VECTORIZE_LOOPS = YES;
				OTHER_CFLAGS = "-DHAVE_CONFIG_H";
				PRODUCT_NAME = "$(TARGET_NAME)";
				PUBLIC_HEADERS_FOLDER_PATH = include;
				SDKROOT = macosx;
				SKIP_INSTALL = YES;
			};
			name = "Release-OSX";
		};
		A0511C59127770FD00DE46C4 /* Release-OSX */ = {
			isa = XCBuildConfiguration;
			buildSettings = {
				COMBINE_HIDPI_IMAGES = YES;
			};
			name = "Release-OSX";
		};
		A0511DEF127788ED00DE46C4 /* Release-OSX */ = {
			isa = XCBuildConfiguration;
			buildSettings = {
				COPY_PHASE_STRIP = YES;
				DEBUG_INFORMATION_FORMAT = "dwarf-with-dsym";
				GCC_THUMB_SUPPORT = NO;
				GCC_VERSION = com.apple.compilers.llvm.clang.1_0;
				PRODUCT_NAME = Makefile;
				ZERO_LINK = NO;
			};
			name = "Release-OSX";
		};
		DA67FE5C14E4834300DB7CC9 /* Release-OSX */ = {
			isa = XCBuildConfiguration;
			buildSettings = {
				COMBINE_HIDPI_IMAGES = YES;
			};
			name = "Release-OSX";
		};
		DABD3E8E1711E7D700CF925C /* Release-OSX */ = {
			isa = XCBuildConfiguration;
			buildSettings = {
				COMBINE_HIDPI_IMAGES = YES;
			};
			name = "Release-OSX";
		};
		DABD3EA81711E7E100CF925C /* Release-OSX */ = {
			isa = XCBuildConfiguration;
			buildSettings = {
				COMBINE_HIDPI_IMAGES = YES;
			};
			name = "Release-OSX";
		};
		DAE52B0E1A26E82F00741CCE /* Release-OSX */ = {
			isa = XCBuildConfiguration;
			buildSettings = {
				COMBINE_HIDPI_IMAGES = YES;
			};
			name = "Release-OSX";
		};
		DAE52B0F1A26E82F00741CCE /* Release-iOS */ = {
			isa = XCBuildConfiguration;
			buildSettings = {
				COMBINE_HIDPI_IMAGES = YES;
			};
			name = "Release-iOS";
		};
		DAFFC60617ED4298007BB020 /* Release-iOS */ = {
			isa = XCBuildConfiguration;
			buildSettings = {
				ALWAYS_SEARCH_USER_PATHS = NO;
				ARCHS = "$(ARCHS_STANDARD)";
				COPY_PHASE_STRIP = NO;
				DEAD_CODE_STRIPPING = YES;
				GCC_C_LANGUAGE_STANDARD = c99;
				GCC_DYNAMIC_NO_PIC = NO;
				GCC_FAST_MATH = YES;
				GCC_GENERATE_DEBUGGING_SYMBOLS = NO;
				GCC_MODEL_TUNING = G5;
				GCC_OPTIMIZATION_LEVEL = fast;
				GCC_THUMB_SUPPORT = NO;
				GCC_UNROLL_LOOPS = YES;
				GCC_VERSION = "";
				GCC_WARN_ABOUT_RETURN_TYPE = YES;
				GCC_WARN_INHIBIT_ALL_WARNINGS = YES;
				HEADER_SEARCH_PATHS = "$(SRCROOT)/../../../include/**";
				IPHONEOS_DEPLOYMENT_TARGET = 6.0;
				LD_NO_PIE = NO;
				LLVM_VECTORIZE_LOOPS = YES;
				OTHER_CFLAGS = "-DHAVE_CONFIG_H";
				PRODUCT_NAME = "$(TARGET_NAME)";
				PUBLIC_HEADERS_FOLDER_PATH = include;
				SDKROOT = iphoneos;
				SKIP_INSTALL = YES;
			};
			name = "Release-iOS";
		};
		DAFFC60717ED4298007BB020 /* Release-iOS */ = {
			isa = XCBuildConfiguration;
			buildSettings = {
				COPY_PHASE_STRIP = YES;
				DEBUG_INFORMATION_FORMAT = "dwarf-with-dsym";
				GCC_THUMB_SUPPORT = NO;
				GCC_VERSION = com.apple.compilers.llvm.clang.1_0;
				PRODUCT_NAME = Makefile;
				ZERO_LINK = NO;
			};
			name = "Release-iOS";
		};
		DAFFC60817ED4298007BB020 /* Release-iOS */ = {
			isa = XCBuildConfiguration;
			buildSettings = {
				COMBINE_HIDPI_IMAGES = YES;
			};
			name = "Release-iOS";
		};
		DAFFC60917ED4298007BB020 /* Release-iOS */ = {
			isa = XCBuildConfiguration;
			buildSettings = {
				COMBINE_HIDPI_IMAGES = YES;
			};
			name = "Release-iOS";
		};
		DAFFC60A17ED4298007BB020 /* Release-iOS */ = {
			isa = XCBuildConfiguration;
			buildSettings = {
				COMBINE_HIDPI_IMAGES = YES;
			};
			name = "Release-iOS";
		};
		DAFFC60C17ED4298007BB020 /* Release-iOS */ = {
			isa = XCBuildConfiguration;
			buildSettings = {
				COMBINE_HIDPI_IMAGES = YES;
			};
			name = "Release-iOS";
		};
		DAFFC60D17ED4298007BB020 /* Release-iOS */ = {
			isa = XCBuildConfiguration;
			buildSettings = {
				COMBINE_HIDPI_IMAGES = YES;
			};
			name = "Release-iOS";
		};
/* End XCBuildConfiguration section */

/* Begin XCConfigurationList section */
		1DEB921E08733DC00010E9CD /* Build configuration list for PBXNativeTarget "scryptenc" */ = {
			isa = XCConfigurationList;
			buildConfigurations = (
				1DEB922008733DC00010E9CD /* Release-OSX */,
				DAFFC60817ED4298007BB020 /* Release-iOS */,
			);
			defaultConfigurationIsVisible = 0;
			defaultConfigurationName = "Release-OSX";
		};
		1DEB922208733DC00010E9CD /* Build configuration list for PBXProject "scrypt" */ = {
			isa = XCConfigurationList;
			buildConfigurations = (
				1DEB922408733DC00010E9CD /* Release-OSX */,
				DAFFC60617ED4298007BB020 /* Release-iOS */,
			);
			defaultConfigurationIsVisible = 0;
			defaultConfigurationName = "Release-OSX";
		};
		A0511C57127770FD00DE46C4 /* Build configuration list for PBXNativeTarget "scryptcrypto" */ = {
			isa = XCConfigurationList;
			buildConfigurations = (
				A0511C59127770FD00DE46C4 /* Release-OSX */,
				DAFFC60917ED4298007BB020 /* Release-iOS */,
			);
			defaultConfigurationIsVisible = 0;
			defaultConfigurationName = "Release-OSX";
		};
		A0511DF61277891C00DE46C4 /* Build configuration list for PBXLegacyTarget "Makefile-scrypt" */ = {
			isa = XCConfigurationList;
			buildConfigurations = (
				A0511DEF127788ED00DE46C4 /* Release-OSX */,
				DAFFC60717ED4298007BB020 /* Release-iOS */,
			);
			defaultConfigurationIsVisible = 0;
			defaultConfigurationName = "Release-OSX";
		};
		DA67FE5A14E4834300DB7CC9 /* Build configuration list for PBXNativeTarget "util" */ = {
			isa = XCConfigurationList;
			buildConfigurations = (
				DA67FE5C14E4834300DB7CC9 /* Release-OSX */,
				DAFFC60A17ED4298007BB020 /* Release-iOS */,
			);
			defaultConfigurationIsVisible = 0;
			defaultConfigurationName = "Release-OSX";
		};
		DABD3E981711E7D700CF925C /* Build configuration list for PBXNativeTarget "scrypt-bin-ios" */ = {
			isa = XCConfigurationList;
			buildConfigurations = (
				DABD3E8E1711E7D700CF925C /* Release-OSX */,
				DAFFC60C17ED4298007BB020 /* Release-iOS */,
			);
			defaultConfigurationIsVisible = 0;
			defaultConfigurationName = "Release-OSX";
		};
		DABD3EA61711E7E100CF925C /* Build configuration list for PBXNativeTarget "scrypt-bin-osx" */ = {
			isa = XCConfigurationList;
			buildConfigurations = (
				DABD3EA81711E7E100CF925C /* Release-OSX */,
				DAFFC60D17ED4298007BB020 /* Release-iOS */,
			);
			defaultConfigurationIsVisible = 0;
			defaultConfigurationName = "Release-OSX";
		};
		DAE52B0D1A26E82F00741CCE /* Build configuration list for PBXNativeTarget "libcperciva" */ = {
			isa = XCConfigurationList;
			buildConfigurations = (
				DAE52B0E1A26E82F00741CCE /* Release-OSX */,
				DAE52B0F1A26E82F00741CCE /* Release-iOS */,
			);
			defaultConfigurationIsVisible = 0;
			defaultConfigurationName = "Release-OSX";
		};
/* End XCConfigurationList section */
	};
	rootObject = 0867D690FE84028FC02AAC07 /* Project object */;
}
